PODS:
  - CocoaAsyncSocket (7.6.4)
  - CocoaLumberjack (3.6.1):
    - CocoaLumberjack/Core (= 3.6.1)
  - CocoaLumberjack/Core (3.6.1)
  - CocoaLumberjack/Swift (3.6.1):
    - CocoaLumberjack/Core
  - Firebase/CoreOnly (6.24.0):
    - FirebaseCore (= 6.7.0)
  - Firebase/Crashlytics (6.24.0):
    - Firebase/CoreOnly
    - FirebaseCrashlytics (~> 4.1.0)
  - FirebaseAnalyticsInterop (1.5.0)
  - FirebaseCore (6.7.0):
    - FirebaseCoreDiagnostics (~> 1.3)
    - FirebaseCoreDiagnosticsInterop (~> 1.2)
    - GoogleUtilities/Environment (~> 6.5)
    - GoogleUtilities/Logger (~> 6.5)
  - FirebaseCoreDiagnostics (1.3.0):
    - FirebaseCoreDiagnosticsInterop (~> 1.2)
    - GoogleDataTransportCCTSupport (~> 3.1)
    - GoogleUtilities/Environment (~> 6.5)
    - GoogleUtilities/Logger (~> 6.5)
    - nanopb (~> 1.30905.0)
  - FirebaseCoreDiagnosticsInterop (1.2.0)
  - FirebaseCrashlytics (4.1.0):
    - FirebaseAnalyticsInterop (~> 1.2)
    - FirebaseCore (~> 6.6)
    - FirebaseInstallations (~> 1.1)
    - GoogleDataTransport (~> 6.1)
    - GoogleDataTransportCCTSupport (~> 3.1)
    - nanopb (~> 1.30905.0)
    - PromisesObjC (~> 1.2)
  - FirebaseInstallations (1.2.0):
    - FirebaseCore (~> 6.6)
    - GoogleUtilities/Environment (~> 6.6)
    - GoogleUtilities/UserDefaults (~> 6.6)
    - PromisesObjC (~> 1.2)
  - GoogleDataTransport (6.1.0)
  - GoogleDataTransportCCTSupport (3.1.0):
    - GoogleDataTransport (~> 6.1)
    - nanopb (~> 1.30905.0)
  - GoogleUtilities/Environment (6.6.0):
    - PromisesObjC (~> 1.2)
  - GoogleUtilities/Logger (6.6.0):
    - GoogleUtilities/Environment
  - GoogleUtilities/UserDefaults (6.6.0):
    - GoogleUtilities/Logger
  - KissXML (5.3.1):
    - KissXML/All (= 5.3.1)
  - KissXML/Additions (5.3.1):
    - KissXML/Core
  - KissXML/All (5.3.1):
    - KissXML/Additions
    - KissXML/Core
  - KissXML/Core (5.3.1)
  - libidn (1.35)
  - nanopb (1.30905.0):
    - nanopb/decode (= 1.30905.0)
    - nanopb/encode (= 1.30905.0)
  - nanopb/decode (1.30905.0)
  - nanopb/encode (1.30905.0)
  - NextLevelSessionExporter (0.4.5)
  - PromisesObjC (1.2.8)
  - PryntTrimmerView (4.0.0)
  - SteviaLayout (4.7.3)
  - XMPPFramework/default (4.0.1):
    - CocoaAsyncSocket (~> 7.6)
    - CocoaLumberjack
    - KissXML (~> 5.2)
    - libidn (~> 1.35)
  - XMPPFramework/Swift (4.0.1):
    - CocoaLumberjack/Swift
    - XMPPFramework/default
  - YPImagePicker (4.2.6):
    - PryntTrimmerView (~> 4.0.0)
    - SteviaLayout (~> 4.7.3)

DEPENDENCIES:
  - Firebase/Crashlytics
  - NextLevelSessionExporter (>= 0.4.5)
  - "XMPPFramework/Swift (from `git@github.com:HalloAppInc/XMPPFramework.git`)"
  - "YPImagePicker (from `git@github.com:HalloAppInc/YPImagePicker.git`, tag `4.2.6`)"

SPEC REPOS:
  trunk:
    - CocoaAsyncSocket
    - CocoaLumberjack
    - Firebase
    - FirebaseAnalyticsInterop
    - FirebaseCore
    - FirebaseCoreDiagnostics
    - FirebaseCoreDiagnosticsInterop
    - FirebaseCrashlytics
    - FirebaseInstallations
    - GoogleDataTransport
    - GoogleDataTransportCCTSupport
    - GoogleUtilities
    - KissXML
    - libidn
    - nanopb
    - NextLevelSessionExporter
    - PromisesObjC
    - PryntTrimmerView
    - SteviaLayout

EXTERNAL SOURCES:
  XMPPFramework:
    :git: "git@github.com:HalloAppInc/XMPPFramework.git"
  YPImagePicker:
    :git: "git@github.com:HalloAppInc/YPImagePicker.git"
    :tag: 4.2.6

CHECKOUT OPTIONS:
  XMPPFramework:
    :commit: e6bd99d2c2c284a6c8cf313534138f89f7e8ec9f
    :git: "git@github.com:HalloAppInc/XMPPFramework.git"
  YPImagePicker:
    :git: "git@github.com:HalloAppInc/YPImagePicker.git"
    :tag: 4.2.6

SPEC CHECKSUMS:
  CocoaAsyncSocket: 694058e7c0ed05a9e217d1b3c7ded962f4180845
  CocoaLumberjack: b17ae15142558d08bbacf69775fa10c4abbebcc9
  Firebase: b28e55c60efd98963cd9011fe2fac5a10c2ba124
  FirebaseAnalyticsInterop: 3f86269c38ae41f47afeb43ebf32a001f58fcdae
  FirebaseCore: e610482f64097b0e9f056cd97bc6b33dfabcbb6a
  FirebaseCoreDiagnostics: 4a773a47bd83bbd5a9b1ccf1ce7caa8b2d535e67
  FirebaseCoreDiagnosticsInterop: 296e2c5f5314500a850ad0b83e9e7c10b011a850
  FirebaseCrashlytics: fff345f16a07f0b23cb342d8de5a42cec6de3492
  FirebaseInstallations: 2119fb3e46b0a88bfdbf12562f855ee3252462fa
  GoogleDataTransport: f6f8eba931df03ebd2232ff4645aa85f8f47b5ab
  GoogleDataTransportCCTSupport: d70a561f7d236af529fee598835caad5e25f6d3d
  GoogleUtilities: 39530bc0ad980530298e9c4af8549e991fd033b1
  KissXML: 5c8e0f2e8b9f071d3e1ae123dec3eb5da615c10c
  libidn: e4576a956b797c584c77aaedfc6e3dd639b61bdc
  nanopb: c43f40fadfe79e8b8db116583945847910cbabc9
  NextLevelSessionExporter: 9abd19742084fc9563f644b21e0f994339338d4e
  PromisesObjC: c119f3cd559f50b7ae681fa59dc1acd19173b7e6
  PryntTrimmerView: 67e67573ffd4c073f1308effa66aefd0cfa667a0
  SteviaLayout: c2ecdcff57d44e38fd2f65e54ad52aeae28ca0c4
  XMPPFramework: 759900cc7eb3c22036d622da72f66a05ae7b6948
  YPImagePicker: bf0f1f30d4d7542b4c7b1ff6a5eabf7eec228da0

PODFILE CHECKSUM: 7138565e9fe4123bb7c8a121562ff118dc990398

COCOAPODS: 1.8.4
