PODS:
  - Sodium (0.8.0)

DEPENDENCIES:
  - "Sodium (from `git@github.com:HalloAppInc/swift-sodium.git`)"

EXTERNAL SOURCES:
  Sodium:
    :git: "git@github.com:HalloAppInc/swift-sodium.git"

CHECKOUT OPTIONS:
  Sodium:
    :commit: e8997517e65ab4ec2766869977cd1bb7f666e905
    :git: "git@github.com:HalloAppInc/swift-sodium.git"

SPEC CHECKSUMS:
  Sodium: 9ab4cdb17a88b6de0d3e33832b06a664c8d3232c

PODFILE CHECKSUM: 0044be56ef4db29acd1f595594b1ef907b27d4b5

COCOAPODS: 1.10.1
