PODS:
  - Alamofire (4.9.1)
  - CocoaAsyncSocket (7.6.4)
  - CocoaLumberjack (3.6.1):
    - CocoaLumberjack/Core (= 3.6.1)
  - CocoaLumberjack/Core (3.6.1)
  - CocoaLumberjack/Swift (3.6.1):
    - CocoaLumberjack/Core
  - CryptoSwift (1.3.0)
  - KissXML (5.3.1):
    - KissXML/All (= 5.3.1)
  - KissXML/Additions (5.3.1):
    - KissXML/Core
  - KissXML/All (5.3.1):
    - KissXML/Additions
    - KissXML/Core
  - KissXML/Core (5.3.1)
  - libidn (1.35)
  - NextLevelSessionExporter (0.4.5)
  - PryntTrimmerView (4.0.0)
  - SteviaLayout (4.7.3)
  - XMPPFramework/default (4.0.1):
    - CocoaAsyncSocket (~> 7.6)
    - CocoaLumberjack
    - KissXML (~> 5.2)
    - libidn (~> 1.35)
  - XMPPFramework/Swift (4.0.1):
    - CocoaLumberjack/Swift
    - XMPPFramework/default
  - YPImagePicker (4.2.0):
    - PryntTrimmerView (~> 4.0.0)
    - SteviaLayout (~> 4.7.3)
  - Zip (1.1.0)

DEPENDENCIES:
  - Alamofire
  - CryptoSwift (~> 1.0)
  - NextLevelSessionExporter (~> 0.4.5)
  - "XMPPFramework/Swift (from `git@github.com:HalloAppInc/XMPPFramework.git`)"
  - YPImagePicker (~> 4.2.0)
  - Zip (~> 1.1)

SPEC REPOS:
  trunk:
    - Alamofire
    - CocoaAsyncSocket
    - CocoaLumberjack
    - CryptoSwift
    - KissXML
    - libidn
    - NextLevelSessionExporter
    - PryntTrimmerView
    - SteviaLayout
    - YPImagePicker
    - Zip

EXTERNAL SOURCES:
  XMPPFramework:
    :git: "git@github.com:HalloAppInc/XMPPFramework.git"

CHECKOUT OPTIONS:
  XMPPFramework:
    :commit: e6bd99d2c2c284a6c8cf313534138f89f7e8ec9f
    :git: "git@github.com:HalloAppInc/XMPPFramework.git"

SPEC CHECKSUMS:
  Alamofire: 85e8a02c69d6020a0d734f6054870d7ecb75cf18
  CocoaAsyncSocket: 694058e7c0ed05a9e217d1b3c7ded962f4180845
  CocoaLumberjack: b17ae15142558d08bbacf69775fa10c4abbebcc9
  CryptoSwift: 1283821600233bdbeb96d7b389c3288c3bf77211
  KissXML: 5c8e0f2e8b9f071d3e1ae123dec3eb5da615c10c
  libidn: e4576a956b797c584c77aaedfc6e3dd639b61bdc
  NextLevelSessionExporter: 9abd19742084fc9563f644b21e0f994339338d4e
  PryntTrimmerView: 67e67573ffd4c073f1308effa66aefd0cfa667a0
  SteviaLayout: c2ecdcff57d44e38fd2f65e54ad52aeae28ca0c4
  XMPPFramework: 759900cc7eb3c22036d622da72f66a05ae7b6948
  YPImagePicker: accf310f9526641a84372c0ecf943547d9b1e52c
  Zip: 8877eede3dda76bcac281225c20e71c25270774c

PODFILE CHECKSUM: 4c0867e724381001fbefd9290f3b2d80642b2fe7

COCOAPODS: 1.8.4
