// !$*UTF8*$!
{
	archiveVersion = 1;
	classes = {
	};
	objectVersion = 51;
	objects = {

/* Begin PBXBuildFile section */
		146B93742405F35000768AC6 /* GothamBook.ttf in Resources */ = {isa = PBXBuildFile; fileRef = 146B93732405F35000768AC6 /* GothamBook.ttf */; };
		146B93772405F3AE00768AC6 /* GothamMedium.ttf in Resources */ = {isa = PBXBuildFile; fileRef = 146B93762405F3AE00768AC6 /* GothamMedium.ttf */; };
		146B93792405F40500768AC6 /* FontExtension.swift in Sources */ = {isa = PBXBuildFile; fileRef = 146B93782405F40500768AC6 /* FontExtension.swift */; };
		29B91BFAD5E7C9E96185289E /* Pods_Halloapp.framework in Frameworks */ = {isa = PBXBuildFile; fileRef = 36D7F64DDE0D1B8005494465 /* Pods_Halloapp.framework */; };
		765668CF240DCF7200214077 /* MainView.swift in Sources */ = {isa = PBXBuildFile; fileRef = 765668CE240DCF7100214077 /* MainView.swift */; };
		765668D1240DE02400214077 /* BottomBarView.swift in Sources */ = {isa = PBXBuildFile; fileRef = 765668D0240DE02400214077 /* BottomBarView.swift */; };
		76D0C07E240F3CD60061B90E /* CommentsCollectionView.swift in Sources */ = {isa = PBXBuildFile; fileRef = 76D0C07D240F3CD60061B90E /* CommentsCollectionView.swift */; };
		76D0C080240F40DF0061B90E /* MessagesView.swift in Sources */ = {isa = PBXBuildFile; fileRef = 76D0C07F240F40DF0061B90E /* MessagesView.swift */; };
		76DF9FED24122EF900F49CA4 /* Feed.xcdatamodeld in Sources */ = {isa = PBXBuildFile; fileRef = 76DF9FEB24122EF900F49CA4 /* Feed.xcdatamodeld */; };
		76DF9FF02412A4E800F49CA4 /* Contacts.xcdatamodeld in Sources */ = {isa = PBXBuildFile; fileRef = 76DF9FEE2412A4E800F49CA4 /* Contacts.xcdatamodeld */; };
		76DF9FF62412E6E700F49CA4 /* ContactStore.swift in Sources */ = {isa = PBXBuildFile; fileRef = 76DF9FF52412E6E700F49CA4 /* ContactStore.swift */; };
		76DF9FF924132C1600F49CA4 /* AppContext.swift in Sources */ = {isa = PBXBuildFile; fileRef = 76DF9FF824132C1600F49CA4 /* AppContext.swift */; };
		76DF9FFB2416ADF900F49CA4 /* String.swift in Sources */ = {isa = PBXBuildFile; fileRef = 76DF9FFA2416ADF900F49CA4 /* String.swift */; };
		76ECDC162409DD7700BB48AC /* FeedView.swift in Sources */ = {isa = PBXBuildFile; fileRef = 76ECDC152409DD7700BB48AC /* FeedView.swift */; };
		EA0C315723EB97C800016EDB /* PostComposerView.swift in Sources */ = {isa = PBXBuildFile; fileRef = EA0C315623EB97C800016EDB /* PostComposerView.swift */; };
		EA0D20072363AC4D008B8289 /* Landing.swift in Sources */ = {isa = PBXBuildFile; fileRef = EA0D20062363AC4D008B8289 /* Landing.swift */; };
		EA0D20092363AD74008B8289 /* AuthRouter.swift in Sources */ = {isa = PBXBuildFile; fileRef = EA0D20082363AD74008B8289 /* AuthRouter.swift */; };
		EA0D20112363E38E008B8289 /* HomeInit.swift in Sources */ = {isa = PBXBuildFile; fileRef = EA0D20102363E38E008B8289 /* HomeInit.swift */; };
		EA0D20152368B04B008B8289 /* FeedData.swift in Sources */ = {isa = PBXBuildFile; fileRef = EA0D20142368B04B008B8289 /* FeedData.swift */; };
		EA0E64CB234BF4BC006A22EB /* XMPPController.swift in Sources */ = {isa = PBXBuildFile; fileRef = EA0E64CA234BF4BC006A22EB /* XMPPController.swift */; };
		EA17C39923ECAEDB00727413 /* PendingCore.swift in Sources */ = {isa = PBXBuildFile; fileRef = EA17C39823ECAEDB00727413 /* PendingCore.swift */; };
		EA17C39B23ED39E600727413 /* FeedCollectionView.swift in Sources */ = {isa = PBXBuildFile; fileRef = EA17C39A23ED39E600727413 /* FeedCollectionView.swift */; };
		EA1B4450238CE9CB0044D14C /* LoadingTimer.swift in Sources */ = {isa = PBXBuildFile; fileRef = EA1B444F238CE9CB0044D14C /* LoadingTimer.swift */; };
		EA1B517823A877D400460662 /* FeedRouterData.swift in Sources */ = {isa = PBXBuildFile; fileRef = EA1B517723A877D200460662 /* FeedRouterData.swift */; };
		EA2E4A5F23A4252A009A2ABD /* CommentsView.swift in Sources */ = {isa = PBXBuildFile; fileRef = EA2E4A5E23A42529009A2ABD /* CommentsView.swift */; };
		EA3861ED23342C7C00705943 /* Login.swift in Sources */ = {isa = PBXBuildFile; fileRef = EA3861EC23342C7C00705943 /* Login.swift */; };
		EA454B64234E769F002B960D /* ProfileView.swift in Sources */ = {isa = PBXBuildFile; fileRef = EA454B63234E769F002B960D /* ProfileView.swift */; };
		EA45712723EB79DB008C2E44 /* CoreDataManager.swift in Sources */ = {isa = PBXBuildFile; fileRef = EA45712623EB79DB008C2E44 /* CoreDataManager.swift */; };
		EA45712923EB7CFA008C2E44 /* ContactsCD.swift in Sources */ = {isa = PBXBuildFile; fileRef = EA45712823EB7CFA008C2E44 /* ContactsCD.swift */; };
		EA45712B23EB7D51008C2E44 /* FeedComment.swift in Sources */ = {isa = PBXBuildFile; fileRef = EA45712A23EB7D51008C2E44 /* FeedComment.swift */; };
		EA45712D23EB7D7E008C2E44 /* FeedCommentCore.swift in Sources */ = {isa = PBXBuildFile; fileRef = EA45712C23EB7D7E008C2E44 /* FeedCommentCore.swift */; };
		EA45712F23EB7D94008C2E44 /* FeedDataItem.swift in Sources */ = {isa = PBXBuildFile; fileRef = EA45712E23EB7D94008C2E44 /* FeedDataItem.swift */; };
		EA45713123EB7DA3008C2E44 /* FeedItemCore.swift in Sources */ = {isa = PBXBuildFile; fileRef = EA45713023EB7DA3008C2E44 /* FeedItemCore.swift */; };
		EA45713323EB7DB3008C2E44 /* FeedMedia.swift in Sources */ = {isa = PBXBuildFile; fileRef = EA45713223EB7DB3008C2E44 /* FeedMedia.swift */; };
		EA45713523EB7DBE008C2E44 /* FeedMediaCore.swift in Sources */ = {isa = PBXBuildFile; fileRef = EA45713423EB7DBE008C2E44 /* FeedMediaCore.swift */; };
		EA45713723EB7DF5008C2E44 /* UserCore.swift in Sources */ = {isa = PBXBuildFile; fileRef = EA45713623EB7DF5008C2E44 /* UserCore.swift */; };
		EA45713923EB7EC8008C2E44 /* MediaCell.swift in Sources */ = {isa = PBXBuildFile; fileRef = EA45713823EB7EC8008C2E44 /* MediaCell.swift */; };
		EA45713B23EB7EDE008C2E44 /* PinchZoomView.swift in Sources */ = {isa = PBXBuildFile; fileRef = EA45713A23EB7EDE008C2E44 /* PinchZoomView.swift */; };
		EA45713D23EB7F47008C2E44 /* MediaSlider.swift in Sources */ = {isa = PBXBuildFile; fileRef = EA45713C23EB7F47008C2E44 /* MediaSlider.swift */; };
		EA45713F23EB7F76008C2E44 /* WMediaSlider.swift in Sources */ = {isa = PBXBuildFile; fileRef = EA45713E23EB7F76008C2E44 /* WMediaSlider.swift */; };
		EA4AAEA023C7B77000D7EB15 /* ImageServer.swift in Sources */ = {isa = PBXBuildFile; fileRef = EA4AAE9F23C7B77000D7EB15 /* ImageServer.swift */; };
		EA53556923CCF0CD001DF10F /* KeyboardResponder.swift in Sources */ = {isa = PBXBuildFile; fileRef = EA53556823CCF0CD001DF10F /* KeyboardResponder.swift */; };
		EA56404E233D373800E68A7E /* Verification.swift in Sources */ = {isa = PBXBuildFile; fileRef = EA56404D233D373800E68A7E /* Verification.swift */; };
		EA5B9FC5237CF2B300184F76 /* CameraPickerView.swift in Sources */ = {isa = PBXBuildFile; fileRef = EA5B9FC4237CF2B300184F76 /* CameraPickerView.swift */; };
		EA6057B9239885E3005DED66 /* ActivityIndicator.swift in Sources */ = {isa = PBXBuildFile; fileRef = EA6057B8239885E3005DED66 /* ActivityIndicator.swift */; };
		EA6057BB239AD26D005DED66 /* MetaData.swift in Sources */ = {isa = PBXBuildFile; fileRef = EA6057BA239AD26D005DED66 /* MetaData.swift */; };
		EA72F2122335A0A3008B696F /* UserData.swift in Sources */ = {isa = PBXBuildFile; fileRef = EA72F2112335A0A3008B696F /* UserData.swift */; };
		EA80ADFB235A8325002F7680 /* Utils.swift in Sources */ = {isa = PBXBuildFile; fileRef = EA80ADFA235A8325002F7680 /* Utils.swift */; };
		EA8D4721233C25B8006E2BA5 /* Verify.swift in Sources */ = {isa = PBXBuildFile; fileRef = EA8D4720233C25B8006E2BA5 /* Verify.swift */; };
		EAA6DEBE2381344800C6D9C8 /* Blur.swift in Sources */ = {isa = PBXBuildFile; fileRef = EAA6DEBD2381344800C6D9C8 /* Blur.swift */; };
		EAA6DEC02381D7DD00C6D9C8 /* Notifications.swift in Sources */ = {isa = PBXBuildFile; fileRef = EAA6DEBF2381D7DD00C6D9C8 /* Notifications.swift */; };
		EAA6DEC42383A4E800C6D9C8 /* TextView.swift in Sources */ = {isa = PBXBuildFile; fileRef = EAA6DEC32383A4E800C6D9C8 /* TextView.swift */; };
		EAA6DEC62383AD8400C6D9C8 /* MessageUser.swift in Sources */ = {isa = PBXBuildFile; fileRef = EAA6DEC52383AD8400C6D9C8 /* MessageUser.swift */; };
		EAB03B7B2400517500643EB6 /* MailView.swift in Sources */ = {isa = PBXBuildFile; fileRef = EAB03B7A2400517500643EB6 /* MailView.swift */; };
		EAB03B7D2400518D00643EB6 /* Player.swift in Sources */ = {isa = PBXBuildFile; fileRef = EAB03B7C2400518D00643EB6 /* Player.swift */; };
		EAB03B7F2400519400643EB6 /* WAVPlayer.swift in Sources */ = {isa = PBXBuildFile; fileRef = EAB03B7E2400519400643EB6 /* WAVPlayer.swift */; };
		EABF312623EE1F240039B5A6 /* Array.swift in Sources */ = {isa = PBXBuildFile; fileRef = EABF312523EE1F240039B5A6 /* Array.swift */; };
		EABF312923EE1FC20039B5A6 /* Digest.swift in Sources */ = {isa = PBXBuildFile; fileRef = EABF312823EE1FC20039B5A6 /* Digest.swift */; };
		EABF312B23EE20E10039B5A6 /* UIImage.swift in Sources */ = {isa = PBXBuildFile; fileRef = EABF312A23EE20E10039B5A6 /* UIImage.swift */; };
		EABF312D23EE89A80039B5A6 /* ContactXP.swift in Sources */ = {isa = PBXBuildFile; fileRef = EABF312C23EE89A80039B5A6 /* ContactXP.swift */; };
		EABF313123F229350039B5A6 /* HAC.swift in Sources */ = {isa = PBXBuildFile; fileRef = EABF313023F229350039B5A6 /* HAC.swift */; };
		EAC4AF23233E8DAB00739B2B /* ImageLoader.swift in Sources */ = {isa = PBXBuildFile; fileRef = EAC4AF22233E8DAB00739B2B /* ImageLoader.swift */; };
		EAC7E8F92385A6B700F5E711 /* Settings.swift in Sources */ = {isa = PBXBuildFile; fileRef = EAC7E8F82385A6B700F5E711 /* Settings.swift */; };
		EAE6152F23970FDC00BB4552 /* Halloapp.xcdatamodeld in Sources */ = {isa = PBXBuildFile; fileRef = EAE6152D23970FDC00BB4552 /* Halloapp.xcdatamodeld */; };
		EAE721332351394D0003D5C7 /* Contacts.swift in Sources */ = {isa = PBXBuildFile; fileRef = EAE721322351394D0003D5C7 /* Contacts.swift */; };
		EAF3A1C32334191E00805FF9 /* AppDelegate.swift in Sources */ = {isa = PBXBuildFile; fileRef = EAF3A1C22334191E00805FF9 /* AppDelegate.swift */; };
		EAF3A1C52334191E00805FF9 /* SceneDelegate.swift in Sources */ = {isa = PBXBuildFile; fileRef = EAF3A1C42334191E00805FF9 /* SceneDelegate.swift */; };
		EAF3A1C92334192000805FF9 /* Assets.xcassets in Resources */ = {isa = PBXBuildFile; fileRef = EAF3A1C82334192000805FF9 /* Assets.xcassets */; };
		EAF3A1CC2334192000805FF9 /* Preview Assets.xcassets in Resources */ = {isa = PBXBuildFile; fileRef = EAF3A1CB2334192000805FF9 /* Preview Assets.xcassets */; };
		EAF3A1CF2334192000805FF9 /* LaunchScreen.storyboard in Resources */ = {isa = PBXBuildFile; fileRef = EAF3A1CD2334192000805FF9 /* LaunchScreen.storyboard */; };
		EAF3A1DA2334192000805FF9 /* HalloappTests.swift in Sources */ = {isa = PBXBuildFile; fileRef = EAF3A1D92334192000805FF9 /* HalloappTests.swift */; };
		EAF3A1E52334192000805FF9 /* HalloappUITests.swift in Sources */ = {isa = PBXBuildFile; fileRef = EAF3A1E42334192000805FF9 /* HalloappUITests.swift */; };
		EAF4F736237DEC2C006885F0 /* YPPicker.swift in Sources */ = {isa = PBXBuildFile; fileRef = EAF4F735237DEC2C006885F0 /* YPPicker.swift */; };
		EAFA65D723ABF3AB004C36F7 /* WUITextField.swift in Sources */ = {isa = PBXBuildFile; fileRef = EAFA65D623ABF3AB004C36F7 /* WUITextField.swift */; };
		EAFA65DA23AC245B004C36F7 /* WUITableView.swift in Sources */ = {isa = PBXBuildFile; fileRef = EAFA65D923AC245B004C36F7 /* WUITableView.swift */; };
/* End PBXBuildFile section */

/* Begin PBXContainerItemProxy section */
		EAF3A1D62334192000805FF9 /* PBXContainerItemProxy */ = {
			isa = PBXContainerItemProxy;
			containerPortal = EAF3A1B72334191E00805FF9 /* Project object */;
			proxyType = 1;
			remoteGlobalIDString = EAF3A1BE2334191E00805FF9;
			remoteInfo = Halloapp;
		};
		EAF3A1E12334192000805FF9 /* PBXContainerItemProxy */ = {
			isa = PBXContainerItemProxy;
			containerPortal = EAF3A1B72334191E00805FF9 /* Project object */;
			proxyType = 1;
			remoteGlobalIDString = EAF3A1BE2334191E00805FF9;
			remoteInfo = Halloapp;
		};
/* End PBXContainerItemProxy section */

/* Begin PBXFileReference section */
		0A10ECAA6E6D27E8228BF638 /* Pods-Halloapp.debug.xcconfig */ = {isa = PBXFileReference; includeInIndex = 1; lastKnownFileType = text.xcconfig; name = "Pods-Halloapp.debug.xcconfig"; path = "Target Support Files/Pods-Halloapp/Pods-Halloapp.debug.xcconfig"; sourceTree = "<group>"; };
		146B93732405F35000768AC6 /* GothamBook.ttf */ = {isa = PBXFileReference; lastKnownFileType = file; path = GothamBook.ttf; sourceTree = "<group>"; };
		146B93762405F3AE00768AC6 /* GothamMedium.ttf */ = {isa = PBXFileReference; lastKnownFileType = file; path = GothamMedium.ttf; sourceTree = "<group>"; };
		146B93782405F40500768AC6 /* FontExtension.swift */ = {isa = PBXFileReference; lastKnownFileType = sourcecode.swift; path = FontExtension.swift; sourceTree = "<group>"; };
		368056ED77A75DB993231195 /* Pods-Halloapp.release.xcconfig */ = {isa = PBXFileReference; includeInIndex = 1; lastKnownFileType = text.xcconfig; name = "Pods-Halloapp.release.xcconfig"; path = "Target Support Files/Pods-Halloapp/Pods-Halloapp.release.xcconfig"; sourceTree = "<group>"; };
		36D7F64DDE0D1B8005494465 /* Pods_Halloapp.framework */ = {isa = PBXFileReference; explicitFileType = wrapper.framework; includeInIndex = 0; path = Pods_Halloapp.framework; sourceTree = BUILT_PRODUCTS_DIR; };
		765668CE240DCF7100214077 /* MainView.swift */ = {isa = PBXFileReference; fileEncoding = 4; lastKnownFileType = sourcecode.swift; path = MainView.swift; sourceTree = "<group>"; };
		765668D0240DE02400214077 /* BottomBarView.swift */ = {isa = PBXFileReference; lastKnownFileType = sourcecode.swift; path = BottomBarView.swift; sourceTree = "<group>"; };
		76D0C07D240F3CD60061B90E /* CommentsCollectionView.swift */ = {isa = PBXFileReference; fileEncoding = 4; lastKnownFileType = sourcecode.swift; path = CommentsCollectionView.swift; sourceTree = "<group>"; };
		76D0C07F240F40DF0061B90E /* MessagesView.swift */ = {isa = PBXFileReference; fileEncoding = 4; lastKnownFileType = sourcecode.swift; path = MessagesView.swift; sourceTree = "<group>"; };
		76DF9FEC24122EF900F49CA4 /* Feed.xcdatamodel */ = {isa = PBXFileReference; lastKnownFileType = wrapper.xcdatamodel; path = Feed.xcdatamodel; sourceTree = "<group>"; };
		76DF9FEF2412A4E800F49CA4 /* Contacts.xcdatamodel */ = {isa = PBXFileReference; lastKnownFileType = wrapper.xcdatamodel; path = Contacts.xcdatamodel; sourceTree = "<group>"; };
		76DF9FF52412E6E700F49CA4 /* ContactStore.swift */ = {isa = PBXFileReference; lastKnownFileType = sourcecode.swift; path = ContactStore.swift; sourceTree = "<group>"; };
		76DF9FF824132C1600F49CA4 /* AppContext.swift */ = {isa = PBXFileReference; lastKnownFileType = sourcecode.swift; path = AppContext.swift; sourceTree = "<group>"; };
		76DF9FFA2416ADF900F49CA4 /* String.swift */ = {isa = PBXFileReference; lastKnownFileType = sourcecode.swift; path = String.swift; sourceTree = "<group>"; };
		76ECDC152409DD7700BB48AC /* FeedView.swift */ = {isa = PBXFileReference; lastKnownFileType = sourcecode.swift; path = FeedView.swift; sourceTree = "<group>"; };
		EA0C315623EB97C800016EDB /* PostComposerView.swift */ = {isa = PBXFileReference; lastKnownFileType = sourcecode.swift; path = PostComposerView.swift; sourceTree = "<group>"; };
		EA0D20062363AC4D008B8289 /* Landing.swift */ = {isa = PBXFileReference; lastKnownFileType = sourcecode.swift; path = Landing.swift; sourceTree = "<group>"; };
		EA0D20082363AD74008B8289 /* AuthRouter.swift */ = {isa = PBXFileReference; lastKnownFileType = sourcecode.swift; path = AuthRouter.swift; sourceTree = "<group>"; };
		EA0D20102363E38E008B8289 /* HomeInit.swift */ = {isa = PBXFileReference; lastKnownFileType = sourcecode.swift; path = HomeInit.swift; sourceTree = "<group>"; };
		EA0D20142368B04B008B8289 /* FeedData.swift */ = {isa = PBXFileReference; lastKnownFileType = sourcecode.swift; path = FeedData.swift; sourceTree = "<group>"; };
		EA0E64CA234BF4BC006A22EB /* XMPPController.swift */ = {isa = PBXFileReference; lastKnownFileType = sourcecode.swift; path = XMPPController.swift; sourceTree = "<group>"; };
		EA17C39823ECAEDB00727413 /* PendingCore.swift */ = {isa = PBXFileReference; lastKnownFileType = sourcecode.swift; path = PendingCore.swift; sourceTree = "<group>"; };
		EA17C39A23ED39E600727413 /* FeedCollectionView.swift */ = {isa = PBXFileReference; lastKnownFileType = sourcecode.swift; path = FeedCollectionView.swift; sourceTree = "<group>"; };
		EA1B444F238CE9CB0044D14C /* LoadingTimer.swift */ = {isa = PBXFileReference; lastKnownFileType = sourcecode.swift; path = LoadingTimer.swift; sourceTree = "<group>"; };
		EA1B517723A877D200460662 /* FeedRouterData.swift */ = {isa = PBXFileReference; lastKnownFileType = sourcecode.swift; path = FeedRouterData.swift; sourceTree = "<group>"; };
		EA2E4A5E23A42529009A2ABD /* CommentsView.swift */ = {isa = PBXFileReference; lastKnownFileType = sourcecode.swift; path = CommentsView.swift; sourceTree = "<group>"; };
		EA3861EC23342C7C00705943 /* Login.swift */ = {isa = PBXFileReference; lastKnownFileType = sourcecode.swift; path = Login.swift; sourceTree = "<group>"; };
		EA454B63234E769F002B960D /* ProfileView.swift */ = {isa = PBXFileReference; lastKnownFileType = sourcecode.swift; path = ProfileView.swift; sourceTree = "<group>"; };
		EA45712623EB79DB008C2E44 /* CoreDataManager.swift */ = {isa = PBXFileReference; lastKnownFileType = sourcecode.swift; path = CoreDataManager.swift; sourceTree = "<group>"; };
		EA45712823EB7CFA008C2E44 /* ContactsCD.swift */ = {isa = PBXFileReference; lastKnownFileType = sourcecode.swift; path = ContactsCD.swift; sourceTree = "<group>"; };
		EA45712A23EB7D51008C2E44 /* FeedComment.swift */ = {isa = PBXFileReference; lastKnownFileType = sourcecode.swift; path = FeedComment.swift; sourceTree = "<group>"; };
		EA45712C23EB7D7E008C2E44 /* FeedCommentCore.swift */ = {isa = PBXFileReference; lastKnownFileType = sourcecode.swift; path = FeedCommentCore.swift; sourceTree = "<group>"; };
		EA45712E23EB7D94008C2E44 /* FeedDataItem.swift */ = {isa = PBXFileReference; lastKnownFileType = sourcecode.swift; path = FeedDataItem.swift; sourceTree = "<group>"; };
		EA45713023EB7DA3008C2E44 /* FeedItemCore.swift */ = {isa = PBXFileReference; lastKnownFileType = sourcecode.swift; path = FeedItemCore.swift; sourceTree = "<group>"; };
		EA45713223EB7DB3008C2E44 /* FeedMedia.swift */ = {isa = PBXFileReference; lastKnownFileType = sourcecode.swift; path = FeedMedia.swift; sourceTree = "<group>"; };
		EA45713423EB7DBE008C2E44 /* FeedMediaCore.swift */ = {isa = PBXFileReference; lastKnownFileType = sourcecode.swift; path = FeedMediaCore.swift; sourceTree = "<group>"; };
		EA45713623EB7DF5008C2E44 /* UserCore.swift */ = {isa = PBXFileReference; lastKnownFileType = sourcecode.swift; path = UserCore.swift; sourceTree = "<group>"; };
		EA45713823EB7EC8008C2E44 /* MediaCell.swift */ = {isa = PBXFileReference; lastKnownFileType = sourcecode.swift; path = MediaCell.swift; sourceTree = "<group>"; };
		EA45713A23EB7EDE008C2E44 /* PinchZoomView.swift */ = {isa = PBXFileReference; lastKnownFileType = sourcecode.swift; path = PinchZoomView.swift; sourceTree = "<group>"; };
		EA45713C23EB7F47008C2E44 /* MediaSlider.swift */ = {isa = PBXFileReference; lastKnownFileType = sourcecode.swift; path = MediaSlider.swift; sourceTree = "<group>"; };
		EA45713E23EB7F76008C2E44 /* WMediaSlider.swift */ = {isa = PBXFileReference; lastKnownFileType = sourcecode.swift; path = WMediaSlider.swift; sourceTree = "<group>"; };
		EA4AAE9F23C7B77000D7EB15 /* ImageServer.swift */ = {isa = PBXFileReference; lastKnownFileType = sourcecode.swift; path = ImageServer.swift; sourceTree = "<group>"; };
		EA53556823CCF0CD001DF10F /* KeyboardResponder.swift */ = {isa = PBXFileReference; lastKnownFileType = sourcecode.swift; path = KeyboardResponder.swift; sourceTree = "<group>"; };
		EA56404D233D373800E68A7E /* Verification.swift */ = {isa = PBXFileReference; lastKnownFileType = sourcecode.swift; path = Verification.swift; sourceTree = "<group>"; };
		EA5B9FC4237CF2B300184F76 /* CameraPickerView.swift */ = {isa = PBXFileReference; lastKnownFileType = sourcecode.swift; path = CameraPickerView.swift; sourceTree = "<group>"; };
		EA6057B8239885E3005DED66 /* ActivityIndicator.swift */ = {isa = PBXFileReference; lastKnownFileType = sourcecode.swift; path = ActivityIndicator.swift; sourceTree = "<group>"; };
		EA6057BA239AD26D005DED66 /* MetaData.swift */ = {isa = PBXFileReference; lastKnownFileType = sourcecode.swift; path = MetaData.swift; sourceTree = "<group>"; };
		EA72F2112335A0A3008B696F /* UserData.swift */ = {isa = PBXFileReference; lastKnownFileType = sourcecode.swift; path = UserData.swift; sourceTree = "<group>"; };
		EA80ADFA235A8325002F7680 /* Utils.swift */ = {isa = PBXFileReference; lastKnownFileType = sourcecode.swift; path = Utils.swift; sourceTree = "<group>"; };
		EA8D4720233C25B8006E2BA5 /* Verify.swift */ = {isa = PBXFileReference; lastKnownFileType = sourcecode.swift; path = Verify.swift; sourceTree = "<group>"; };
		EAA43DA223DB59B900B9C0CA /* Halloapp.entitlements */ = {isa = PBXFileReference; lastKnownFileType = text.plist.entitlements; path = Halloapp.entitlements; sourceTree = "<group>"; };
		EAA6DEBD2381344800C6D9C8 /* Blur.swift */ = {isa = PBXFileReference; lastKnownFileType = sourcecode.swift; path = Blur.swift; sourceTree = "<group>"; };
		EAA6DEBF2381D7DD00C6D9C8 /* Notifications.swift */ = {isa = PBXFileReference; lastKnownFileType = sourcecode.swift; path = Notifications.swift; sourceTree = "<group>"; };
		EAA6DEC32383A4E800C6D9C8 /* TextView.swift */ = {isa = PBXFileReference; lastKnownFileType = sourcecode.swift; path = TextView.swift; sourceTree = "<group>"; };
		EAA6DEC52383AD8400C6D9C8 /* MessageUser.swift */ = {isa = PBXFileReference; lastKnownFileType = sourcecode.swift; path = MessageUser.swift; sourceTree = "<group>"; };
		EAB03B7A2400517500643EB6 /* MailView.swift */ = {isa = PBXFileReference; fileEncoding = 4; lastKnownFileType = sourcecode.swift; path = MailView.swift; sourceTree = "<group>"; };
		EAB03B7C2400518D00643EB6 /* Player.swift */ = {isa = PBXFileReference; fileEncoding = 4; lastKnownFileType = sourcecode.swift; path = Player.swift; sourceTree = "<group>"; };
		EAB03B7E2400519400643EB6 /* WAVPlayer.swift */ = {isa = PBXFileReference; fileEncoding = 4; lastKnownFileType = sourcecode.swift; path = WAVPlayer.swift; sourceTree = "<group>"; };
		EABF312523EE1F240039B5A6 /* Array.swift */ = {isa = PBXFileReference; lastKnownFileType = sourcecode.swift; path = Array.swift; sourceTree = "<group>"; };
		EABF312823EE1FC20039B5A6 /* Digest.swift */ = {isa = PBXFileReference; lastKnownFileType = sourcecode.swift; path = Digest.swift; sourceTree = "<group>"; };
		EABF312A23EE20E10039B5A6 /* UIImage.swift */ = {isa = PBXFileReference; lastKnownFileType = sourcecode.swift; path = UIImage.swift; sourceTree = "<group>"; };
		EABF312C23EE89A80039B5A6 /* ContactXP.swift */ = {isa = PBXFileReference; lastKnownFileType = sourcecode.swift; path = ContactXP.swift; sourceTree = "<group>"; };
		EABF313023F229350039B5A6 /* HAC.swift */ = {isa = PBXFileReference; lastKnownFileType = sourcecode.swift; path = HAC.swift; sourceTree = "<group>"; };
		EAC4AF22233E8DAB00739B2B /* ImageLoader.swift */ = {isa = PBXFileReference; lastKnownFileType = sourcecode.swift; path = ImageLoader.swift; sourceTree = "<group>"; };
		EAC7E8F82385A6B700F5E711 /* Settings.swift */ = {isa = PBXFileReference; lastKnownFileType = sourcecode.swift; path = Settings.swift; sourceTree = "<group>"; };
		EAE6152E23970FDC00BB4552 /* Halloapp.xcdatamodel */ = {isa = PBXFileReference; lastKnownFileType = wrapper.xcdatamodel; path = Halloapp.xcdatamodel; sourceTree = "<group>"; };
		EAE721322351394D0003D5C7 /* Contacts.swift */ = {isa = PBXFileReference; lastKnownFileType = sourcecode.swift; path = Contacts.swift; sourceTree = "<group>"; };
		EAF3A1BF2334191E00805FF9 /* Halloapp.app */ = {isa = PBXFileReference; explicitFileType = wrapper.application; includeInIndex = 0; path = Halloapp.app; sourceTree = BUILT_PRODUCTS_DIR; };
		EAF3A1C22334191E00805FF9 /* AppDelegate.swift */ = {isa = PBXFileReference; lastKnownFileType = sourcecode.swift; path = AppDelegate.swift; sourceTree = "<group>"; };
		EAF3A1C42334191E00805FF9 /* SceneDelegate.swift */ = {isa = PBXFileReference; lastKnownFileType = sourcecode.swift; path = SceneDelegate.swift; sourceTree = "<group>"; };
		EAF3A1C82334192000805FF9 /* Assets.xcassets */ = {isa = PBXFileReference; lastKnownFileType = folder.assetcatalog; path = Assets.xcassets; sourceTree = "<group>"; };
		EAF3A1CB2334192000805FF9 /* Preview Assets.xcassets */ = {isa = PBXFileReference; lastKnownFileType = folder.assetcatalog; path = "Preview Assets.xcassets"; sourceTree = "<group>"; };
		EAF3A1CE2334192000805FF9 /* Base */ = {isa = PBXFileReference; lastKnownFileType = file.storyboard; name = Base; path = Base.lproj/LaunchScreen.storyboard; sourceTree = "<group>"; };
		EAF3A1D02334192000805FF9 /* Info.plist */ = {isa = PBXFileReference; lastKnownFileType = text.plist.xml; path = Info.plist; sourceTree = "<group>"; };
		EAF3A1D52334192000805FF9 /* HalloappTests.xctest */ = {isa = PBXFileReference; explicitFileType = wrapper.cfbundle; includeInIndex = 0; path = HalloappTests.xctest; sourceTree = BUILT_PRODUCTS_DIR; };
		EAF3A1D92334192000805FF9 /* HalloappTests.swift */ = {isa = PBXFileReference; lastKnownFileType = sourcecode.swift; path = HalloappTests.swift; sourceTree = "<group>"; };
		EAF3A1DB2334192000805FF9 /* Info.plist */ = {isa = PBXFileReference; lastKnownFileType = text.plist.xml; path = Info.plist; sourceTree = "<group>"; };
		EAF3A1E02334192000805FF9 /* HalloappUITests.xctest */ = {isa = PBXFileReference; explicitFileType = wrapper.cfbundle; includeInIndex = 0; path = HalloappUITests.xctest; sourceTree = BUILT_PRODUCTS_DIR; };
		EAF3A1E42334192000805FF9 /* HalloappUITests.swift */ = {isa = PBXFileReference; lastKnownFileType = sourcecode.swift; path = HalloappUITests.swift; sourceTree = "<group>"; };
		EAF3A1E62334192000805FF9 /* Info.plist */ = {isa = PBXFileReference; lastKnownFileType = text.plist.xml; path = Info.plist; sourceTree = "<group>"; };
		EAF4F735237DEC2C006885F0 /* YPPicker.swift */ = {isa = PBXFileReference; lastKnownFileType = sourcecode.swift; path = YPPicker.swift; sourceTree = "<group>"; };
		EAFA65D623ABF3AB004C36F7 /* WUITextField.swift */ = {isa = PBXFileReference; lastKnownFileType = sourcecode.swift; path = WUITextField.swift; sourceTree = "<group>"; };
		EAFA65D923AC245B004C36F7 /* WUITableView.swift */ = {isa = PBXFileReference; lastKnownFileType = sourcecode.swift; path = WUITableView.swift; sourceTree = "<group>"; };
/* End PBXFileReference section */

/* Begin PBXFrameworksBuildPhase section */
		EAF3A1BC2334191E00805FF9 /* Frameworks */ = {
			isa = PBXFrameworksBuildPhase;
			buildActionMask = 2147483647;
			files = (
				29B91BFAD5E7C9E96185289E /* Pods_Halloapp.framework in Frameworks */,
			);
			runOnlyForDeploymentPostprocessing = 0;
		};
		EAF3A1D22334192000805FF9 /* Frameworks */ = {
			isa = PBXFrameworksBuildPhase;
			buildActionMask = 2147483647;
			files = (
			);
			runOnlyForDeploymentPostprocessing = 0;
		};
		EAF3A1DD2334192000805FF9 /* Frameworks */ = {
			isa = PBXFrameworksBuildPhase;
			buildActionMask = 2147483647;
			files = (
			);
			runOnlyForDeploymentPostprocessing = 0;
		};
/* End PBXFrameworksBuildPhase section */

/* Begin PBXGroup section */
		146B93702405F2F900768AC6 /* Resources */ = {
			isa = PBXGroup;
			children = (
				146B93752405F35E00768AC6 /* Fonts */,
				EAF3A1C82334192000805FF9 /* Assets.xcassets */,
			);
			path = Resources;
			sourceTree = "<group>";
		};
		146B93752405F35E00768AC6 /* Fonts */ = {
			isa = PBXGroup;
			children = (
				146B93762405F3AE00768AC6 /* GothamMedium.ttf */,
				146B93732405F35000768AC6 /* GothamBook.ttf */,
			);
			path = Fonts;
			sourceTree = "<group>";
		};
		58B000E2ED3FD4F3ACBF0837 /* Pods */ = {
			isa = PBXGroup;
			children = (
				0A10ECAA6E6D27E8228BF638 /* Pods-Halloapp.debug.xcconfig */,
				368056ED77A75DB993231195 /* Pods-Halloapp.release.xcconfig */,
			);
			path = Pods;
			sourceTree = "<group>";
		};
		76DF9FEA24122E9400F49CA4 /* CoreData Stack */ = {
			isa = PBXGroup;
			children = (
				76DF9FEB24122EF900F49CA4 /* Feed.xcdatamodeld */,
			);
			path = "CoreData Stack";
			sourceTree = "<group>";
		};
		76DF9FF724132BDC00F49CA4 /* Global */ = {
			isa = PBXGroup;
			children = (
				76DF9FF824132C1600F49CA4 /* AppContext.swift */,
			);
			path = Global;
			sourceTree = "<group>";
		};
		8295BD88471C9D5DC2D30C41 /* Frameworks */ = {
			isa = PBXGroup;
			children = (
				36D7F64DDE0D1B8005494465 /* Pods_Halloapp.framework */,
			);
			name = Frameworks;
			sourceTree = "<group>";
		};
		EA3861EB23342C3800705943 /* Models */ = {
			isa = PBXGroup;
			children = (
				76DF9FEA24122E9400F49CA4 /* CoreData Stack */,
				EA5414D923EE1D2B00390EF6 /* Feed */,
				EA5414DA23EE1D6900390EF6 /* Contacts */,
				EA80ADFA235A8325002F7680 /* Utils.swift */,
				EA6057BA239AD26D005DED66 /* MetaData.swift */,
				EA72F2112335A0A3008B696F /* UserData.swift */,
				EA45713623EB7DF5008C2E44 /* UserCore.swift */,
				EA56404D233D373800E68A7E /* Verification.swift */,
				EA0E64CA234BF4BC006A22EB /* XMPPController.swift */,
				EABF313023F229350039B5A6 /* HAC.swift */,
			);
			path = Models;
			sourceTree = "<group>";
		};
		EA38843423A15C9D00E8BF92 /* Feed */ = {
			isa = PBXGroup;
			children = (
				EA5414D723EE16EB00390EF6 /* FeedList */,
				EA5414D623EE16D500390EF6 /* Comment */,
				EA5414D423EE164C00390EF6 /* Media */,
				EA5414D523EE169E00390EF6 /* MediaSlider */,
				EAA6DEBF2381D7DD00C6D9C8 /* Notifications.swift */,
			);
			path = Feed;
			sourceTree = "<group>";
		};
		EA38843523A15D2C00E8BF92 /* Messages */ = {
			isa = PBXGroup;
			children = (
				76D0C07F240F40DF0061B90E /* MessagesView.swift */,
				EAA6DEC52383AD8400C6D9C8 /* MessageUser.swift */,
			);
			path = Messages;
			sourceTree = "<group>";
		};
		EA38843623A15D4800E8BF92 /* Profile */ = {
			isa = PBXGroup;
			children = (
				EA454B63234E769F002B960D /* ProfileView.swift */,
				EAC7E8F82385A6B700F5E711 /* Settings.swift */,
			);
			path = Profile;
			sourceTree = "<group>";
		};
		EA5414D423EE164C00390EF6 /* Media */ = {
			isa = PBXGroup;
			children = (
				EAF4F735237DEC2C006885F0 /* YPPicker.swift */,
				EA5B9FC4237CF2B300184F76 /* CameraPickerView.swift */,
				EA0C315623EB97C800016EDB /* PostComposerView.swift */,
			);
			path = Media;
			sourceTree = "<group>";
		};
		EA5414D523EE169E00390EF6 /* MediaSlider */ = {
			isa = PBXGroup;
			children = (
				EAB03B7E2400519400643EB6 /* WAVPlayer.swift */,
				EAB03B7C2400518D00643EB6 /* Player.swift */,
				EA45713C23EB7F47008C2E44 /* MediaSlider.swift */,
				EA45713E23EB7F76008C2E44 /* WMediaSlider.swift */,
				EA45713823EB7EC8008C2E44 /* MediaCell.swift */,
			);
			path = MediaSlider;
			sourceTree = "<group>";
		};
		EA5414D623EE16D500390EF6 /* Comment */ = {
			isa = PBXGroup;
			children = (
				EA2E4A5E23A42529009A2ABD /* CommentsView.swift */,
				76D0C07D240F3CD60061B90E /* CommentsCollectionView.swift */,
			);
			path = Comment;
			sourceTree = "<group>";
		};
		EA5414D723EE16EB00390EF6 /* FeedList */ = {
			isa = PBXGroup;
			children = (
				76ECDC152409DD7700BB48AC /* FeedView.swift */,
				EA17C39A23ED39E600727413 /* FeedCollectionView.swift */,
			);
			path = FeedList;
			sourceTree = "<group>";
		};
		EA5414D823EE18CF00390EF6 /* General */ = {
			isa = PBXGroup;
			children = (
				EAFA65D623ABF3AB004C36F7 /* WUITextField.swift */,
				EAFA65D923AC245B004C36F7 /* WUITableView.swift */,
				EA1B444F238CE9CB0044D14C /* LoadingTimer.swift */,
				EA6057B8239885E3005DED66 /* ActivityIndicator.swift */,
				EA45713A23EB7EDE008C2E44 /* PinchZoomView.swift */,
				EA53556823CCF0CD001DF10F /* KeyboardResponder.swift */,
				EAA6DEBD2381344800C6D9C8 /* Blur.swift */,
				EAA6DEC32383A4E800C6D9C8 /* TextView.swift */,
			);
			path = General;
			sourceTree = "<group>";
		};
		EA5414D923EE1D2B00390EF6 /* Feed */ = {
			isa = PBXGroup;
			children = (
				EA0D20142368B04B008B8289 /* FeedData.swift */,
				EA45712E23EB7D94008C2E44 /* FeedDataItem.swift */,
				EA45713023EB7DA3008C2E44 /* FeedItemCore.swift */,
				EA45713223EB7DB3008C2E44 /* FeedMedia.swift */,
				EA45713423EB7DBE008C2E44 /* FeedMediaCore.swift */,
				EA45712A23EB7D51008C2E44 /* FeedComment.swift */,
				EA45712C23EB7D7E008C2E44 /* FeedCommentCore.swift */,
				EA1B517723A877D200460662 /* FeedRouterData.swift */,
			);
			path = Feed;
			sourceTree = "<group>";
		};
		EA5414DA23EE1D6900390EF6 /* Contacts */ = {
			isa = PBXGroup;
			children = (
				76DF9FEE2412A4E800F49CA4 /* Contacts.xcdatamodeld */,
				EAE721322351394D0003D5C7 /* Contacts.swift */,
				EA45712823EB7CFA008C2E44 /* ContactsCD.swift */,
				EABF312C23EE89A80039B5A6 /* ContactXP.swift */,
				76DF9FF52412E6E700F49CA4 /* ContactStore.swift */,
			);
			path = Contacts;
			sourceTree = "<group>";
		};
		EA5AD43C23342B8C00429643 /* Views */ = {
			isa = PBXGroup;
			children = (
				EAC4AF1E233E7F6500739B2B /* Common */,
				EA880C3A2368EE3C008965CF /* Auth */,
				EA880C3B2368EE53008965CF /* Home */,
			);
			path = Views;
			sourceTree = "<group>";
		};
		EA880C3A2368EE3C008965CF /* Auth */ = {
			isa = PBXGroup;
			children = (
				EA0D20082363AD74008B8289 /* AuthRouter.swift */,
				EA3861EC23342C7C00705943 /* Login.swift */,
				EA8D4720233C25B8006E2BA5 /* Verify.swift */,
			);
			path = Auth;
			sourceTree = "<group>";
		};
		EA880C3B2368EE53008965CF /* Home */ = {
			isa = PBXGroup;
			children = (
				EA38843423A15C9D00E8BF92 /* Feed */,
				EA38843523A15D2C00E8BF92 /* Messages */,
				EA38843623A15D4800E8BF92 /* Profile */,
				EA0D20102363E38E008B8289 /* HomeInit.swift */,
				765668CE240DCF7100214077 /* MainView.swift */,
				765668D0240DE02400214077 /* BottomBarView.swift */,
			);
			path = Home;
			sourceTree = "<group>";
		};
		EABF312423EE1EDF0039B5A6 /* Extension */ = {
			isa = PBXGroup;
			children = (
				EABF312523EE1F240039B5A6 /* Array.swift */,
				EABF312823EE1FC20039B5A6 /* Digest.swift */,
				EABF312A23EE20E10039B5A6 /* UIImage.swift */,
				76DF9FFA2416ADF900F49CA4 /* String.swift */,
			);
			path = Extension;
			sourceTree = "<group>";
		};
		EAC4AF1E233E7F6500739B2B /* Common */ = {
			isa = PBXGroup;
			children = (
				EA5414D823EE18CF00390EF6 /* General */,
				EAB03B7A2400517500643EB6 /* MailView.swift */,
				146B93782405F40500768AC6 /* FontExtension.swift */,
			);
			path = Common;
			sourceTree = "<group>";
		};
		EAC4AF21233E8D9700739B2B /* Network */ = {
			isa = PBXGroup;
			children = (
				EA45712623EB79DB008C2E44 /* CoreDataManager.swift */,
				EA17C39823ECAEDB00727413 /* PendingCore.swift */,
				EAC4AF22233E8DAB00739B2B /* ImageLoader.swift */,
				EA4AAE9F23C7B77000D7EB15 /* ImageServer.swift */,
			);
			path = Network;
			sourceTree = "<group>";
		};
		EAF3A1B62334191E00805FF9 = {
			isa = PBXGroup;
			children = (
				EAF3A1C12334191E00805FF9 /* Halloapp */,
				EAF3A1D82334192000805FF9 /* HalloappTests */,
				EAF3A1E32334192000805FF9 /* HalloappUITests */,
				EAF3A1C02334191E00805FF9 /* Products */,
				58B000E2ED3FD4F3ACBF0837 /* Pods */,
				8295BD88471C9D5DC2D30C41 /* Frameworks */,
			);
			sourceTree = "<group>";
		};
		EAF3A1C02334191E00805FF9 /* Products */ = {
			isa = PBXGroup;
			children = (
				EAF3A1BF2334191E00805FF9 /* Halloapp.app */,
				EAF3A1D52334192000805FF9 /* HalloappTests.xctest */,
				EAF3A1E02334192000805FF9 /* HalloappUITests.xctest */,
			);
			name = Products;
			sourceTree = "<group>";
		};
		EAF3A1C12334191E00805FF9 /* Halloapp */ = {
			isa = PBXGroup;
			children = (
				76DF9FF724132BDC00F49CA4 /* Global */,
				EA3861EB23342C3800705943 /* Models */,
				EA5AD43C23342B8C00429643 /* Views */,
				EA0D20062363AC4D008B8289 /* Landing.swift */,
				EAC4AF21233E8D9700739B2B /* Network */,
				146B93702405F2F900768AC6 /* Resources */,
				EABF312423EE1EDF0039B5A6 /* Extension */,
				EAF3A1CA2334192000805FF9 /* Preview Content */,
				EAF3A1D02334192000805FF9 /* Info.plist */,
				EAF3A1C22334191E00805FF9 /* AppDelegate.swift */,
				EAF3A1C42334191E00805FF9 /* SceneDelegate.swift */,
				EAF3A1CD2334192000805FF9 /* LaunchScreen.storyboard */,
				EAA43DA223DB59B900B9C0CA /* Halloapp.entitlements */,
				EAE6152D23970FDC00BB4552 /* Halloapp.xcdatamodeld */,
			);
			path = Halloapp;
			sourceTree = "<group>";
		};
		EAF3A1CA2334192000805FF9 /* Preview Content */ = {
			isa = PBXGroup;
			children = (
				EAF3A1CB2334192000805FF9 /* Preview Assets.xcassets */,
			);
			path = "Preview Content";
			sourceTree = "<group>";
		};
		EAF3A1D82334192000805FF9 /* HalloappTests */ = {
			isa = PBXGroup;
			children = (
				EAF3A1D92334192000805FF9 /* HalloappTests.swift */,
				EAF3A1DB2334192000805FF9 /* Info.plist */,
			);
			path = HalloappTests;
			sourceTree = "<group>";
		};
		EAF3A1E32334192000805FF9 /* HalloappUITests */ = {
			isa = PBXGroup;
			children = (
				EAF3A1E42334192000805FF9 /* HalloappUITests.swift */,
				EAF3A1E62334192000805FF9 /* Info.plist */,
			);
			path = HalloappUITests;
			sourceTree = "<group>";
		};
/* End PBXGroup section */

/* Begin PBXNativeTarget section */
		EAF3A1BE2334191E00805FF9 /* Halloapp */ = {
			isa = PBXNativeTarget;
			buildConfigurationList = EAF3A1E92334192000805FF9 /* Build configuration list for PBXNativeTarget "Halloapp" */;
			buildPhases = (
				A4AC85EF7BFDCB135FC900FF /* [CP] Check Pods Manifest.lock */,
				EAF3A1BB2334191E00805FF9 /* Sources */,
				EAF3A1BC2334191E00805FF9 /* Frameworks */,
				EAF3A1BD2334191E00805FF9 /* Resources */,
				D51A16EB7C89AD8DAF43C14C /* [CP] Embed Pods Frameworks */,
			);
			buildRules = (
			);
			dependencies = (
			);
			name = Halloapp;
			packageProductDependencies = (
			);
			productName = Halloapp;
			productReference = EAF3A1BF2334191E00805FF9 /* Halloapp.app */;
			productType = "com.apple.product-type.application";
		};
		EAF3A1D42334192000805FF9 /* HalloappTests */ = {
			isa = PBXNativeTarget;
			buildConfigurationList = EAF3A1EC2334192000805FF9 /* Build configuration list for PBXNativeTarget "HalloappTests" */;
			buildPhases = (
				EAF3A1D12334192000805FF9 /* Sources */,
				EAF3A1D22334192000805FF9 /* Frameworks */,
				EAF3A1D32334192000805FF9 /* Resources */,
			);
			buildRules = (
			);
			dependencies = (
				EAF3A1D72334192000805FF9 /* PBXTargetDependency */,
			);
			name = HalloappTests;
			productName = HalloappTests;
			productReference = EAF3A1D52334192000805FF9 /* HalloappTests.xctest */;
			productType = "com.apple.product-type.bundle.unit-test";
		};
		EAF3A1DF2334192000805FF9 /* HalloappUITests */ = {
			isa = PBXNativeTarget;
			buildConfigurationList = EAF3A1EF2334192000805FF9 /* Build configuration list for PBXNativeTarget "HalloappUITests" */;
			buildPhases = (
				EAF3A1DC2334192000805FF9 /* Sources */,
				EAF3A1DD2334192000805FF9 /* Frameworks */,
				EAF3A1DE2334192000805FF9 /* Resources */,
			);
			buildRules = (
			);
			dependencies = (
				EAF3A1E22334192000805FF9 /* PBXTargetDependency */,
			);
			name = HalloappUITests;
			productName = HalloappUITests;
			productReference = EAF3A1E02334192000805FF9 /* HalloappUITests.xctest */;
			productType = "com.apple.product-type.bundle.ui-testing";
		};
/* End PBXNativeTarget section */

/* Begin PBXProject section */
		EAF3A1B72334191E00805FF9 /* Project object */ = {
			isa = PBXProject;
			attributes = {
				LastSwiftUpdateCheck = 1100;
				LastUpgradeCheck = 1100;
				ORGANIZATIONNAME = "Halloapp, Inc.";
				TargetAttributes = {
					EAF3A1BE2334191E00805FF9 = {
						CreatedOnToolsVersion = 11.0;
					};
					EAF3A1D42334192000805FF9 = {
						CreatedOnToolsVersion = 11.0;
						TestTargetID = EAF3A1BE2334191E00805FF9;
					};
					EAF3A1DF2334192000805FF9 = {
						CreatedOnToolsVersion = 11.0;
						TestTargetID = EAF3A1BE2334191E00805FF9;
					};
				};
			};
			buildConfigurationList = EAF3A1BA2334191E00805FF9 /* Build configuration list for PBXProject "Halloapp" */;
			compatibilityVersion = "Xcode 9.3";
			developmentRegion = en;
			hasScannedForEncodings = 0;
			knownRegions = (
				en,
				Base,
			);
			mainGroup = EAF3A1B62334191E00805FF9;
			packageReferences = (
			);
			productRefGroup = EAF3A1C02334191E00805FF9 /* Products */;
			projectDirPath = "";
			projectRoot = "";
			targets = (
				EAF3A1BE2334191E00805FF9 /* Halloapp */,
				EAF3A1D42334192000805FF9 /* HalloappTests */,
				EAF3A1DF2334192000805FF9 /* HalloappUITests */,
			);
		};
/* End PBXProject section */

/* Begin PBXResourcesBuildPhase section */
		EAF3A1BD2334191E00805FF9 /* Resources */ = {
			isa = PBXResourcesBuildPhase;
			buildActionMask = 2147483647;
			files = (
				EAF3A1CF2334192000805FF9 /* LaunchScreen.storyboard in Resources */,
				146B93742405F35000768AC6 /* GothamBook.ttf in Resources */,
				EAF3A1CC2334192000805FF9 /* Preview Assets.xcassets in Resources */,
				146B93772405F3AE00768AC6 /* GothamMedium.ttf in Resources */,
				EAF3A1C92334192000805FF9 /* Assets.xcassets in Resources */,
			);
			runOnlyForDeploymentPostprocessing = 0;
		};
		EAF3A1D32334192000805FF9 /* Resources */ = {
			isa = PBXResourcesBuildPhase;
			buildActionMask = 2147483647;
			files = (
			);
			runOnlyForDeploymentPostprocessing = 0;
		};
		EAF3A1DE2334192000805FF9 /* Resources */ = {
			isa = PBXResourcesBuildPhase;
			buildActionMask = 2147483647;
			files = (
			);
			runOnlyForDeploymentPostprocessing = 0;
		};
/* End PBXResourcesBuildPhase section */

/* Begin PBXShellScriptBuildPhase section */
		A4AC85EF7BFDCB135FC900FF /* [CP] Check Pods Manifest.lock */ = {
			isa = PBXShellScriptBuildPhase;
			buildActionMask = 2147483647;
			files = (
			);
			inputFileListPaths = (
			);
			inputPaths = (
				"${PODS_PODFILE_DIR_PATH}/Podfile.lock",
				"${PODS_ROOT}/Manifest.lock",
			);
			name = "[CP] Check Pods Manifest.lock";
			outputFileListPaths = (
			);
			outputPaths = (
				"$(DERIVED_FILE_DIR)/Pods-Halloapp-checkManifestLockResult.txt",
			);
			runOnlyForDeploymentPostprocessing = 0;
			shellPath = /bin/sh;
			shellScript = "diff \"${PODS_PODFILE_DIR_PATH}/Podfile.lock\" \"${PODS_ROOT}/Manifest.lock\" > /dev/null\nif [ $? != 0 ] ; then\n    # print error to STDERR\n    echo \"error: The sandbox is not in sync with the Podfile.lock. Run 'pod install' or update your CocoaPods installation.\" >&2\n    exit 1\nfi\n# This output is used by Xcode 'outputs' to avoid re-running this script phase.\necho \"SUCCESS\" > \"${SCRIPT_OUTPUT_FILE_0}\"\n";
			showEnvVarsInLog = 0;
		};
		D51A16EB7C89AD8DAF43C14C /* [CP] Embed Pods Frameworks */ = {
			isa = PBXShellScriptBuildPhase;
			buildActionMask = 2147483647;
			files = (
			);
			inputFileListPaths = (
				"${PODS_ROOT}/Target Support Files/Pods-Halloapp/Pods-Halloapp-frameworks-${CONFIGURATION}-input-files.xcfilelist",
			);
			name = "[CP] Embed Pods Frameworks";
			outputFileListPaths = (
				"${PODS_ROOT}/Target Support Files/Pods-Halloapp/Pods-Halloapp-frameworks-${CONFIGURATION}-output-files.xcfilelist",
			);
			runOnlyForDeploymentPostprocessing = 0;
			shellPath = /bin/sh;
			shellScript = "\"${PODS_ROOT}/Target Support Files/Pods-Halloapp/Pods-Halloapp-frameworks.sh\"\n";
			showEnvVarsInLog = 0;
		};
/* End PBXShellScriptBuildPhase section */

/* Begin PBXSourcesBuildPhase section */
		EAF3A1BB2334191E00805FF9 /* Sources */ = {
			isa = PBXSourcesBuildPhase;
			buildActionMask = 2147483647;
			files = (
				EA0E64CB234BF4BC006A22EB /* XMPPController.swift in Sources */,
				EABF312D23EE89A80039B5A6 /* ContactXP.swift in Sources */,
				EA6057B9239885E3005DED66 /* ActivityIndicator.swift in Sources */,
				EA45713D23EB7F47008C2E44 /* MediaSlider.swift in Sources */,
				EAA6DEC62383AD8400C6D9C8 /* MessageUser.swift in Sources */,
				EAE6152F23970FDC00BB4552 /* Halloapp.xcdatamodeld in Sources */,
				EAF3A1C32334191E00805FF9 /* AppDelegate.swift in Sources */,
				EA45713123EB7DA3008C2E44 /* FeedItemCore.swift in Sources */,
				76DF9FF02412A4E800F49CA4 /* Contacts.xcdatamodeld in Sources */,
				76ECDC162409DD7700BB48AC /* FeedView.swift in Sources */,
				EAF3A1C52334191E00805FF9 /* SceneDelegate.swift in Sources */,
				EABF312923EE1FC20039B5A6 /* Digest.swift in Sources */,
				EABF313123F229350039B5A6 /* HAC.swift in Sources */,
				765668D1240DE02400214077 /* BottomBarView.swift in Sources */,
				76DF9FFB2416ADF900F49CA4 /* String.swift in Sources */,
				EA2E4A5F23A4252A009A2ABD /* CommentsView.swift in Sources */,
				EAC7E8F92385A6B700F5E711 /* Settings.swift in Sources */,
				EAE721332351394D0003D5C7 /* Contacts.swift in Sources */,
				EAB03B7B2400517500643EB6 /* MailView.swift in Sources */,
				EA6057BB239AD26D005DED66 /* MetaData.swift in Sources */,
				765668CF240DCF7200214077 /* MainView.swift in Sources */,
				EA53556923CCF0CD001DF10F /* KeyboardResponder.swift in Sources */,
				EA72F2122335A0A3008B696F /* UserData.swift in Sources */,
				EA45713B23EB7EDE008C2E44 /* PinchZoomView.swift in Sources */,
				EAFA65D723ABF3AB004C36F7 /* WUITextField.swift in Sources */,
				EA45712723EB79DB008C2E44 /* CoreDataManager.swift in Sources */,
				EA5B9FC5237CF2B300184F76 /* CameraPickerView.swift in Sources */,
				EAA6DEC42383A4E800C6D9C8 /* TextView.swift in Sources */,
				EAA6DEBE2381344800C6D9C8 /* Blur.swift in Sources */,
				EA8D4721233C25B8006E2BA5 /* Verify.swift in Sources */,
				EAB03B7D2400518D00643EB6 /* Player.swift in Sources */,
				EA56404E233D373800E68A7E /* Verification.swift in Sources */,
				EA45712B23EB7D51008C2E44 /* FeedComment.swift in Sources */,
				EA4AAEA023C7B77000D7EB15 /* ImageServer.swift in Sources */,
				EA1B517823A877D400460662 /* FeedRouterData.swift in Sources */,
				EA1B4450238CE9CB0044D14C /* LoadingTimer.swift in Sources */,
				EA3861ED23342C7C00705943 /* Login.swift in Sources */,
				EA45713523EB7DBE008C2E44 /* FeedMediaCore.swift in Sources */,
				76DF9FF924132C1600F49CA4 /* AppContext.swift in Sources */,
				EA45713F23EB7F76008C2E44 /* WMediaSlider.swift in Sources */,
				EA80ADFB235A8325002F7680 /* Utils.swift in Sources */,
				EA0D20092363AD74008B8289 /* AuthRouter.swift in Sources */,
				EA17C39B23ED39E600727413 /* FeedCollectionView.swift in Sources */,
				EA45713323EB7DB3008C2E44 /* FeedMedia.swift in Sources */,
				EA45713723EB7DF5008C2E44 /* UserCore.swift in Sources */,
				EAB03B7F2400519400643EB6 /* WAVPlayer.swift in Sources */,
				76D0C07E240F3CD60061B90E /* CommentsCollectionView.swift in Sources */,
				EAF4F736237DEC2C006885F0 /* YPPicker.swift in Sources */,
				EA0D20072363AC4D008B8289 /* Landing.swift in Sources */,
				EA45712F23EB7D94008C2E44 /* FeedDataItem.swift in Sources */,
				EA0D20152368B04B008B8289 /* FeedData.swift in Sources */,
				EA0C315723EB97C800016EDB /* PostComposerView.swift in Sources */,
				EA45713923EB7EC8008C2E44 /* MediaCell.swift in Sources */,
				76DF9FED24122EF900F49CA4 /* Feed.xcdatamodeld in Sources */,
				EAFA65DA23AC245B004C36F7 /* WUITableView.swift in Sources */,
				EA0D20112363E38E008B8289 /* HomeInit.swift in Sources */,
				146B93792405F40500768AC6 /* FontExtension.swift in Sources */,
				EAA6DEC02381D7DD00C6D9C8 /* Notifications.swift in Sources */,
				EABF312B23EE20E10039B5A6 /* UIImage.swift in Sources */,
				EA45712D23EB7D7E008C2E44 /* FeedCommentCore.swift in Sources */,
				76DF9FF62412E6E700F49CA4 /* ContactStore.swift in Sources */,
				EA45712923EB7CFA008C2E44 /* ContactsCD.swift in Sources */,
				EAC4AF23233E8DAB00739B2B /* ImageLoader.swift in Sources */,
				EABF312623EE1F240039B5A6 /* Array.swift in Sources */,
				EA17C39923ECAEDB00727413 /* PendingCore.swift in Sources */,
				76D0C080240F40DF0061B90E /* MessagesView.swift in Sources */,
				EA454B64234E769F002B960D /* ProfileView.swift in Sources */,
			);
			runOnlyForDeploymentPostprocessing = 0;
		};
		EAF3A1D12334192000805FF9 /* Sources */ = {
			isa = PBXSourcesBuildPhase;
			buildActionMask = 2147483647;
			files = (
				EAF3A1DA2334192000805FF9 /* HalloappTests.swift in Sources */,
			);
			runOnlyForDeploymentPostprocessing = 0;
		};
		EAF3A1DC2334192000805FF9 /* Sources */ = {
			isa = PBXSourcesBuildPhase;
			buildActionMask = 2147483647;
			files = (
				EAF3A1E52334192000805FF9 /* HalloappUITests.swift in Sources */,
			);
			runOnlyForDeploymentPostprocessing = 0;
		};
/* End PBXSourcesBuildPhase section */

/* Begin PBXTargetDependency section */
		EAF3A1D72334192000805FF9 /* PBXTargetDependency */ = {
			isa = PBXTargetDependency;
			target = EAF3A1BE2334191E00805FF9 /* Halloapp */;
			targetProxy = EAF3A1D62334192000805FF9 /* PBXContainerItemProxy */;
		};
		EAF3A1E22334192000805FF9 /* PBXTargetDependency */ = {
			isa = PBXTargetDependency;
			target = EAF3A1BE2334191E00805FF9 /* Halloapp */;
			targetProxy = EAF3A1E12334192000805FF9 /* PBXContainerItemProxy */;
		};
/* End PBXTargetDependency section */

/* Begin PBXVariantGroup section */
		EAF3A1CD2334192000805FF9 /* LaunchScreen.storyboard */ = {
			isa = PBXVariantGroup;
			children = (
				EAF3A1CE2334192000805FF9 /* Base */,
			);
			name = LaunchScreen.storyboard;
			sourceTree = "<group>";
		};
/* End PBXVariantGroup section */

/* Begin XCBuildConfiguration section */
		EAF3A1E72334192000805FF9 /* Debug */ = {
			isa = XCBuildConfiguration;
			buildSettings = {
				ALWAYS_SEARCH_USER_PATHS = NO;
				CLANG_ANALYZER_NONNULL = YES;
				CLANG_ANALYZER_NUMBER_OBJECT_CONVERSION = YES_AGGRESSIVE;
				CLANG_CXX_LANGUAGE_STANDARD = "gnu++14";
				CLANG_CXX_LIBRARY = "libc++";
				CLANG_ENABLE_MODULES = YES;
				CLANG_ENABLE_OBJC_ARC = YES;
				CLANG_ENABLE_OBJC_WEAK = YES;
				CLANG_WARN_BLOCK_CAPTURE_AUTORELEASING = YES;
				CLANG_WARN_BOOL_CONVERSION = YES;
				CLANG_WARN_COMMA = YES;
				CLANG_WARN_CONSTANT_CONVERSION = YES;
				CLANG_WARN_DEPRECATED_OBJC_IMPLEMENTATIONS = YES;
				CLANG_WARN_DIRECT_OBJC_ISA_USAGE = YES_ERROR;
				CLANG_WARN_DOCUMENTATION_COMMENTS = YES;
				CLANG_WARN_EMPTY_BODY = YES;
				CLANG_WARN_ENUM_CONVERSION = YES;
				CLANG_WARN_INFINITE_RECURSION = YES;
				CLANG_WARN_INT_CONVERSION = YES;
				CLANG_WARN_NON_LITERAL_NULL_CONVERSION = YES;
				CLANG_WARN_OBJC_IMPLICIT_RETAIN_SELF = YES;
				CLANG_WARN_OBJC_LITERAL_CONVERSION = YES;
				CLANG_WARN_OBJC_ROOT_CLASS = YES_ERROR;
				CLANG_WARN_RANGE_LOOP_ANALYSIS = YES;
				CLANG_WARN_STRICT_PROTOTYPES = YES;
				CLANG_WARN_SUSPICIOUS_MOVE = YES;
				CLANG_WARN_UNGUARDED_AVAILABILITY = YES_AGGRESSIVE;
				CLANG_WARN_UNREACHABLE_CODE = YES;
				CLANG_WARN__DUPLICATE_METHOD_MATCH = YES;
				COPY_PHASE_STRIP = NO;
				DEBUG_INFORMATION_FORMAT = dwarf;
				ENABLE_STRICT_OBJC_MSGSEND = YES;
				ENABLE_TESTABILITY = YES;
				GCC_C_LANGUAGE_STANDARD = gnu11;
				GCC_DYNAMIC_NO_PIC = NO;
				GCC_NO_COMMON_BLOCKS = YES;
				GCC_OPTIMIZATION_LEVEL = 0;
				GCC_PREPROCESSOR_DEFINITIONS = (
					"DEBUG=1",
					"$(inherited)",
				);
				GCC_WARN_64_TO_32_BIT_CONVERSION = YES;
				GCC_WARN_ABOUT_RETURN_TYPE = YES_ERROR;
				GCC_WARN_UNDECLARED_SELECTOR = YES;
				GCC_WARN_UNINITIALIZED_AUTOS = YES_AGGRESSIVE;
				GCC_WARN_UNUSED_FUNCTION = YES;
				GCC_WARN_UNUSED_VARIABLE = YES;
				IPHONEOS_DEPLOYMENT_TARGET = 13.0;
				MTL_ENABLE_DEBUG_INFO = INCLUDE_SOURCE;
				MTL_FAST_MATH = YES;
				ONLY_ACTIVE_ARCH = YES;
				SDKROOT = iphoneos;
				SWIFT_ACTIVE_COMPILATION_CONDITIONS = DEBUG;
				SWIFT_OPTIMIZATION_LEVEL = "-Onone";
				VERSIONING_SYSTEM = "apple-generic";
			};
			name = Debug;
		};
		EAF3A1E82334192000805FF9 /* Release */ = {
			isa = XCBuildConfiguration;
			buildSettings = {
				ALWAYS_SEARCH_USER_PATHS = NO;
				CLANG_ANALYZER_NONNULL = YES;
				CLANG_ANALYZER_NUMBER_OBJECT_CONVERSION = YES_AGGRESSIVE;
				CLANG_CXX_LANGUAGE_STANDARD = "gnu++14";
				CLANG_CXX_LIBRARY = "libc++";
				CLANG_ENABLE_MODULES = YES;
				CLANG_ENABLE_OBJC_ARC = YES;
				CLANG_ENABLE_OBJC_WEAK = YES;
				CLANG_WARN_BLOCK_CAPTURE_AUTORELEASING = YES;
				CLANG_WARN_BOOL_CONVERSION = YES;
				CLANG_WARN_COMMA = YES;
				CLANG_WARN_CONSTANT_CONVERSION = YES;
				CLANG_WARN_DEPRECATED_OBJC_IMPLEMENTATIONS = YES;
				CLANG_WARN_DIRECT_OBJC_ISA_USAGE = YES_ERROR;
				CLANG_WARN_DOCUMENTATION_COMMENTS = YES;
				CLANG_WARN_EMPTY_BODY = YES;
				CLANG_WARN_ENUM_CONVERSION = YES;
				CLANG_WARN_INFINITE_RECURSION = YES;
				CLANG_WARN_INT_CONVERSION = YES;
				CLANG_WARN_NON_LITERAL_NULL_CONVERSION = YES;
				CLANG_WARN_OBJC_IMPLICIT_RETAIN_SELF = YES;
				CLANG_WARN_OBJC_LITERAL_CONVERSION = YES;
				CLANG_WARN_OBJC_ROOT_CLASS = YES_ERROR;
				CLANG_WARN_RANGE_LOOP_ANALYSIS = YES;
				CLANG_WARN_STRICT_PROTOTYPES = YES;
				CLANG_WARN_SUSPICIOUS_MOVE = YES;
				CLANG_WARN_UNGUARDED_AVAILABILITY = YES_AGGRESSIVE;
				CLANG_WARN_UNREACHABLE_CODE = YES;
				CLANG_WARN__DUPLICATE_METHOD_MATCH = YES;
				COPY_PHASE_STRIP = NO;
				DEBUG_INFORMATION_FORMAT = "dwarf-with-dsym";
				ENABLE_NS_ASSERTIONS = NO;
				ENABLE_STRICT_OBJC_MSGSEND = YES;
				GCC_C_LANGUAGE_STANDARD = gnu11;
				GCC_NO_COMMON_BLOCKS = YES;
				GCC_WARN_64_TO_32_BIT_CONVERSION = YES;
				GCC_WARN_ABOUT_RETURN_TYPE = YES_ERROR;
				GCC_WARN_UNDECLARED_SELECTOR = YES;
				GCC_WARN_UNINITIALIZED_AUTOS = YES_AGGRESSIVE;
				GCC_WARN_UNUSED_FUNCTION = YES;
				GCC_WARN_UNUSED_VARIABLE = YES;
				IPHONEOS_DEPLOYMENT_TARGET = 13.0;
				MTL_ENABLE_DEBUG_INFO = NO;
				MTL_FAST_MATH = YES;
				SDKROOT = iphoneos;
				SWIFT_COMPILATION_MODE = wholemodule;
				SWIFT_OPTIMIZATION_LEVEL = "-O";
				VALIDATE_PRODUCT = YES;
				VERSIONING_SYSTEM = "apple-generic";
			};
			name = Release;
		};
		EAF3A1EA2334192000805FF9 /* Debug */ = {
			isa = XCBuildConfiguration;
			baseConfigurationReference = 0A10ECAA6E6D27E8228BF638 /* Pods-Halloapp.debug.xcconfig */;
			buildSettings = {
				ASSETCATALOG_COMPILER_APPICON_NAME = AppIcon;
				CODE_SIGN_ENTITLEMENTS = Halloapp/Halloapp.entitlements;
				CODE_SIGN_STYLE = Automatic;
				CURRENT_PROJECT_VERSION = 18;
				DEVELOPMENT_ASSET_PATHS = "\"Halloapp/Preview Content\"";
				DEVELOPMENT_TEAM = 5M78D698HF;
				ENABLE_PREVIEWS = YES;
				INFOPLIST_FILE = Halloapp/Info.plist;
				IPHONEOS_DEPLOYMENT_TARGET = 13.0;
				LD_RUNPATH_SEARCH_PATHS = (
					"$(inherited)",
					"@executable_path/Frameworks",
				);
				MARKETING_VERSION = 0.1;
				PRODUCT_BUNDLE_IDENTIFIER = com.halloapp.hallo;
				PRODUCT_NAME = "$(TARGET_NAME)";
				SWIFT_VERSION = 5.0;
				TARGETED_DEVICE_FAMILY = 1;
			};
			name = Debug;
		};
		EAF3A1EB2334192000805FF9 /* Release */ = {
			isa = XCBuildConfiguration;
			baseConfigurationReference = 368056ED77A75DB993231195 /* Pods-Halloapp.release.xcconfig */;
			buildSettings = {
				ASSETCATALOG_COMPILER_APPICON_NAME = AppIcon;
				CODE_SIGN_ENTITLEMENTS = Halloapp/Halloapp.entitlements;
				CODE_SIGN_STYLE = Automatic;
				CURRENT_PROJECT_VERSION = 18;
				DEVELOPMENT_ASSET_PATHS = "\"Halloapp/Preview Content\"";
				DEVELOPMENT_TEAM = 5M78D698HF;
				ENABLE_PREVIEWS = YES;
				INFOPLIST_FILE = Halloapp/Info.plist;
				IPHONEOS_DEPLOYMENT_TARGET = 13.0;
				LD_RUNPATH_SEARCH_PATHS = (
					"$(inherited)",
					"@executable_path/Frameworks",
				);
				MARKETING_VERSION = 0.1;
				PRODUCT_BUNDLE_IDENTIFIER = com.halloapp.hallo;
				PRODUCT_NAME = "$(TARGET_NAME)";
				SWIFT_VERSION = 5.0;
				TARGETED_DEVICE_FAMILY = 1;
			};
			name = Release;
		};
		EAF3A1ED2334192000805FF9 /* Debug */ = {
			isa = XCBuildConfiguration;
			buildSettings = {
				ALWAYS_EMBED_SWIFT_STANDARD_LIBRARIES = YES;
				BUNDLE_LOADER = "$(TEST_HOST)";
				CODE_SIGN_STYLE = Automatic;
				INFOPLIST_FILE = HalloappTests/Info.plist;
				IPHONEOS_DEPLOYMENT_TARGET = 13.0;
				LD_RUNPATH_SEARCH_PATHS = (
					"$(inherited)",
					"@executable_path/Frameworks",
					"@loader_path/Frameworks",
				);
				PRODUCT_BUNDLE_IDENTIFIER = com.halloapp.HalloappTests;
				PRODUCT_NAME = "$(TARGET_NAME)";
				SWIFT_VERSION = 5.0;
				TARGETED_DEVICE_FAMILY = "1,2";
				TEST_HOST = "$(BUILT_PRODUCTS_DIR)/Halloapp.app/Halloapp";
			};
			name = Debug;
		};
		EAF3A1EE2334192000805FF9 /* Release */ = {
			isa = XCBuildConfiguration;
			buildSettings = {
				ALWAYS_EMBED_SWIFT_STANDARD_LIBRARIES = YES;
				BUNDLE_LOADER = "$(TEST_HOST)";
				CODE_SIGN_STYLE = Automatic;
				INFOPLIST_FILE = HalloappTests/Info.plist;
				IPHONEOS_DEPLOYMENT_TARGET = 13.0;
				LD_RUNPATH_SEARCH_PATHS = (
					"$(inherited)",
					"@executable_path/Frameworks",
					"@loader_path/Frameworks",
				);
				PRODUCT_BUNDLE_IDENTIFIER = com.halloapp.HalloappTests;
				PRODUCT_NAME = "$(TARGET_NAME)";
				SWIFT_VERSION = 5.0;
				TARGETED_DEVICE_FAMILY = "1,2";
				TEST_HOST = "$(BUILT_PRODUCTS_DIR)/Halloapp.app/Halloapp";
			};
			name = Release;
		};
		EAF3A1F02334192000805FF9 /* Debug */ = {
			isa = XCBuildConfiguration;
			buildSettings = {
				ALWAYS_EMBED_SWIFT_STANDARD_LIBRARIES = YES;
				CODE_SIGN_STYLE = Automatic;
				INFOPLIST_FILE = HalloappUITests/Info.plist;
				LD_RUNPATH_SEARCH_PATHS = (
					"$(inherited)",
					"@executable_path/Frameworks",
					"@loader_path/Frameworks",
				);
				PRODUCT_BUNDLE_IDENTIFIER = com.halloapp.HalloappUITests;
				PRODUCT_NAME = "$(TARGET_NAME)";
				SWIFT_VERSION = 5.0;
				TARGETED_DEVICE_FAMILY = "1,2";
				TEST_TARGET_NAME = Halloapp;
			};
			name = Debug;
		};
		EAF3A1F12334192000805FF9 /* Release */ = {
			isa = XCBuildConfiguration;
			buildSettings = {
				ALWAYS_EMBED_SWIFT_STANDARD_LIBRARIES = YES;
				CODE_SIGN_STYLE = Automatic;
				INFOPLIST_FILE = HalloappUITests/Info.plist;
				LD_RUNPATH_SEARCH_PATHS = (
					"$(inherited)",
					"@executable_path/Frameworks",
					"@loader_path/Frameworks",
				);
				PRODUCT_BUNDLE_IDENTIFIER = com.halloapp.HalloappUITests;
				PRODUCT_NAME = "$(TARGET_NAME)";
				SWIFT_VERSION = 5.0;
				TARGETED_DEVICE_FAMILY = "1,2";
				TEST_TARGET_NAME = Halloapp;
			};
			name = Release;
		};
/* End XCBuildConfiguration section */

/* Begin XCConfigurationList section */
		EAF3A1BA2334191E00805FF9 /* Build configuration list for PBXProject "Halloapp" */ = {
			isa = XCConfigurationList;
			buildConfigurations = (
				EAF3A1E72334192000805FF9 /* Debug */,
				EAF3A1E82334192000805FF9 /* Release */,
			);
			defaultConfigurationIsVisible = 0;
			defaultConfigurationName = Release;
		};
		EAF3A1E92334192000805FF9 /* Build configuration list for PBXNativeTarget "Halloapp" */ = {
			isa = XCConfigurationList;
			buildConfigurations = (
				EAF3A1EA2334192000805FF9 /* Debug */,
				EAF3A1EB2334192000805FF9 /* Release */,
			);
			defaultConfigurationIsVisible = 0;
			defaultConfigurationName = Release;
		};
		EAF3A1EC2334192000805FF9 /* Build configuration list for PBXNativeTarget "HalloappTests" */ = {
			isa = XCConfigurationList;
			buildConfigurations = (
				EAF3A1ED2334192000805FF9 /* Debug */,
				EAF3A1EE2334192000805FF9 /* Release */,
			);
			defaultConfigurationIsVisible = 0;
			defaultConfigurationName = Release;
		};
		EAF3A1EF2334192000805FF9 /* Build configuration list for PBXNativeTarget "HalloappUITests" */ = {
			isa = XCConfigurationList;
			buildConfigurations = (
				EAF3A1F02334192000805FF9 /* Debug */,
				EAF3A1F12334192000805FF9 /* Release */,
			);
			defaultConfigurationIsVisible = 0;
			defaultConfigurationName = Release;
		};
/* End XCConfigurationList section */

/* Begin XCVersionGroup section */
		76DF9FEB24122EF900F49CA4 /* Feed.xcdatamodeld */ = {
			isa = XCVersionGroup;
			children = (
				76DF9FEC24122EF900F49CA4 /* Feed.xcdatamodel */,
			);
			currentVersion = 76DF9FEC24122EF900F49CA4 /* Feed.xcdatamodel */;
			path = Feed.xcdatamodeld;
			sourceTree = "<group>";
			versionGroupType = wrapper.xcdatamodel;
		};
		76DF9FEE2412A4E800F49CA4 /* Contacts.xcdatamodeld */ = {
			isa = XCVersionGroup;
			children = (
				76DF9FEF2412A4E800F49CA4 /* Contacts.xcdatamodel */,
			);
			currentVersion = 76DF9FEF2412A4E800F49CA4 /* Contacts.xcdatamodel */;
			path = Contacts.xcdatamodeld;
			sourceTree = "<group>";
			versionGroupType = wrapper.xcdatamodel;
		};
		EAE6152D23970FDC00BB4552 /* Halloapp.xcdatamodeld */ = {
			isa = XCVersionGroup;
			children = (
				EAE6152E23970FDC00BB4552 /* Halloapp.xcdatamodel */,
			);
			currentVersion = EAE6152E23970FDC00BB4552 /* Halloapp.xcdatamodel */;
			path = Halloapp.xcdatamodeld;
			sourceTree = "<group>";
			versionGroupType = wrapper.xcdatamodel;
		};
/* End XCVersionGroup section */
	};
	rootObject = EAF3A1B72334191E00805FF9 /* Project object */;
}
