// !$*UTF8*$!
{
	archiveVersion = 1;
	classes = {
	};
	objectVersion = 51;
	objects = {

/* Begin PBXBuildFile section */
		146B93792405F40500768AC6 /* Font.swift in Sources */ = {isa = PBXBuildFile; fileRef = 146B93782405F40500768AC6 /* Font.swift */; };
		49D1CB440C7C90B50F4E2332 /* Pods_HalloApp.framework in Frameworks */ = {isa = PBXBuildFile; fileRef = C90C695FCA0C4D9E04A558D6 /* Pods_HalloApp.framework */; };
		761905A32459EB07008FC600 /* InputTextView.swift in Sources */ = {isa = PBXBuildFile; fileRef = 761905A22459EB07008FC600 /* InputTextView.swift */; };
		761B3954241C38A300858251 /* XMPPCommonRequests.swift in Sources */ = {isa = PBXBuildFile; fileRef = 761B3953241C38A300858251 /* XMPPCommonRequests.swift */; };
		761B3957241D815800858251 /* SyncManager.swift in Sources */ = {isa = PBXBuildFile; fileRef = 761B3956241D815800858251 /* SyncManager.swift */; };
		761B395E241D91C000858251 /* ABContact+CoreDataClass.swift in Sources */ = {isa = PBXBuildFile; fileRef = 761B395C241D91C000858251 /* ABContact+CoreDataClass.swift */; };
		761B395F241D91C000858251 /* ABContact+CoreDataProperties.swift in Sources */ = {isa = PBXBuildFile; fileRef = 761B395D241D91C000858251 /* ABContact+CoreDataProperties.swift */; };
		761B3962241D9C4D00858251 /* SyncSession.swift in Sources */ = {isa = PBXBuildFile; fileRef = 761B3961241D9C4D00858251 /* SyncSession.swift */; };
		761C6161242D2AE50028AE19 /* DeveloperMenuView.swift in Sources */ = {isa = PBXBuildFile; fileRef = 761C6160242D2AE50028AE19 /* DeveloperMenuView.swift */; };
		761C6168242D89F90028AE19 /* TextLabel.swift in Sources */ = {isa = PBXBuildFile; fileRef = 761C6167242D89F90028AE19 /* TextLabel.swift */; };
		762EDBCA244E2EB700986617 /* Gotham-BlackIta.otf in Resources */ = {isa = PBXBuildFile; fileRef = 762EDBBA244E2EB500986617 /* Gotham-BlackIta.otf */; };
		762EDBCB244E2EB700986617 /* Gotham-Medium.otf in Resources */ = {isa = PBXBuildFile; fileRef = 762EDBBB244E2EB500986617 /* Gotham-Medium.otf */; };
		762EDBCC244E2EB700986617 /* Gotham-UltraIta.otf in Resources */ = {isa = PBXBuildFile; fileRef = 762EDBBC244E2EB600986617 /* Gotham-UltraIta.otf */; };
		762EDBCD244E2EB700986617 /* Gotham-XLightIta.otf in Resources */ = {isa = PBXBuildFile; fileRef = 762EDBBD244E2EB600986617 /* Gotham-XLightIta.otf */; };
		762EDBCE244E2EB700986617 /* Gotham-XLight.otf in Resources */ = {isa = PBXBuildFile; fileRef = 762EDBBE244E2EB600986617 /* Gotham-XLight.otf */; };
		762EDBCF244E2EB700986617 /* Gotham-BoldIta.otf in Resources */ = {isa = PBXBuildFile; fileRef = 762EDBBF244E2EB600986617 /* Gotham-BoldIta.otf */; };
		762EDBD0244E2EB700986617 /* Gotham-Ultra.otf in Resources */ = {isa = PBXBuildFile; fileRef = 762EDBC0244E2EB600986617 /* Gotham-Ultra.otf */; };
		762EDBD1244E2EB700986617 /* Gotham-Book.otf in Resources */ = {isa = PBXBuildFile; fileRef = 762EDBC1244E2EB600986617 /* Gotham-Book.otf */; };
		762EDBD2244E2EB700986617 /* Gotham-Light.otf in Resources */ = {isa = PBXBuildFile; fileRef = 762EDBC2244E2EB600986617 /* Gotham-Light.otf */; };
		762EDBD3244E2EB700986617 /* Gotham-BookIta.otf in Resources */ = {isa = PBXBuildFile; fileRef = 762EDBC3244E2EB600986617 /* Gotham-BookIta.otf */; };
		762EDBD4244E2EB700986617 /* Gotham-Thin.otf in Resources */ = {isa = PBXBuildFile; fileRef = 762EDBC4244E2EB600986617 /* Gotham-Thin.otf */; };
		762EDBD5244E2EB700986617 /* Gotham-LightIta.otf in Resources */ = {isa = PBXBuildFile; fileRef = 762EDBC5244E2EB600986617 /* Gotham-LightIta.otf */; };
		762EDBD6244E2EB700986617 /* Gotham-MediumIta.otf in Resources */ = {isa = PBXBuildFile; fileRef = 762EDBC6244E2EB600986617 /* Gotham-MediumIta.otf */; };
		762EDBD7244E2EB700986617 /* Gotham-Black.otf in Resources */ = {isa = PBXBuildFile; fileRef = 762EDBC7244E2EB700986617 /* Gotham-Black.otf */; };
		762EDBD8244E2EB700986617 /* Gotham-Bold.otf in Resources */ = {isa = PBXBuildFile; fileRef = 762EDBC8244E2EB700986617 /* Gotham-Bold.otf */; };
		762EDBD9244E2EB700986617 /* Gotham-ThinIta.otf in Resources */ = {isa = PBXBuildFile; fileRef = 762EDBC9244E2EB700986617 /* Gotham-ThinIta.otf */; };
		762EDBDB244E344300986617 /* UIFont.swift in Sources */ = {isa = PBXBuildFile; fileRef = 762EDBDA244E344300986617 /* UIFont.swift */; };
		762EDBDD244E5A7800986617 /* HomeView.swift in Sources */ = {isa = PBXBuildFile; fileRef = 762EDBDC244E5A7800986617 /* HomeView.swift */; };
		763B42AC243274F400FF0E82 /* FeedTableViewController.swift in Sources */ = {isa = PBXBuildFile; fileRef = 763B42AB243274F400FF0E82 /* FeedTableViewController.swift */; };
		763B42AE2435A74E00FF0E82 /* Date.swift in Sources */ = {isa = PBXBuildFile; fileRef = 763B42AD2435A74E00FF0E82 /* Date.swift */; };
		764A0E6524453FC900E1BDCE /* NotificationsViewController.swift in Sources */ = {isa = PBXBuildFile; fileRef = 764A0E6424453FC900E1BDCE /* NotificationsViewController.swift */; };
		764A0E68244617D800E1BDCE /* schema.pb.swift in Sources */ = {isa = PBXBuildFile; fileRef = 764A0E67244617D800E1BDCE /* schema.pb.swift */; };
		76538090243D4B33000AD9A1 /* FeedPost+CoreDataClass.swift in Sources */ = {isa = PBXBuildFile; fileRef = 76538088243D4B32000AD9A1 /* FeedPost+CoreDataClass.swift */; };
		76538091243D4B33000AD9A1 /* FeedNotification+CoreDataClass.swift in Sources */ = {isa = PBXBuildFile; fileRef = 76538089243D4B32000AD9A1 /* FeedNotification+CoreDataClass.swift */; };
		76538092243D4B33000AD9A1 /* FeedPostComment+CoreDataClass.swift in Sources */ = {isa = PBXBuildFile; fileRef = 7653808A243D4B32000AD9A1 /* FeedPostComment+CoreDataClass.swift */; };
		76538093243D4B33000AD9A1 /* FeedPost+CoreDataProperties.swift in Sources */ = {isa = PBXBuildFile; fileRef = 7653808B243D4B32000AD9A1 /* FeedPost+CoreDataProperties.swift */; };
		76538094243D4B33000AD9A1 /* FeedNotification+CoreDataProperties.swift in Sources */ = {isa = PBXBuildFile; fileRef = 7653808C243D4B32000AD9A1 /* FeedNotification+CoreDataProperties.swift */; };
		76538095243D4B33000AD9A1 /* FeedPostMedia+CoreDataClass.swift in Sources */ = {isa = PBXBuildFile; fileRef = 7653808D243D4B32000AD9A1 /* FeedPostMedia+CoreDataClass.swift */; };
		76538096243D4B33000AD9A1 /* FeedPostComment+CoreDataProperties.swift in Sources */ = {isa = PBXBuildFile; fileRef = 7653808E243D4B32000AD9A1 /* FeedPostComment+CoreDataProperties.swift */; };
		76538097243D4B33000AD9A1 /* FeedPostMedia+CoreDataProperties.swift in Sources */ = {isa = PBXBuildFile; fileRef = 7653808F243D4B32000AD9A1 /* FeedPostMedia+CoreDataProperties.swift */; };
		76538099243D4C08000AD9A1 /* FeedDownloadManager.swift in Sources */ = {isa = PBXBuildFile; fileRef = 76538098243D4C08000AD9A1 /* FeedDownloadManager.swift */; };
		766492232450DDB9009BC368 /* BadgedButton.swift in Sources */ = {isa = PBXBuildFile; fileRef = 766492222450DDB9009BC368 /* BadgedButton.swift */; };
		766492252450E04D009BC368 /* BadgeView.swift in Sources */ = {isa = PBXBuildFile; fileRef = 766492242450E04D009BC368 /* BadgeView.swift */; };
		76649227245119F2009BC368 /* FeedNotifications.swift in Sources */ = {isa = PBXBuildFile; fileRef = 76649226245119F2009BC368 /* FeedNotifications.swift */; };
		76A92444244E659600794859 /* FeedViewController.swift in Sources */ = {isa = PBXBuildFile; fileRef = 76A92443244E659600794859 /* FeedViewController.swift */; };
		76A92449244EBCB600794859 /* ShapeView.swift in Sources */ = {isa = PBXBuildFile; fileRef = 76A92448244EBCB600794859 /* ShapeView.swift */; };
		76A9244B244EC49000794859 /* UIView.swift in Sources */ = {isa = PBXBuildFile; fileRef = 76A9244A244EC49000794859 /* UIView.swift */; };
		76B95CD72429331D007435AC /* CommentsViewController.swift in Sources */ = {isa = PBXBuildFile; fileRef = 76B95CD62429331D007435AC /* CommentsViewController.swift */; };
		76B95CDE24295AB5007435AC /* CommentView.swift in Sources */ = {isa = PBXBuildFile; fileRef = 76B95CDD24295AB5007435AC /* CommentView.swift */; };
		76B95CE4242A7A3F007435AC /* CommentInputView.swift in Sources */ = {isa = PBXBuildFile; fileRef = 76B95CE3242A7A3F007435AC /* CommentInputView.swift */; };
		76C69E432447A9A200338D4C /* XMPPFeed.swift in Sources */ = {isa = PBXBuildFile; fileRef = 76C69E422447A9A200338D4C /* XMPPFeed.swift */; };
		76C69E482447E3B100338D4C /* Data.swift in Sources */ = {isa = PBXBuildFile; fileRef = 76C69E472447E3B100338D4C /* Data.swift */; };
		76C69E4D2447E6D500338D4C /* UIApplication.swift in Sources */ = {isa = PBXBuildFile; fileRef = 76C69E4C2447E6D500338D4C /* UIApplication.swift */; };
		76DF9FED24122EF900F49CA4 /* Feed.xcdatamodeld in Sources */ = {isa = PBXBuildFile; fileRef = 76DF9FEB24122EF900F49CA4 /* Feed.xcdatamodeld */; };
		76DF9FF02412A4E800F49CA4 /* Contacts.xcdatamodeld in Sources */ = {isa = PBXBuildFile; fileRef = 76DF9FEE2412A4E800F49CA4 /* Contacts.xcdatamodeld */; };
		76DF9FF62412E6E700F49CA4 /* ContactStore.swift in Sources */ = {isa = PBXBuildFile; fileRef = 76DF9FF52412E6E700F49CA4 /* ContactStore.swift */; };
		76DF9FF924132C1600F49CA4 /* AppContext.swift in Sources */ = {isa = PBXBuildFile; fileRef = 76DF9FF824132C1600F49CA4 /* AppContext.swift */; };
		76DF9FFB2416ADF900F49CA4 /* String.swift in Sources */ = {isa = PBXBuildFile; fileRef = 76DF9FFA2416ADF900F49CA4 /* String.swift */; };
		76DFA0032419563500F49CA4 /* XMPPRequest.swift in Sources */ = {isa = PBXBuildFile; fileRef = 76DFA0022419563500F49CA4 /* XMPPRequest.swift */; };
		76DFA00524195F2400F49CA4 /* XMPPContactSyncRequest.swift in Sources */ = {isa = PBXBuildFile; fileRef = 76DFA00424195F2400F49CA4 /* XMPPContactSyncRequest.swift */; };
		76DFA0072419BC1F00F49CA4 /* XMPPError.swift in Sources */ = {isa = PBXBuildFile; fileRef = 76DFA0062419BC1F00F49CA4 /* XMPPError.swift */; };
		EA0C315723EB97C800016EDB /* PostComposerView.swift in Sources */ = {isa = PBXBuildFile; fileRef = EA0C315623EB97C800016EDB /* PostComposerView.swift */; };
		EA0D20072363AC4D008B8289 /* Landing.swift in Sources */ = {isa = PBXBuildFile; fileRef = EA0D20062363AC4D008B8289 /* Landing.swift */; };
		EA0D20092363AD74008B8289 /* AuthRouter.swift in Sources */ = {isa = PBXBuildFile; fileRef = EA0D20082363AD74008B8289 /* AuthRouter.swift */; };
		EA0D20152368B04B008B8289 /* FeedData.swift in Sources */ = {isa = PBXBuildFile; fileRef = EA0D20142368B04B008B8289 /* FeedData.swift */; };
		EA0E64CB234BF4BC006A22EB /* XMPPController.swift in Sources */ = {isa = PBXBuildFile; fileRef = EA0E64CA234BF4BC006A22EB /* XMPPController.swift */; };
		EA12006924209903008BFFAD /* VideoUtils.swift in Sources */ = {isa = PBXBuildFile; fileRef = EA12006824209903008BFFAD /* VideoUtils.swift */; };
		EA3585712450BE2900E6E8AB /* Chat.xcdatamodeld in Sources */ = {isa = PBXBuildFile; fileRef = EA35856C2450BE2900E6E8AB /* Chat.xcdatamodeld */; };
		EA3585732450BE2900E6E8AB /* ChatData.swift in Sources */ = {isa = PBXBuildFile; fileRef = EA35856F2450BE2900E6E8AB /* ChatData.swift */; };
		EA3585792450BE3300E6E8AB /* ChatViewController.swift in Sources */ = {isa = PBXBuildFile; fileRef = EA3585742450BE3300E6E8AB /* ChatViewController.swift */; };
		EA35857A2450BE3300E6E8AB /* ChatInputView.swift in Sources */ = {isa = PBXBuildFile; fileRef = EA3585752450BE3300E6E8AB /* ChatInputView.swift */; };
		EA35857C2450BE3300E6E8AB /* ChatView.swift in Sources */ = {isa = PBXBuildFile; fileRef = EA3585772450BE3300E6E8AB /* ChatView.swift */; };
		EA35857D2450BE3300E6E8AB /* ChatUserView.swift in Sources */ = {isa = PBXBuildFile; fileRef = EA3585782450BE3300E6E8AB /* ChatUserView.swift */; };
		EA3861ED23342C7C00705943 /* Login.swift in Sources */ = {isa = PBXBuildFile; fileRef = EA3861EC23342C7C00705943 /* Login.swift */; };
		EA454B64234E769F002B960D /* ProfileViewController.swift in Sources */ = {isa = PBXBuildFile; fileRef = EA454B63234E769F002B960D /* ProfileViewController.swift */; };
		EA45712723EB79DB008C2E44 /* CoreDataManager.swift in Sources */ = {isa = PBXBuildFile; fileRef = EA45712623EB79DB008C2E44 /* CoreDataManager.swift */; };
		EA45712F23EB7D94008C2E44 /* FeedDataItem.swift in Sources */ = {isa = PBXBuildFile; fileRef = EA45712E23EB7D94008C2E44 /* FeedDataItem.swift */; };
		EA45713323EB7DB3008C2E44 /* FeedMedia.swift in Sources */ = {isa = PBXBuildFile; fileRef = EA45713223EB7DB3008C2E44 /* FeedMedia.swift */; };
		EA45713723EB7DF5008C2E44 /* UserCore.swift in Sources */ = {isa = PBXBuildFile; fileRef = EA45713623EB7DF5008C2E44 /* UserCore.swift */; };
		EA45713923EB7EC8008C2E44 /* MediaCell.swift in Sources */ = {isa = PBXBuildFile; fileRef = EA45713823EB7EC8008C2E44 /* MediaCell.swift */; };
		EA45713B23EB7EDE008C2E44 /* PinchZoomView.swift in Sources */ = {isa = PBXBuildFile; fileRef = EA45713A23EB7EDE008C2E44 /* PinchZoomView.swift */; };
		EA45713D23EB7F47008C2E44 /* MediaSlider.swift in Sources */ = {isa = PBXBuildFile; fileRef = EA45713C23EB7F47008C2E44 /* MediaSlider.swift */; };
		EA45713F23EB7F76008C2E44 /* WMediaSlider.swift in Sources */ = {isa = PBXBuildFile; fileRef = EA45713E23EB7F76008C2E44 /* WMediaSlider.swift */; };
		EA4AAEA023C7B77000D7EB15 /* ImageServer.swift in Sources */ = {isa = PBXBuildFile; fileRef = EA4AAE9F23C7B77000D7EB15 /* ImageServer.swift */; };
		EA52EB18245A012700FB03F6 /* NewMessageViewController.swift in Sources */ = {isa = PBXBuildFile; fileRef = EA52EB17245A012700FB03F6 /* NewMessageViewController.swift */; };
		EA53556923CCF0CD001DF10F /* KeyboardResponder.swift in Sources */ = {isa = PBXBuildFile; fileRef = EA53556823CCF0CD001DF10F /* KeyboardResponder.swift */; };
		EA56404E233D373800E68A7E /* Verification.swift in Sources */ = {isa = PBXBuildFile; fileRef = EA56404D233D373800E68A7E /* Verification.swift */; };
		EA5B9FC5237CF2B300184F76 /* CameraPickerView.swift in Sources */ = {isa = PBXBuildFile; fileRef = EA5B9FC4237CF2B300184F76 /* CameraPickerView.swift */; };
		EA6057BB239AD26D005DED66 /* MetaData.swift in Sources */ = {isa = PBXBuildFile; fileRef = EA6057BA239AD26D005DED66 /* MetaData.swift */; };
		EA72F2122335A0A3008B696F /* UserData.swift in Sources */ = {isa = PBXBuildFile; fileRef = EA72F2112335A0A3008B696F /* UserData.swift */; };
		EA8D4721233C25B8006E2BA5 /* Verify.swift in Sources */ = {isa = PBXBuildFile; fileRef = EA8D4720233C25B8006E2BA5 /* Verify.swift */; };
		EAA6DEC42383A4E800C6D9C8 /* TextView.swift in Sources */ = {isa = PBXBuildFile; fileRef = EAA6DEC32383A4E800C6D9C8 /* TextView.swift */; };
		EAB03B7B2400517500643EB6 /* MailView.swift in Sources */ = {isa = PBXBuildFile; fileRef = EAB03B7A2400517500643EB6 /* MailView.swift */; };
		EAB03B7F2400519400643EB6 /* WAVPlayer.swift in Sources */ = {isa = PBXBuildFile; fileRef = EAB03B7E2400519400643EB6 /* WAVPlayer.swift */; };
		EABF312623EE1F240039B5A6 /* Array.swift in Sources */ = {isa = PBXBuildFile; fileRef = EABF312523EE1F240039B5A6 /* Array.swift */; };
		EABF312923EE1FC20039B5A6 /* Digest.swift in Sources */ = {isa = PBXBuildFile; fileRef = EABF312823EE1FC20039B5A6 /* Digest.swift */; };
		EABF312B23EE20E10039B5A6 /* UIImage.swift in Sources */ = {isa = PBXBuildFile; fileRef = EABF312A23EE20E10039B5A6 /* UIImage.swift */; };
		EABF313123F229350039B5A6 /* MediaCrypter.swift in Sources */ = {isa = PBXBuildFile; fileRef = EABF313023F229350039B5A6 /* MediaCrypter.swift */; };
		EAC4AF23233E8DAB00739B2B /* ImageLoader.swift in Sources */ = {isa = PBXBuildFile; fileRef = EAC4AF22233E8DAB00739B2B /* ImageLoader.swift */; };
		EAC7E8F92385A6B700F5E711 /* SettingsView.swift in Sources */ = {isa = PBXBuildFile; fileRef = EAC7E8F82385A6B700F5E711 /* SettingsView.swift */; };
		EAC84CEA2422E05700A5AAEF /* XMPPFeedRequests.swift in Sources */ = {isa = PBXBuildFile; fileRef = EAC84CE92422E05700A5AAEF /* XMPPFeedRequests.swift */; };
		EAD476CD245513EF00EF8591 /* ChatListViewController.swift in Sources */ = {isa = PBXBuildFile; fileRef = EAD476CC245513EF00EF8591 /* ChatListViewController.swift */; };
		EAD476D02457B09600EF8591 /* MessageComposerView.swift in Sources */ = {isa = PBXBuildFile; fileRef = EAD476CF2457B09600EF8591 /* MessageComposerView.swift */; };
		EAD476D324588E0000EF8591 /* ChatMediaSlider.swift in Sources */ = {isa = PBXBuildFile; fileRef = EAD476D224588E0000EF8591 /* ChatMediaSlider.swift */; };
		EAD476F22458F03700EF8591 /* ChatMedia+CoreDataClass.swift in Sources */ = {isa = PBXBuildFile; fileRef = EAD476EC2458F03700EF8591 /* ChatMedia+CoreDataClass.swift */; };
		EAD476F32458F03700EF8591 /* ChatMedia+CoreDataProperties.swift in Sources */ = {isa = PBXBuildFile; fileRef = EAD476ED2458F03700EF8591 /* ChatMedia+CoreDataProperties.swift */; };
		EAD476F42458F03700EF8591 /* ChatThread+CoreDataClass.swift in Sources */ = {isa = PBXBuildFile; fileRef = EAD476EE2458F03700EF8591 /* ChatThread+CoreDataClass.swift */; };
		EAD476F52458F03700EF8591 /* ChatThread+CoreDataProperties.swift in Sources */ = {isa = PBXBuildFile; fileRef = EAD476EF2458F03700EF8591 /* ChatThread+CoreDataProperties.swift */; };
		EAD476F62458F03700EF8591 /* ChatMessage+CoreDataClass.swift in Sources */ = {isa = PBXBuildFile; fileRef = EAD476F02458F03700EF8591 /* ChatMessage+CoreDataClass.swift */; };
		EAD476F72458F03700EF8591 /* ChatMessage+CoreDataProperties.swift in Sources */ = {isa = PBXBuildFile; fileRef = EAD476F12458F03700EF8591 /* ChatMessage+CoreDataProperties.swift */; };
		EAD476F92458F9FE00EF8591 /* ChatMessageMedia.swift in Sources */ = {isa = PBXBuildFile; fileRef = EAD476F82458F9FE00EF8591 /* ChatMessageMedia.swift */; };
		EAE6152F23970FDC00BB4552 /* Halloapp.xcdatamodeld in Sources */ = {isa = PBXBuildFile; fileRef = EAE6152D23970FDC00BB4552 /* Halloapp.xcdatamodeld */; };
		EAF3A1C32334191E00805FF9 /* AppDelegate.swift in Sources */ = {isa = PBXBuildFile; fileRef = EAF3A1C22334191E00805FF9 /* AppDelegate.swift */; };
		EAF3A1C52334191E00805FF9 /* SceneDelegate.swift in Sources */ = {isa = PBXBuildFile; fileRef = EAF3A1C42334191E00805FF9 /* SceneDelegate.swift */; };
		EAF3A1C92334192000805FF9 /* Assets.xcassets in Resources */ = {isa = PBXBuildFile; fileRef = EAF3A1C82334192000805FF9 /* Assets.xcassets */; };
		EAF3A1CC2334192000805FF9 /* Preview Assets.xcassets in Resources */ = {isa = PBXBuildFile; fileRef = EAF3A1CB2334192000805FF9 /* Preview Assets.xcassets */; };
		EAF3A1CF2334192000805FF9 /* LaunchScreen.storyboard in Resources */ = {isa = PBXBuildFile; fileRef = EAF3A1CD2334192000805FF9 /* LaunchScreen.storyboard */; };
		EAF3A1DA2334192000805FF9 /* HalloappTests.swift in Sources */ = {isa = PBXBuildFile; fileRef = EAF3A1D92334192000805FF9 /* HalloappTests.swift */; };
		EAF3A1E52334192000805FF9 /* HalloappUITests.swift in Sources */ = {isa = PBXBuildFile; fileRef = EAF3A1E42334192000805FF9 /* HalloappUITests.swift */; };
		EAF4F736237DEC2C006885F0 /* YPPicker.swift in Sources */ = {isa = PBXBuildFile; fileRef = EAF4F735237DEC2C006885F0 /* YPPicker.swift */; };
/* End PBXBuildFile section */

/* Begin PBXContainerItemProxy section */
		EAF3A1D62334192000805FF9 /* PBXContainerItemProxy */ = {
			isa = PBXContainerItemProxy;
			containerPortal = EAF3A1B72334191E00805FF9 /* Project object */;
			proxyType = 1;
			remoteGlobalIDString = EAF3A1BE2334191E00805FF9;
			remoteInfo = Halloapp;
		};
		EAF3A1E12334192000805FF9 /* PBXContainerItemProxy */ = {
			isa = PBXContainerItemProxy;
			containerPortal = EAF3A1B72334191E00805FF9 /* Project object */;
			proxyType = 1;
			remoteGlobalIDString = EAF3A1BE2334191E00805FF9;
			remoteInfo = Halloapp;
		};
/* End PBXContainerItemProxy section */

/* Begin PBXFileReference section */
		0A10ECAA6E6D27E8228BF638 /* Pods-Halloapp.debug.xcconfig */ = {isa = PBXFileReference; includeInIndex = 1; lastKnownFileType = text.xcconfig; name = "Pods-Halloapp.debug.xcconfig"; path = "Target Support Files/Pods-Halloapp/Pods-Halloapp.debug.xcconfig"; sourceTree = "<group>"; };
		146B93782405F40500768AC6 /* Font.swift */ = {isa = PBXFileReference; lastKnownFileType = sourcecode.swift; path = Font.swift; sourceTree = "<group>"; };
		19EEB8C1053B72CEAD800A0C /* Pods-HalloApp.release.xcconfig */ = {isa = PBXFileReference; includeInIndex = 1; lastKnownFileType = text.xcconfig; name = "Pods-HalloApp.release.xcconfig"; path = "Target Support Files/Pods-HalloApp/Pods-HalloApp.release.xcconfig"; sourceTree = "<group>"; };
		368056ED77A75DB993231195 /* Pods-Halloapp.release.xcconfig */ = {isa = PBXFileReference; includeInIndex = 1; lastKnownFileType = text.xcconfig; name = "Pods-Halloapp.release.xcconfig"; path = "Target Support Files/Pods-Halloapp/Pods-Halloapp.release.xcconfig"; sourceTree = "<group>"; };
		761905A22459EB07008FC600 /* InputTextView.swift */ = {isa = PBXFileReference; lastKnownFileType = sourcecode.swift; name = InputTextView.swift; path = HalloApp/Components/Views/InputTextView.swift; sourceTree = SOURCE_ROOT; };
		761B3953241C38A300858251 /* XMPPCommonRequests.swift */ = {isa = PBXFileReference; lastKnownFileType = sourcecode.swift; path = XMPPCommonRequests.swift; sourceTree = "<group>"; };
		761B3956241D815800858251 /* SyncManager.swift */ = {isa = PBXFileReference; lastKnownFileType = sourcecode.swift; path = SyncManager.swift; sourceTree = "<group>"; };
		761B395C241D91C000858251 /* ABContact+CoreDataClass.swift */ = {isa = PBXFileReference; lastKnownFileType = sourcecode.swift; path = "ABContact+CoreDataClass.swift"; sourceTree = "<group>"; };
		761B395D241D91C000858251 /* ABContact+CoreDataProperties.swift */ = {isa = PBXFileReference; lastKnownFileType = sourcecode.swift; path = "ABContact+CoreDataProperties.swift"; sourceTree = "<group>"; };
		761B3961241D9C4D00858251 /* SyncSession.swift */ = {isa = PBXFileReference; lastKnownFileType = sourcecode.swift; path = SyncSession.swift; sourceTree = "<group>"; };
		761C6160242D2AE50028AE19 /* DeveloperMenuView.swift */ = {isa = PBXFileReference; lastKnownFileType = sourcecode.swift; name = DeveloperMenuView.swift; path = HalloApp/Views/Home/Profile/DeveloperMenuView.swift; sourceTree = SOURCE_ROOT; };
		761C6167242D89F90028AE19 /* TextLabel.swift */ = {isa = PBXFileReference; lastKnownFileType = sourcecode.swift; name = TextLabel.swift; path = HalloApp/Components/Views/TextLabel.swift; sourceTree = SOURCE_ROOT; };
		762EDBBA244E2EB500986617 /* Gotham-BlackIta.otf */ = {isa = PBXFileReference; lastKnownFileType = file; name = "Gotham-BlackIta.otf"; path = "HalloApp/Resources/Fonts/Gotham-BlackIta.otf"; sourceTree = SOURCE_ROOT; };
		762EDBBB244E2EB500986617 /* Gotham-Medium.otf */ = {isa = PBXFileReference; lastKnownFileType = file; name = "Gotham-Medium.otf"; path = "HalloApp/Resources/Fonts/Gotham-Medium.otf"; sourceTree = SOURCE_ROOT; };
		762EDBBC244E2EB600986617 /* Gotham-UltraIta.otf */ = {isa = PBXFileReference; lastKnownFileType = file; name = "Gotham-UltraIta.otf"; path = "HalloApp/Resources/Fonts/Gotham-UltraIta.otf"; sourceTree = SOURCE_ROOT; };
		762EDBBD244E2EB600986617 /* Gotham-XLightIta.otf */ = {isa = PBXFileReference; lastKnownFileType = file; name = "Gotham-XLightIta.otf"; path = "HalloApp/Resources/Fonts/Gotham-XLightIta.otf"; sourceTree = SOURCE_ROOT; };
		762EDBBE244E2EB600986617 /* Gotham-XLight.otf */ = {isa = PBXFileReference; lastKnownFileType = file; name = "Gotham-XLight.otf"; path = "HalloApp/Resources/Fonts/Gotham-XLight.otf"; sourceTree = SOURCE_ROOT; };
		762EDBBF244E2EB600986617 /* Gotham-BoldIta.otf */ = {isa = PBXFileReference; lastKnownFileType = file; name = "Gotham-BoldIta.otf"; path = "HalloApp/Resources/Fonts/Gotham-BoldIta.otf"; sourceTree = SOURCE_ROOT; };
		762EDBC0244E2EB600986617 /* Gotham-Ultra.otf */ = {isa = PBXFileReference; lastKnownFileType = file; name = "Gotham-Ultra.otf"; path = "HalloApp/Resources/Fonts/Gotham-Ultra.otf"; sourceTree = SOURCE_ROOT; };
		762EDBC1244E2EB600986617 /* Gotham-Book.otf */ = {isa = PBXFileReference; lastKnownFileType = file; name = "Gotham-Book.otf"; path = "HalloApp/Resources/Fonts/Gotham-Book.otf"; sourceTree = SOURCE_ROOT; };
		762EDBC2244E2EB600986617 /* Gotham-Light.otf */ = {isa = PBXFileReference; lastKnownFileType = file; name = "Gotham-Light.otf"; path = "HalloApp/Resources/Fonts/Gotham-Light.otf"; sourceTree = SOURCE_ROOT; };
		762EDBC3244E2EB600986617 /* Gotham-BookIta.otf */ = {isa = PBXFileReference; lastKnownFileType = file; name = "Gotham-BookIta.otf"; path = "HalloApp/Resources/Fonts/Gotham-BookIta.otf"; sourceTree = SOURCE_ROOT; };
		762EDBC4244E2EB600986617 /* Gotham-Thin.otf */ = {isa = PBXFileReference; lastKnownFileType = file; name = "Gotham-Thin.otf"; path = "HalloApp/Resources/Fonts/Gotham-Thin.otf"; sourceTree = SOURCE_ROOT; };
		762EDBC5244E2EB600986617 /* Gotham-LightIta.otf */ = {isa = PBXFileReference; lastKnownFileType = file; name = "Gotham-LightIta.otf"; path = "HalloApp/Resources/Fonts/Gotham-LightIta.otf"; sourceTree = SOURCE_ROOT; };
		762EDBC6244E2EB600986617 /* Gotham-MediumIta.otf */ = {isa = PBXFileReference; lastKnownFileType = file; name = "Gotham-MediumIta.otf"; path = "HalloApp/Resources/Fonts/Gotham-MediumIta.otf"; sourceTree = SOURCE_ROOT; };
		762EDBC7244E2EB700986617 /* Gotham-Black.otf */ = {isa = PBXFileReference; lastKnownFileType = file; name = "Gotham-Black.otf"; path = "HalloApp/Resources/Fonts/Gotham-Black.otf"; sourceTree = SOURCE_ROOT; };
		762EDBC8244E2EB700986617 /* Gotham-Bold.otf */ = {isa = PBXFileReference; lastKnownFileType = file; name = "Gotham-Bold.otf"; path = "HalloApp/Resources/Fonts/Gotham-Bold.otf"; sourceTree = SOURCE_ROOT; };
		762EDBC9244E2EB700986617 /* Gotham-ThinIta.otf */ = {isa = PBXFileReference; lastKnownFileType = file; name = "Gotham-ThinIta.otf"; path = "HalloApp/Resources/Fonts/Gotham-ThinIta.otf"; sourceTree = SOURCE_ROOT; };
		762EDBDA244E344300986617 /* UIFont.swift */ = {isa = PBXFileReference; lastKnownFileType = sourcecode.swift; name = UIFont.swift; path = HalloApp/Components/Extensions/UIFont.swift; sourceTree = SOURCE_ROOT; };
		762EDBDC244E5A7800986617 /* HomeView.swift */ = {isa = PBXFileReference; lastKnownFileType = sourcecode.swift; name = HomeView.swift; path = HalloApp/Views/Home/HomeView.swift; sourceTree = SOURCE_ROOT; };
		763B42AB243274F400FF0E82 /* FeedTableViewController.swift */ = {isa = PBXFileReference; lastKnownFileType = sourcecode.swift; name = FeedTableViewController.swift; path = HalloApp/Views/Home/Feed/FeedList/FeedTableViewController.swift; sourceTree = SOURCE_ROOT; };
		763B42AD2435A74E00FF0E82 /* Date.swift */ = {isa = PBXFileReference; lastKnownFileType = sourcecode.swift; name = Date.swift; path = HalloApp/Components/Extensions/Date.swift; sourceTree = SOURCE_ROOT; };
		764A0E6424453FC900E1BDCE /* NotificationsViewController.swift */ = {isa = PBXFileReference; fileEncoding = 4; lastKnownFileType = sourcecode.swift; path = NotificationsViewController.swift; sourceTree = "<group>"; };
		764A0E67244617D800E1BDCE /* schema.pb.swift */ = {isa = PBXFileReference; fileEncoding = 4; lastKnownFileType = sourcecode.swift; name = schema.pb.swift; path = HalloApp/Proto/schema.pb.swift; sourceTree = SOURCE_ROOT; };
		76538088243D4B32000AD9A1 /* FeedPost+CoreDataClass.swift */ = {isa = PBXFileReference; fileEncoding = 4; lastKnownFileType = sourcecode.swift; name = "FeedPost+CoreDataClass.swift"; path = "HalloApp/Models/Feed/CoreData Stack/FeedPost+CoreDataClass.swift"; sourceTree = SOURCE_ROOT; };
		76538089243D4B32000AD9A1 /* FeedNotification+CoreDataClass.swift */ = {isa = PBXFileReference; fileEncoding = 4; lastKnownFileType = sourcecode.swift; name = "FeedNotification+CoreDataClass.swift"; path = "HalloApp/Models/Feed/CoreData Stack/FeedNotification+CoreDataClass.swift"; sourceTree = SOURCE_ROOT; };
		7653808A243D4B32000AD9A1 /* FeedPostComment+CoreDataClass.swift */ = {isa = PBXFileReference; fileEncoding = 4; lastKnownFileType = sourcecode.swift; name = "FeedPostComment+CoreDataClass.swift"; path = "HalloApp/Models/Feed/CoreData Stack/FeedPostComment+CoreDataClass.swift"; sourceTree = SOURCE_ROOT; };
		7653808B243D4B32000AD9A1 /* FeedPost+CoreDataProperties.swift */ = {isa = PBXFileReference; fileEncoding = 4; lastKnownFileType = sourcecode.swift; name = "FeedPost+CoreDataProperties.swift"; path = "HalloApp/Models/Feed/CoreData Stack/FeedPost+CoreDataProperties.swift"; sourceTree = SOURCE_ROOT; };
		7653808C243D4B32000AD9A1 /* FeedNotification+CoreDataProperties.swift */ = {isa = PBXFileReference; fileEncoding = 4; lastKnownFileType = sourcecode.swift; name = "FeedNotification+CoreDataProperties.swift"; path = "HalloApp/Models/Feed/CoreData Stack/FeedNotification+CoreDataProperties.swift"; sourceTree = SOURCE_ROOT; };
		7653808D243D4B32000AD9A1 /* FeedPostMedia+CoreDataClass.swift */ = {isa = PBXFileReference; fileEncoding = 4; lastKnownFileType = sourcecode.swift; name = "FeedPostMedia+CoreDataClass.swift"; path = "HalloApp/Models/Feed/CoreData Stack/FeedPostMedia+CoreDataClass.swift"; sourceTree = SOURCE_ROOT; };
		7653808E243D4B32000AD9A1 /* FeedPostComment+CoreDataProperties.swift */ = {isa = PBXFileReference; fileEncoding = 4; lastKnownFileType = sourcecode.swift; name = "FeedPostComment+CoreDataProperties.swift"; path = "HalloApp/Models/Feed/CoreData Stack/FeedPostComment+CoreDataProperties.swift"; sourceTree = SOURCE_ROOT; };
		7653808F243D4B32000AD9A1 /* FeedPostMedia+CoreDataProperties.swift */ = {isa = PBXFileReference; fileEncoding = 4; lastKnownFileType = sourcecode.swift; name = "FeedPostMedia+CoreDataProperties.swift"; path = "HalloApp/Models/Feed/CoreData Stack/FeedPostMedia+CoreDataProperties.swift"; sourceTree = SOURCE_ROOT; };
		76538098243D4C08000AD9A1 /* FeedDownloadManager.swift */ = {isa = PBXFileReference; lastKnownFileType = sourcecode.swift; name = FeedDownloadManager.swift; path = HalloApp/Models/Feed/FeedDownloadManager.swift; sourceTree = SOURCE_ROOT; };
		766492222450DDB9009BC368 /* BadgedButton.swift */ = {isa = PBXFileReference; lastKnownFileType = sourcecode.swift; name = BadgedButton.swift; path = HalloApp/Components/Views/BadgedButton.swift; sourceTree = SOURCE_ROOT; };
		766492242450E04D009BC368 /* BadgeView.swift */ = {isa = PBXFileReference; lastKnownFileType = sourcecode.swift; name = BadgeView.swift; path = HalloApp/Components/Views/BadgeView.swift; sourceTree = SOURCE_ROOT; };
		76649226245119F2009BC368 /* FeedNotifications.swift */ = {isa = PBXFileReference; lastKnownFileType = sourcecode.swift; name = FeedNotifications.swift; path = HalloApp/Models/Feed/FeedNotifications.swift; sourceTree = SOURCE_ROOT; };
		76A92443244E659600794859 /* FeedViewController.swift */ = {isa = PBXFileReference; lastKnownFileType = sourcecode.swift; name = FeedViewController.swift; path = HalloApp/Views/Home/Feed/FeedViewController.swift; sourceTree = SOURCE_ROOT; };
		76A92448244EBCB600794859 /* ShapeView.swift */ = {isa = PBXFileReference; lastKnownFileType = sourcecode.swift; name = ShapeView.swift; path = HalloApp/Components/Views/ShapeView.swift; sourceTree = SOURCE_ROOT; };
		76A9244A244EC49000794859 /* UIView.swift */ = {isa = PBXFileReference; lastKnownFileType = sourcecode.swift; name = UIView.swift; path = HalloApp/Components/Extensions/UIView.swift; sourceTree = SOURCE_ROOT; };
		76B95CD62429331D007435AC /* CommentsViewController.swift */ = {isa = PBXFileReference; lastKnownFileType = sourcecode.swift; name = CommentsViewController.swift; path = HalloApp/Views/Home/Feed/Comment/CommentsViewController.swift; sourceTree = SOURCE_ROOT; };
		76B95CDD24295AB5007435AC /* CommentView.swift */ = {isa = PBXFileReference; lastKnownFileType = sourcecode.swift; name = CommentView.swift; path = HalloApp/Views/Home/Feed/Comment/CommentView.swift; sourceTree = SOURCE_ROOT; };
		76B95CE3242A7A3F007435AC /* CommentInputView.swift */ = {isa = PBXFileReference; lastKnownFileType = sourcecode.swift; name = CommentInputView.swift; path = HalloApp/Views/Home/Feed/Comment/CommentInputView.swift; sourceTree = SOURCE_ROOT; };
		76C69E422447A9A200338D4C /* XMPPFeed.swift */ = {isa = PBXFileReference; lastKnownFileType = sourcecode.swift; name = XMPPFeed.swift; path = HalloApp/Models/XMPP/XMPPFeed.swift; sourceTree = SOURCE_ROOT; };
		76C69E472447E3B100338D4C /* Data.swift */ = {isa = PBXFileReference; lastKnownFileType = sourcecode.swift; name = Data.swift; path = HalloApp/Components/Extensions/Data.swift; sourceTree = SOURCE_ROOT; };
		76C69E4C2447E6D500338D4C /* UIApplication.swift */ = {isa = PBXFileReference; lastKnownFileType = sourcecode.swift; name = UIApplication.swift; path = HalloApp/Components/Extensions/UIApplication.swift; sourceTree = SOURCE_ROOT; };
		76DF9FEC24122EF900F49CA4 /* Feed.xcdatamodel */ = {isa = PBXFileReference; lastKnownFileType = wrapper.xcdatamodel; path = Feed.xcdatamodel; sourceTree = "<group>"; };
		76DF9FEF2412A4E800F49CA4 /* Contacts.xcdatamodel */ = {isa = PBXFileReference; lastKnownFileType = wrapper.xcdatamodel; path = Contacts.xcdatamodel; sourceTree = "<group>"; };
		76DF9FF52412E6E700F49CA4 /* ContactStore.swift */ = {isa = PBXFileReference; lastKnownFileType = sourcecode.swift; path = ContactStore.swift; sourceTree = "<group>"; };
		76DF9FF824132C1600F49CA4 /* AppContext.swift */ = {isa = PBXFileReference; lastKnownFileType = sourcecode.swift; path = AppContext.swift; sourceTree = "<group>"; };
		76DF9FFA2416ADF900F49CA4 /* String.swift */ = {isa = PBXFileReference; lastKnownFileType = sourcecode.swift; path = String.swift; sourceTree = "<group>"; };
		76DFA0022419563500F49CA4 /* XMPPRequest.swift */ = {isa = PBXFileReference; lastKnownFileType = sourcecode.swift; path = XMPPRequest.swift; sourceTree = "<group>"; };
		76DFA00424195F2400F49CA4 /* XMPPContactSyncRequest.swift */ = {isa = PBXFileReference; lastKnownFileType = sourcecode.swift; path = XMPPContactSyncRequest.swift; sourceTree = "<group>"; };
		76DFA0062419BC1F00F49CA4 /* XMPPError.swift */ = {isa = PBXFileReference; lastKnownFileType = sourcecode.swift; path = XMPPError.swift; sourceTree = "<group>"; };
		8339060CD4B90E0C534CA418 /* Pods-HalloApp.debug.xcconfig */ = {isa = PBXFileReference; includeInIndex = 1; lastKnownFileType = text.xcconfig; name = "Pods-HalloApp.debug.xcconfig"; path = "Target Support Files/Pods-HalloApp/Pods-HalloApp.debug.xcconfig"; sourceTree = "<group>"; };
		C90C695FCA0C4D9E04A558D6 /* Pods_HalloApp.framework */ = {isa = PBXFileReference; explicitFileType = wrapper.framework; includeInIndex = 0; path = Pods_HalloApp.framework; sourceTree = BUILT_PRODUCTS_DIR; };
		EA0C315623EB97C800016EDB /* PostComposerView.swift */ = {isa = PBXFileReference; lastKnownFileType = sourcecode.swift; path = PostComposerView.swift; sourceTree = "<group>"; };
		EA0D20062363AC4D008B8289 /* Landing.swift */ = {isa = PBXFileReference; lastKnownFileType = sourcecode.swift; path = Landing.swift; sourceTree = "<group>"; };
		EA0D20082363AD74008B8289 /* AuthRouter.swift */ = {isa = PBXFileReference; lastKnownFileType = sourcecode.swift; path = AuthRouter.swift; sourceTree = "<group>"; };
		EA0D20142368B04B008B8289 /* FeedData.swift */ = {isa = PBXFileReference; lastKnownFileType = sourcecode.swift; path = FeedData.swift; sourceTree = "<group>"; };
		EA0E64CA234BF4BC006A22EB /* XMPPController.swift */ = {isa = PBXFileReference; lastKnownFileType = sourcecode.swift; path = XMPPController.swift; sourceTree = "<group>"; };
		EA12006824209903008BFFAD /* VideoUtils.swift */ = {isa = PBXFileReference; lastKnownFileType = sourcecode.swift; path = VideoUtils.swift; sourceTree = "<group>"; };
		EA35856D2450BE2900E6E8AB /* Chat.xcdatamodel */ = {isa = PBXFileReference; lastKnownFileType = wrapper.xcdatamodel; path = Chat.xcdatamodel; sourceTree = "<group>"; };
		EA35856F2450BE2900E6E8AB /* ChatData.swift */ = {isa = PBXFileReference; fileEncoding = 4; lastKnownFileType = sourcecode.swift; path = ChatData.swift; sourceTree = "<group>"; };
		EA3585742450BE3300E6E8AB /* ChatViewController.swift */ = {isa = PBXFileReference; fileEncoding = 4; lastKnownFileType = sourcecode.swift; path = ChatViewController.swift; sourceTree = "<group>"; };
		EA3585752450BE3300E6E8AB /* ChatInputView.swift */ = {isa = PBXFileReference; fileEncoding = 4; lastKnownFileType = sourcecode.swift; path = ChatInputView.swift; sourceTree = "<group>"; };
		EA3585772450BE3300E6E8AB /* ChatView.swift */ = {isa = PBXFileReference; fileEncoding = 4; lastKnownFileType = sourcecode.swift; path = ChatView.swift; sourceTree = "<group>"; };
		EA3585782450BE3300E6E8AB /* ChatUserView.swift */ = {isa = PBXFileReference; fileEncoding = 4; lastKnownFileType = sourcecode.swift; path = ChatUserView.swift; sourceTree = "<group>"; };
		EA3861EC23342C7C00705943 /* Login.swift */ = {isa = PBXFileReference; lastKnownFileType = sourcecode.swift; path = Login.swift; sourceTree = "<group>"; };
		EA454B63234E769F002B960D /* ProfileViewController.swift */ = {isa = PBXFileReference; lastKnownFileType = sourcecode.swift; path = ProfileViewController.swift; sourceTree = "<group>"; };
		EA45712623EB79DB008C2E44 /* CoreDataManager.swift */ = {isa = PBXFileReference; lastKnownFileType = sourcecode.swift; path = CoreDataManager.swift; sourceTree = "<group>"; };
		EA45712E23EB7D94008C2E44 /* FeedDataItem.swift */ = {isa = PBXFileReference; lastKnownFileType = sourcecode.swift; path = FeedDataItem.swift; sourceTree = "<group>"; };
		EA45713223EB7DB3008C2E44 /* FeedMedia.swift */ = {isa = PBXFileReference; lastKnownFileType = sourcecode.swift; path = FeedMedia.swift; sourceTree = "<group>"; };
		EA45713623EB7DF5008C2E44 /* UserCore.swift */ = {isa = PBXFileReference; lastKnownFileType = sourcecode.swift; path = UserCore.swift; sourceTree = "<group>"; };
		EA45713823EB7EC8008C2E44 /* MediaCell.swift */ = {isa = PBXFileReference; lastKnownFileType = sourcecode.swift; path = MediaCell.swift; sourceTree = "<group>"; };
		EA45713A23EB7EDE008C2E44 /* PinchZoomView.swift */ = {isa = PBXFileReference; lastKnownFileType = sourcecode.swift; path = PinchZoomView.swift; sourceTree = "<group>"; };
		EA45713C23EB7F47008C2E44 /* MediaSlider.swift */ = {isa = PBXFileReference; lastKnownFileType = sourcecode.swift; path = MediaSlider.swift; sourceTree = "<group>"; };
		EA45713E23EB7F76008C2E44 /* WMediaSlider.swift */ = {isa = PBXFileReference; lastKnownFileType = sourcecode.swift; path = WMediaSlider.swift; sourceTree = "<group>"; };
		EA4AAE9F23C7B77000D7EB15 /* ImageServer.swift */ = {isa = PBXFileReference; lastKnownFileType = sourcecode.swift; path = ImageServer.swift; sourceTree = "<group>"; };
		EA52EB17245A012700FB03F6 /* NewMessageViewController.swift */ = {isa = PBXFileReference; lastKnownFileType = sourcecode.swift; path = NewMessageViewController.swift; sourceTree = "<group>"; };
		EA53556823CCF0CD001DF10F /* KeyboardResponder.swift */ = {isa = PBXFileReference; lastKnownFileType = sourcecode.swift; path = KeyboardResponder.swift; sourceTree = "<group>"; };
		EA56404D233D373800E68A7E /* Verification.swift */ = {isa = PBXFileReference; lastKnownFileType = sourcecode.swift; path = Verification.swift; sourceTree = "<group>"; };
		EA5B9FC4237CF2B300184F76 /* CameraPickerView.swift */ = {isa = PBXFileReference; lastKnownFileType = sourcecode.swift; path = CameraPickerView.swift; sourceTree = "<group>"; };
		EA6057BA239AD26D005DED66 /* MetaData.swift */ = {isa = PBXFileReference; lastKnownFileType = sourcecode.swift; path = MetaData.swift; sourceTree = "<group>"; };
		EA72F2112335A0A3008B696F /* UserData.swift */ = {isa = PBXFileReference; lastKnownFileType = sourcecode.swift; path = UserData.swift; sourceTree = "<group>"; };
		EA8D4720233C25B8006E2BA5 /* Verify.swift */ = {isa = PBXFileReference; lastKnownFileType = sourcecode.swift; path = Verify.swift; sourceTree = "<group>"; };
		EAA43DA223DB59B900B9C0CA /* Halloapp.entitlements */ = {isa = PBXFileReference; lastKnownFileType = text.plist.entitlements; path = Halloapp.entitlements; sourceTree = "<group>"; };
		EAA6DEC32383A4E800C6D9C8 /* TextView.swift */ = {isa = PBXFileReference; lastKnownFileType = sourcecode.swift; path = TextView.swift; sourceTree = "<group>"; };
		EAB03B7A2400517500643EB6 /* MailView.swift */ = {isa = PBXFileReference; fileEncoding = 4; lastKnownFileType = sourcecode.swift; path = MailView.swift; sourceTree = "<group>"; };
		EAB03B7E2400519400643EB6 /* WAVPlayer.swift */ = {isa = PBXFileReference; fileEncoding = 4; lastKnownFileType = sourcecode.swift; path = WAVPlayer.swift; sourceTree = "<group>"; };
		EABF312523EE1F240039B5A6 /* Array.swift */ = {isa = PBXFileReference; lastKnownFileType = sourcecode.swift; path = Array.swift; sourceTree = "<group>"; };
		EABF312823EE1FC20039B5A6 /* Digest.swift */ = {isa = PBXFileReference; lastKnownFileType = sourcecode.swift; path = Digest.swift; sourceTree = "<group>"; };
		EABF312A23EE20E10039B5A6 /* UIImage.swift */ = {isa = PBXFileReference; lastKnownFileType = sourcecode.swift; path = UIImage.swift; sourceTree = "<group>"; };
		EABF313023F229350039B5A6 /* MediaCrypter.swift */ = {isa = PBXFileReference; lastKnownFileType = sourcecode.swift; path = MediaCrypter.swift; sourceTree = "<group>"; };
		EAC4AF22233E8DAB00739B2B /* ImageLoader.swift */ = {isa = PBXFileReference; lastKnownFileType = sourcecode.swift; path = ImageLoader.swift; sourceTree = "<group>"; };
		EAC7E8F82385A6B700F5E711 /* SettingsView.swift */ = {isa = PBXFileReference; lastKnownFileType = sourcecode.swift; path = SettingsView.swift; sourceTree = "<group>"; };
		EAC84CE92422E05700A5AAEF /* XMPPFeedRequests.swift */ = {isa = PBXFileReference; lastKnownFileType = sourcecode.swift; path = XMPPFeedRequests.swift; sourceTree = "<group>"; };
		EAD476CC245513EF00EF8591 /* ChatListViewController.swift */ = {isa = PBXFileReference; lastKnownFileType = sourcecode.swift; path = ChatListViewController.swift; sourceTree = "<group>"; };
		EAD476CF2457B09600EF8591 /* MessageComposerView.swift */ = {isa = PBXFileReference; lastKnownFileType = sourcecode.swift; path = MessageComposerView.swift; sourceTree = "<group>"; };
		EAD476D224588E0000EF8591 /* ChatMediaSlider.swift */ = {isa = PBXFileReference; lastKnownFileType = sourcecode.swift; path = ChatMediaSlider.swift; sourceTree = "<group>"; };
		EAD476EC2458F03700EF8591 /* ChatMedia+CoreDataClass.swift */ = {isa = PBXFileReference; lastKnownFileType = sourcecode.swift; path = "ChatMedia+CoreDataClass.swift"; sourceTree = "<group>"; };
		EAD476ED2458F03700EF8591 /* ChatMedia+CoreDataProperties.swift */ = {isa = PBXFileReference; lastKnownFileType = sourcecode.swift; path = "ChatMedia+CoreDataProperties.swift"; sourceTree = "<group>"; };
		EAD476EE2458F03700EF8591 /* ChatThread+CoreDataClass.swift */ = {isa = PBXFileReference; lastKnownFileType = sourcecode.swift; path = "ChatThread+CoreDataClass.swift"; sourceTree = "<group>"; };
		EAD476EF2458F03700EF8591 /* ChatThread+CoreDataProperties.swift */ = {isa = PBXFileReference; lastKnownFileType = sourcecode.swift; path = "ChatThread+CoreDataProperties.swift"; sourceTree = "<group>"; };
		EAD476F02458F03700EF8591 /* ChatMessage+CoreDataClass.swift */ = {isa = PBXFileReference; lastKnownFileType = sourcecode.swift; path = "ChatMessage+CoreDataClass.swift"; sourceTree = "<group>"; };
		EAD476F12458F03700EF8591 /* ChatMessage+CoreDataProperties.swift */ = {isa = PBXFileReference; lastKnownFileType = sourcecode.swift; path = "ChatMessage+CoreDataProperties.swift"; sourceTree = "<group>"; };
		EAD476F82458F9FE00EF8591 /* ChatMessageMedia.swift */ = {isa = PBXFileReference; lastKnownFileType = sourcecode.swift; path = ChatMessageMedia.swift; sourceTree = "<group>"; };
		EAE6152E23970FDC00BB4552 /* Halloapp.xcdatamodel */ = {isa = PBXFileReference; lastKnownFileType = wrapper.xcdatamodel; path = Halloapp.xcdatamodel; sourceTree = "<group>"; };
		EAF3A1BF2334191E00805FF9 /* HalloApp.app */ = {isa = PBXFileReference; explicitFileType = wrapper.application; includeInIndex = 0; path = HalloApp.app; sourceTree = BUILT_PRODUCTS_DIR; };
		EAF3A1C22334191E00805FF9 /* AppDelegate.swift */ = {isa = PBXFileReference; lastKnownFileType = sourcecode.swift; path = AppDelegate.swift; sourceTree = "<group>"; };
		EAF3A1C42334191E00805FF9 /* SceneDelegate.swift */ = {isa = PBXFileReference; lastKnownFileType = sourcecode.swift; path = SceneDelegate.swift; sourceTree = "<group>"; };
		EAF3A1C82334192000805FF9 /* Assets.xcassets */ = {isa = PBXFileReference; lastKnownFileType = folder.assetcatalog; path = Assets.xcassets; sourceTree = "<group>"; };
		EAF3A1CB2334192000805FF9 /* Preview Assets.xcassets */ = {isa = PBXFileReference; lastKnownFileType = folder.assetcatalog; path = "Preview Assets.xcassets"; sourceTree = "<group>"; };
		EAF3A1CE2334192000805FF9 /* Base */ = {isa = PBXFileReference; lastKnownFileType = file.storyboard; name = Base; path = Base.lproj/LaunchScreen.storyboard; sourceTree = "<group>"; };
		EAF3A1D02334192000805FF9 /* Info.plist */ = {isa = PBXFileReference; lastKnownFileType = text.plist.xml; path = Info.plist; sourceTree = "<group>"; };
		EAF3A1D52334192000805FF9 /* HalloAppTests.xctest */ = {isa = PBXFileReference; explicitFileType = wrapper.cfbundle; includeInIndex = 0; path = HalloAppTests.xctest; sourceTree = BUILT_PRODUCTS_DIR; };
		EAF3A1D92334192000805FF9 /* HalloappTests.swift */ = {isa = PBXFileReference; lastKnownFileType = sourcecode.swift; path = HalloappTests.swift; sourceTree = "<group>"; };
		EAF3A1DB2334192000805FF9 /* Info.plist */ = {isa = PBXFileReference; lastKnownFileType = text.plist.xml; path = Info.plist; sourceTree = "<group>"; };
		EAF3A1E02334192000805FF9 /* HalloAppUITests.xctest */ = {isa = PBXFileReference; explicitFileType = wrapper.cfbundle; includeInIndex = 0; path = HalloAppUITests.xctest; sourceTree = BUILT_PRODUCTS_DIR; };
		EAF3A1E42334192000805FF9 /* HalloappUITests.swift */ = {isa = PBXFileReference; lastKnownFileType = sourcecode.swift; path = HalloappUITests.swift; sourceTree = "<group>"; };
		EAF3A1E62334192000805FF9 /* Info.plist */ = {isa = PBXFileReference; lastKnownFileType = text.plist.xml; path = Info.plist; sourceTree = "<group>"; };
		EAF4F735237DEC2C006885F0 /* YPPicker.swift */ = {isa = PBXFileReference; lastKnownFileType = sourcecode.swift; path = YPPicker.swift; sourceTree = "<group>"; };
/* End PBXFileReference section */

/* Begin PBXFrameworksBuildPhase section */
		EAF3A1BC2334191E00805FF9 /* Frameworks */ = {
			isa = PBXFrameworksBuildPhase;
			buildActionMask = 2147483647;
			files = (
				49D1CB440C7C90B50F4E2332 /* Pods_HalloApp.framework in Frameworks */,
			);
			runOnlyForDeploymentPostprocessing = 0;
		};
		EAF3A1D22334192000805FF9 /* Frameworks */ = {
			isa = PBXFrameworksBuildPhase;
			buildActionMask = 2147483647;
			files = (
			);
			runOnlyForDeploymentPostprocessing = 0;
		};
		EAF3A1DD2334192000805FF9 /* Frameworks */ = {
			isa = PBXFrameworksBuildPhase;
			buildActionMask = 2147483647;
			files = (
			);
			runOnlyForDeploymentPostprocessing = 0;
		};
/* End PBXFrameworksBuildPhase section */

/* Begin PBXGroup section */
		146B93702405F2F900768AC6 /* Resources */ = {
			isa = PBXGroup;
			children = (
				146B93752405F35E00768AC6 /* Fonts */,
				EAF3A1C82334192000805FF9 /* Assets.xcassets */,
			);
			path = Resources;
			sourceTree = "<group>";
		};
		146B93752405F35E00768AC6 /* Fonts */ = {
			isa = PBXGroup;
			children = (
				762EDBC7244E2EB700986617 /* Gotham-Black.otf */,
				762EDBBA244E2EB500986617 /* Gotham-BlackIta.otf */,
				762EDBC8244E2EB700986617 /* Gotham-Bold.otf */,
				762EDBBF244E2EB600986617 /* Gotham-BoldIta.otf */,
				762EDBC1244E2EB600986617 /* Gotham-Book.otf */,
				762EDBC3244E2EB600986617 /* Gotham-BookIta.otf */,
				762EDBC2244E2EB600986617 /* Gotham-Light.otf */,
				762EDBC5244E2EB600986617 /* Gotham-LightIta.otf */,
				762EDBBB244E2EB500986617 /* Gotham-Medium.otf */,
				762EDBC6244E2EB600986617 /* Gotham-MediumIta.otf */,
				762EDBC4244E2EB600986617 /* Gotham-Thin.otf */,
				762EDBC9244E2EB700986617 /* Gotham-ThinIta.otf */,
				762EDBC0244E2EB600986617 /* Gotham-Ultra.otf */,
				762EDBBC244E2EB600986617 /* Gotham-UltraIta.otf */,
				762EDBBE244E2EB600986617 /* Gotham-XLight.otf */,
				762EDBBD244E2EB600986617 /* Gotham-XLightIta.otf */,
			);
			path = Fonts;
			sourceTree = "<group>";
		};
		58B000E2ED3FD4F3ACBF0837 /* Pods */ = {
			isa = PBXGroup;
			children = (
				0A10ECAA6E6D27E8228BF638 /* Pods-Halloapp.debug.xcconfig */,
				368056ED77A75DB993231195 /* Pods-Halloapp.release.xcconfig */,
				8339060CD4B90E0C534CA418 /* Pods-HalloApp.debug.xcconfig */,
				19EEB8C1053B72CEAD800A0C /* Pods-HalloApp.release.xcconfig */,
			);
			path = Pods;
			sourceTree = "<group>";
		};
		761B3950241AF01E00858251 /* Requests */ = {
			isa = PBXGroup;
			children = (
				76DFA0022419563500F49CA4 /* XMPPRequest.swift */,
				761B3953241C38A300858251 /* XMPPCommonRequests.swift */,
				76DFA00424195F2400F49CA4 /* XMPPContactSyncRequest.swift */,
				EAC84CE92422E05700A5AAEF /* XMPPFeedRequests.swift */,
			);
			path = Requests;
			sourceTree = "<group>";
		};
		761B3960241D9C1500858251 /* Sync */ = {
			isa = PBXGroup;
			children = (
				761B3956241D815800858251 /* SyncManager.swift */,
				761B3961241D9C4D00858251 /* SyncSession.swift */,
			);
			path = Sync;
			sourceTree = "<group>";
		};
		761C6165242D896E0028AE19 /* Components */ = {
			isa = PBXGroup;
			children = (
				EABF312423EE1EDF0039B5A6 /* Extensions */,
				761C6166242D89D70028AE19 /* Views */,
			);
			path = Components;
			sourceTree = "<group>";
		};
		761C6166242D89D70028AE19 /* Views */ = {
			isa = PBXGroup;
			children = (
				761C6167242D89F90028AE19 /* TextLabel.swift */,
				76A92448244EBCB600794859 /* ShapeView.swift */,
				766492222450DDB9009BC368 /* BadgedButton.swift */,
				766492242450E04D009BC368 /* BadgeView.swift */,
				761905A22459EB07008FC600 /* InputTextView.swift */,
			);
			path = Views;
			sourceTree = "<group>";
		};
		764A0E662446167600E1BDCE /* Proto */ = {
			isa = PBXGroup;
			children = (
				764A0E67244617D800E1BDCE /* schema.pb.swift */,
			);
			path = Proto;
			sourceTree = "<group>";
		};
		76B7E2F5243BB0560048A2FC /* Notifications */ = {
			isa = PBXGroup;
			children = (
				764A0E6424453FC900E1BDCE /* NotificationsViewController.swift */,
			);
			name = Notifications;
			path = HalloApp/Views/Notifications;
			sourceTree = SOURCE_ROOT;
		};
		76DF9FEA24122E9400F49CA4 /* CoreData Stack */ = {
			isa = PBXGroup;
			children = (
				76538089243D4B32000AD9A1 /* FeedNotification+CoreDataClass.swift */,
				7653808C243D4B32000AD9A1 /* FeedNotification+CoreDataProperties.swift */,
				76538088243D4B32000AD9A1 /* FeedPost+CoreDataClass.swift */,
				7653808B243D4B32000AD9A1 /* FeedPost+CoreDataProperties.swift */,
				7653808A243D4B32000AD9A1 /* FeedPostComment+CoreDataClass.swift */,
				7653808E243D4B32000AD9A1 /* FeedPostComment+CoreDataProperties.swift */,
				7653808D243D4B32000AD9A1 /* FeedPostMedia+CoreDataClass.swift */,
				7653808F243D4B32000AD9A1 /* FeedPostMedia+CoreDataProperties.swift */,
				76DF9FEB24122EF900F49CA4 /* Feed.xcdatamodeld */,
			);
			path = "CoreData Stack";
			sourceTree = "<group>";
		};
		76DF9FF724132BDC00F49CA4 /* Global */ = {
			isa = PBXGroup;
			children = (
				76DF9FF824132C1600F49CA4 /* AppContext.swift */,
			);
			path = Global;
			sourceTree = "<group>";
		};
		76DFA0012419560300F49CA4 /* XMPP */ = {
			isa = PBXGroup;
			children = (
				761B3950241AF01E00858251 /* Requests */,
				76DFA0062419BC1F00F49CA4 /* XMPPError.swift */,
				76C69E422447A9A200338D4C /* XMPPFeed.swift */,
			);
			path = XMPP;
			sourceTree = "<group>";
		};
		8295BD88471C9D5DC2D30C41 /* Frameworks */ = {
			isa = PBXGroup;
			children = (
				C90C695FCA0C4D9E04A558D6 /* Pods_HalloApp.framework */,
			);
			name = Frameworks;
			sourceTree = "<group>";
		};
		EA35856A2450BE2900E6E8AB /* Chat */ = {
			isa = PBXGroup;
			children = (
				EAD476EE2458F03700EF8591 /* ChatThread+CoreDataClass.swift */,
				EAD476EF2458F03700EF8591 /* ChatThread+CoreDataProperties.swift */,
				EAD476F02458F03700EF8591 /* ChatMessage+CoreDataClass.swift */,
				EAD476F12458F03700EF8591 /* ChatMessage+CoreDataProperties.swift */,
				EAD476EC2458F03700EF8591 /* ChatMedia+CoreDataClass.swift */,
				EAD476ED2458F03700EF8591 /* ChatMedia+CoreDataProperties.swift */,
				EA35856C2450BE2900E6E8AB /* Chat.xcdatamodeld */,
				EA35856F2450BE2900E6E8AB /* ChatData.swift */,
				EAD476F82458F9FE00EF8591 /* ChatMessageMedia.swift */,
			);
			path = Chat;
			sourceTree = "<group>";
		};
		EA3861EB23342C3800705943 /* Models */ = {
			isa = PBXGroup;
			children = (
				EA5414DA23EE1D6900390EF6 /* Contacts */,
				EA5414D923EE1D2B00390EF6 /* Feed */,
				EA35856A2450BE2900E6E8AB /* Chat */,
				76DFA0012419560300F49CA4 /* XMPP */,
				EA12006824209903008BFFAD /* VideoUtils.swift */,
				EA6057BA239AD26D005DED66 /* MetaData.swift */,
				EA72F2112335A0A3008B696F /* UserData.swift */,
				EA45713623EB7DF5008C2E44 /* UserCore.swift */,
				EA56404D233D373800E68A7E /* Verification.swift */,
				EA0E64CA234BF4BC006A22EB /* XMPPController.swift */,
				EABF313023F229350039B5A6 /* MediaCrypter.swift */,
			);
			path = Models;
			sourceTree = "<group>";
		};
		EA38843423A15C9D00E8BF92 /* Feed */ = {
			isa = PBXGroup;
			children = (
				EA5414D723EE16EB00390EF6 /* FeedList */,
				EA5414D623EE16D500390EF6 /* Comment */,
				EA5414D423EE164C00390EF6 /* Media */,
				EA5414D523EE169E00390EF6 /* MediaSlider */,
				76A92443244E659600794859 /* FeedViewController.swift */,
			);
			path = Feed;
			sourceTree = "<group>";
		};
		EA38843523A15D2C00E8BF92 /* Messages */ = {
			isa = PBXGroup;
			children = (
				EAD476CE2457AEF700EF8591 /* Media */,
				EAD476D124588DB600EF8591 /* MediaSlider */,
				EA52EB17245A012700FB03F6 /* NewMessageViewController.swift */,
				EAD476CC245513EF00EF8591 /* ChatListViewController.swift */,
				EA3585742450BE3300E6E8AB /* ChatViewController.swift */,
				EA3585772450BE3300E6E8AB /* ChatView.swift */,
				EA3585782450BE3300E6E8AB /* ChatUserView.swift */,
				EA3585752450BE3300E6E8AB /* ChatInputView.swift */,
			);
			path = Messages;
			sourceTree = "<group>";
		};
		EA38843623A15D4800E8BF92 /* Profile */ = {
			isa = PBXGroup;
			children = (
				EA454B63234E769F002B960D /* ProfileViewController.swift */,
				EAC7E8F82385A6B700F5E711 /* SettingsView.swift */,
				761C6160242D2AE50028AE19 /* DeveloperMenuView.swift */,
			);
			path = Profile;
			sourceTree = "<group>";
		};
		EA5414D423EE164C00390EF6 /* Media */ = {
			isa = PBXGroup;
			children = (
				EAF4F735237DEC2C006885F0 /* YPPicker.swift */,
				EA5B9FC4237CF2B300184F76 /* CameraPickerView.swift */,
				EA0C315623EB97C800016EDB /* PostComposerView.swift */,
			);
			path = Media;
			sourceTree = "<group>";
		};
		EA5414D523EE169E00390EF6 /* MediaSlider */ = {
			isa = PBXGroup;
			children = (
				EAB03B7E2400519400643EB6 /* WAVPlayer.swift */,
				EA45713C23EB7F47008C2E44 /* MediaSlider.swift */,
				EA45713E23EB7F76008C2E44 /* WMediaSlider.swift */,
				EA45713823EB7EC8008C2E44 /* MediaCell.swift */,
			);
			path = MediaSlider;
			sourceTree = "<group>";
		};
		EA5414D623EE16D500390EF6 /* Comment */ = {
			isa = PBXGroup;
			children = (
				76B95CDD24295AB5007435AC /* CommentView.swift */,
				76B95CD62429331D007435AC /* CommentsViewController.swift */,
				76B95CE3242A7A3F007435AC /* CommentInputView.swift */,
			);
			path = Comment;
			sourceTree = "<group>";
		};
		EA5414D723EE16EB00390EF6 /* FeedList */ = {
			isa = PBXGroup;
			children = (
				763B42AB243274F400FF0E82 /* FeedTableViewController.swift */,
			);
			path = FeedList;
			sourceTree = "<group>";
		};
		EA5414D823EE18CF00390EF6 /* General */ = {
			isa = PBXGroup;
			children = (
				EA45713A23EB7EDE008C2E44 /* PinchZoomView.swift */,
				EA53556823CCF0CD001DF10F /* KeyboardResponder.swift */,
				EAA6DEC32383A4E800C6D9C8 /* TextView.swift */,
			);
			path = General;
			sourceTree = "<group>";
		};
		EA5414D923EE1D2B00390EF6 /* Feed */ = {
			isa = PBXGroup;
			children = (
				76DF9FEA24122E9400F49CA4 /* CoreData Stack */,
				EA0D20142368B04B008B8289 /* FeedData.swift */,
				EA45712E23EB7D94008C2E44 /* FeedDataItem.swift */,
				EA45713223EB7DB3008C2E44 /* FeedMedia.swift */,
				76538098243D4C08000AD9A1 /* FeedDownloadManager.swift */,
				76649226245119F2009BC368 /* FeedNotifications.swift */,
			);
			path = Feed;
			sourceTree = "<group>";
		};
		EA5414DA23EE1D6900390EF6 /* Contacts */ = {
			isa = PBXGroup;
			children = (
				761B3960241D9C1500858251 /* Sync */,
				761B395C241D91C000858251 /* ABContact+CoreDataClass.swift */,
				761B395D241D91C000858251 /* ABContact+CoreDataProperties.swift */,
				76DF9FEE2412A4E800F49CA4 /* Contacts.xcdatamodeld */,
				76DF9FF52412E6E700F49CA4 /* ContactStore.swift */,
			);
			path = Contacts;
			sourceTree = "<group>";
		};
		EA5AD43C23342B8C00429643 /* Views */ = {
			isa = PBXGroup;
			children = (
				76B7E2F5243BB0560048A2FC /* Notifications */,
				EAC4AF1E233E7F6500739B2B /* Common */,
				EA880C3A2368EE3C008965CF /* Auth */,
				EA880C3B2368EE53008965CF /* Home */,
			);
			path = Views;
			sourceTree = "<group>";
		};
		EA880C3A2368EE3C008965CF /* Auth */ = {
			isa = PBXGroup;
			children = (
				EA0D20082363AD74008B8289 /* AuthRouter.swift */,
				EA3861EC23342C7C00705943 /* Login.swift */,
				EA8D4720233C25B8006E2BA5 /* Verify.swift */,
			);
			path = Auth;
			sourceTree = "<group>";
		};
		EA880C3B2368EE53008965CF /* Home */ = {
			isa = PBXGroup;
			children = (
				EA38843423A15C9D00E8BF92 /* Feed */,
				EA38843523A15D2C00E8BF92 /* Messages */,
				EA38843623A15D4800E8BF92 /* Profile */,
				762EDBDC244E5A7800986617 /* HomeView.swift */,
			);
			path = Home;
			sourceTree = "<group>";
		};
		EABF312423EE1EDF0039B5A6 /* Extensions */ = {
			isa = PBXGroup;
			children = (
				EABF312523EE1F240039B5A6 /* Array.swift */,
				76C69E472447E3B100338D4C /* Data.swift */,
				763B42AD2435A74E00FF0E82 /* Date.swift */,
				EABF312823EE1FC20039B5A6 /* Digest.swift */,
				146B93782405F40500768AC6 /* Font.swift */,
				76DF9FFA2416ADF900F49CA4 /* String.swift */,
				76C69E4C2447E6D500338D4C /* UIApplication.swift */,
				762EDBDA244E344300986617 /* UIFont.swift */,
				EABF312A23EE20E10039B5A6 /* UIImage.swift */,
				76A9244A244EC49000794859 /* UIView.swift */,
			);
			path = Extensions;
			sourceTree = "<group>";
		};
		EAC4AF1E233E7F6500739B2B /* Common */ = {
			isa = PBXGroup;
			children = (
				EA5414D823EE18CF00390EF6 /* General */,
				EAB03B7A2400517500643EB6 /* MailView.swift */,
			);
			path = Common;
			sourceTree = "<group>";
		};
		EAC4AF21233E8D9700739B2B /* Network */ = {
			isa = PBXGroup;
			children = (
				EA45712623EB79DB008C2E44 /* CoreDataManager.swift */,
				EAC4AF22233E8DAB00739B2B /* ImageLoader.swift */,
				EA4AAE9F23C7B77000D7EB15 /* ImageServer.swift */,
			);
			path = Network;
			sourceTree = "<group>";
		};
		EAD476CE2457AEF700EF8591 /* Media */ = {
			isa = PBXGroup;
			children = (
				EAD476CF2457B09600EF8591 /* MessageComposerView.swift */,
			);
			path = Media;
			sourceTree = "<group>";
		};
		EAD476D124588DB600EF8591 /* MediaSlider */ = {
			isa = PBXGroup;
			children = (
				EAD476D224588E0000EF8591 /* ChatMediaSlider.swift */,
			);
			path = MediaSlider;
			sourceTree = "<group>";
		};
		EAF3A1B62334191E00805FF9 = {
			isa = PBXGroup;
			children = (
				EAF3A1C12334191E00805FF9 /* Halloapp */,
				EAF3A1D82334192000805FF9 /* HalloappTests */,
				EAF3A1E32334192000805FF9 /* HalloappUITests */,
				EAF3A1C02334191E00805FF9 /* Products */,
				58B000E2ED3FD4F3ACBF0837 /* Pods */,
				8295BD88471C9D5DC2D30C41 /* Frameworks */,
			);
			sourceTree = "<group>";
		};
		EAF3A1C02334191E00805FF9 /* Products */ = {
			isa = PBXGroup;
			children = (
				EAF3A1BF2334191E00805FF9 /* HalloApp.app */,
				EAF3A1D52334192000805FF9 /* HalloAppTests.xctest */,
				EAF3A1E02334192000805FF9 /* HalloAppUITests.xctest */,
			);
			name = Products;
			sourceTree = "<group>";
		};
		EAF3A1C12334191E00805FF9 /* Halloapp */ = {
			isa = PBXGroup;
			children = (
				76DF9FF724132BDC00F49CA4 /* Global */,
				EA3861EB23342C3800705943 /* Models */,
				EA5AD43C23342B8C00429643 /* Views */,
				EA0D20062363AC4D008B8289 /* Landing.swift */,
				761C6165242D896E0028AE19 /* Components */,
				EAC4AF21233E8D9700739B2B /* Network */,
				EAF3A1CA2334192000805FF9 /* Preview Content */,
				764A0E662446167600E1BDCE /* Proto */,
				146B93702405F2F900768AC6 /* Resources */,
				EAF3A1D02334192000805FF9 /* Info.plist */,
				EAF3A1C22334191E00805FF9 /* AppDelegate.swift */,
				EAF3A1C42334191E00805FF9 /* SceneDelegate.swift */,
				EAF3A1CD2334192000805FF9 /* LaunchScreen.storyboard */,
				EAA43DA223DB59B900B9C0CA /* Halloapp.entitlements */,
				EAE6152D23970FDC00BB4552 /* Halloapp.xcdatamodeld */,
			);
			path = Halloapp;
			sourceTree = "<group>";
		};
		EAF3A1CA2334192000805FF9 /* Preview Content */ = {
			isa = PBXGroup;
			children = (
				EAF3A1CB2334192000805FF9 /* Preview Assets.xcassets */,
			);
			path = "Preview Content";
			sourceTree = "<group>";
		};
		EAF3A1D82334192000805FF9 /* HalloappTests */ = {
			isa = PBXGroup;
			children = (
				EAF3A1D92334192000805FF9 /* HalloappTests.swift */,
				EAF3A1DB2334192000805FF9 /* Info.plist */,
			);
			path = HalloappTests;
			sourceTree = "<group>";
		};
		EAF3A1E32334192000805FF9 /* HalloappUITests */ = {
			isa = PBXGroup;
			children = (
				EAF3A1E42334192000805FF9 /* HalloappUITests.swift */,
				EAF3A1E62334192000805FF9 /* Info.plist */,
			);
			path = HalloappUITests;
			sourceTree = "<group>";
		};
/* End PBXGroup section */

/* Begin PBXNativeTarget section */
		EAF3A1BE2334191E00805FF9 /* HalloApp */ = {
			isa = PBXNativeTarget;
			buildConfigurationList = EAF3A1E92334192000805FF9 /* Build configuration list for PBXNativeTarget "HalloApp" */;
			buildPhases = (
				A4AC85EF7BFDCB135FC900FF /* [CP] Check Pods Manifest.lock */,
				EAF3A1BB2334191E00805FF9 /* Sources */,
				EAF3A1BC2334191E00805FF9 /* Frameworks */,
				EAF3A1BD2334191E00805FF9 /* Resources */,
				D51A16EB7C89AD8DAF43C14C /* [CP] Embed Pods Frameworks */,
			);
			buildRules = (
			);
			dependencies = (
			);
			name = HalloApp;
			productName = Halloapp;
			productReference = EAF3A1BF2334191E00805FF9 /* HalloApp.app */;
			productType = "com.apple.product-type.application";
		};
		EAF3A1D42334192000805FF9 /* HalloAppTests */ = {
			isa = PBXNativeTarget;
			buildConfigurationList = EAF3A1EC2334192000805FF9 /* Build configuration list for PBXNativeTarget "HalloAppTests" */;
			buildPhases = (
				EAF3A1D12334192000805FF9 /* Sources */,
				EAF3A1D22334192000805FF9 /* Frameworks */,
				EAF3A1D32334192000805FF9 /* Resources */,
			);
			buildRules = (
			);
			dependencies = (
				EAF3A1D72334192000805FF9 /* PBXTargetDependency */,
			);
			name = HalloAppTests;
			productName = HalloappTests;
			productReference = EAF3A1D52334192000805FF9 /* HalloAppTests.xctest */;
			productType = "com.apple.product-type.bundle.unit-test";
		};
		EAF3A1DF2334192000805FF9 /* HalloAppUITests */ = {
			isa = PBXNativeTarget;
			buildConfigurationList = EAF3A1EF2334192000805FF9 /* Build configuration list for PBXNativeTarget "HalloAppUITests" */;
			buildPhases = (
				EAF3A1DC2334192000805FF9 /* Sources */,
				EAF3A1DD2334192000805FF9 /* Frameworks */,
				EAF3A1DE2334192000805FF9 /* Resources */,
			);
			buildRules = (
			);
			dependencies = (
				EAF3A1E22334192000805FF9 /* PBXTargetDependency */,
			);
			name = HalloAppUITests;
			productName = HalloappUITests;
			productReference = EAF3A1E02334192000805FF9 /* HalloAppUITests.xctest */;
			productType = "com.apple.product-type.bundle.ui-testing";
		};
/* End PBXNativeTarget section */

/* Begin PBXProject section */
		EAF3A1B72334191E00805FF9 /* Project object */ = {
			isa = PBXProject;
			attributes = {
				LastSwiftUpdateCheck = 1100;
				LastUpgradeCheck = 1100;
				ORGANIZATIONNAME = "Halloapp, Inc.";
				TargetAttributes = {
					EAF3A1BE2334191E00805FF9 = {
						CreatedOnToolsVersion = 11.0;
					};
					EAF3A1D42334192000805FF9 = {
						CreatedOnToolsVersion = 11.0;
						TestTargetID = EAF3A1BE2334191E00805FF9;
					};
					EAF3A1DF2334192000805FF9 = {
						CreatedOnToolsVersion = 11.0;
						TestTargetID = EAF3A1BE2334191E00805FF9;
					};
				};
			};
			buildConfigurationList = EAF3A1BA2334191E00805FF9 /* Build configuration list for PBXProject "HalloApp" */;
			compatibilityVersion = "Xcode 9.3";
			developmentRegion = en;
			hasScannedForEncodings = 0;
			knownRegions = (
				en,
				Base,
			);
			mainGroup = EAF3A1B62334191E00805FF9;
			productRefGroup = EAF3A1C02334191E00805FF9 /* Products */;
			projectDirPath = "";
			projectRoot = "";
			targets = (
				EAF3A1BE2334191E00805FF9 /* HalloApp */,
				EAF3A1D42334192000805FF9 /* HalloAppTests */,
				EAF3A1DF2334192000805FF9 /* HalloAppUITests */,
			);
		};
/* End PBXProject section */

/* Begin PBXResourcesBuildPhase section */
		EAF3A1BD2334191E00805FF9 /* Resources */ = {
			isa = PBXResourcesBuildPhase;
			buildActionMask = 2147483647;
			files = (
				762EDBD5244E2EB700986617 /* Gotham-LightIta.otf in Resources */,
				762EDBD0244E2EB700986617 /* Gotham-Ultra.otf in Resources */,
				762EDBCD244E2EB700986617 /* Gotham-XLightIta.otf in Resources */,
				762EDBCF244E2EB700986617 /* Gotham-BoldIta.otf in Resources */,
				762EDBD3244E2EB700986617 /* Gotham-BookIta.otf in Resources */,
				EAF3A1CF2334192000805FF9 /* LaunchScreen.storyboard in Resources */,
				762EDBD8244E2EB700986617 /* Gotham-Bold.otf in Resources */,
				762EDBCC244E2EB700986617 /* Gotham-UltraIta.otf in Resources */,
				762EDBD6244E2EB700986617 /* Gotham-MediumIta.otf in Resources */,
				762EDBD9244E2EB700986617 /* Gotham-ThinIta.otf in Resources */,
				EAF3A1CC2334192000805FF9 /* Preview Assets.xcassets in Resources */,
				762EDBD1244E2EB700986617 /* Gotham-Book.otf in Resources */,
				762EDBD4244E2EB700986617 /* Gotham-Thin.otf in Resources */,
				762EDBCA244E2EB700986617 /* Gotham-BlackIta.otf in Resources */,
				762EDBD2244E2EB700986617 /* Gotham-Light.otf in Resources */,
				762EDBD7244E2EB700986617 /* Gotham-Black.otf in Resources */,
				762EDBCE244E2EB700986617 /* Gotham-XLight.otf in Resources */,
				EAF3A1C92334192000805FF9 /* Assets.xcassets in Resources */,
				762EDBCB244E2EB700986617 /* Gotham-Medium.otf in Resources */,
			);
			runOnlyForDeploymentPostprocessing = 0;
		};
		EAF3A1D32334192000805FF9 /* Resources */ = {
			isa = PBXResourcesBuildPhase;
			buildActionMask = 2147483647;
			files = (
			);
			runOnlyForDeploymentPostprocessing = 0;
		};
		EAF3A1DE2334192000805FF9 /* Resources */ = {
			isa = PBXResourcesBuildPhase;
			buildActionMask = 2147483647;
			files = (
			);
			runOnlyForDeploymentPostprocessing = 0;
		};
/* End PBXResourcesBuildPhase section */

/* Begin PBXShellScriptBuildPhase section */
		A4AC85EF7BFDCB135FC900FF /* [CP] Check Pods Manifest.lock */ = {
			isa = PBXShellScriptBuildPhase;
			buildActionMask = 2147483647;
			files = (
			);
			inputFileListPaths = (
			);
			inputPaths = (
				"${PODS_PODFILE_DIR_PATH}/Podfile.lock",
				"${PODS_ROOT}/Manifest.lock",
			);
			name = "[CP] Check Pods Manifest.lock";
			outputFileListPaths = (
			);
			outputPaths = (
				"$(DERIVED_FILE_DIR)/Pods-HalloApp-checkManifestLockResult.txt",
			);
			runOnlyForDeploymentPostprocessing = 0;
			shellPath = /bin/sh;
			shellScript = "diff \"${PODS_PODFILE_DIR_PATH}/Podfile.lock\" \"${PODS_ROOT}/Manifest.lock\" > /dev/null\nif [ $? != 0 ] ; then\n    # print error to STDERR\n    echo \"error: The sandbox is not in sync with the Podfile.lock. Run 'pod install' or update your CocoaPods installation.\" >&2\n    exit 1\nfi\n# This output is used by Xcode 'outputs' to avoid re-running this script phase.\necho \"SUCCESS\" > \"${SCRIPT_OUTPUT_FILE_0}\"\n";
			showEnvVarsInLog = 0;
		};
		D51A16EB7C89AD8DAF43C14C /* [CP] Embed Pods Frameworks */ = {
			isa = PBXShellScriptBuildPhase;
			buildActionMask = 2147483647;
			files = (
			);
			inputFileListPaths = (
				"${PODS_ROOT}/Target Support Files/Pods-HalloApp/Pods-HalloApp-frameworks-${CONFIGURATION}-input-files.xcfilelist",
			);
			name = "[CP] Embed Pods Frameworks";
			outputFileListPaths = (
				"${PODS_ROOT}/Target Support Files/Pods-HalloApp/Pods-HalloApp-frameworks-${CONFIGURATION}-output-files.xcfilelist",
			);
			runOnlyForDeploymentPostprocessing = 0;
			shellPath = /bin/sh;
			shellScript = "\"${PODS_ROOT}/Target Support Files/Pods-HalloApp/Pods-HalloApp-frameworks.sh\"\n";
			showEnvVarsInLog = 0;
		};
/* End PBXShellScriptBuildPhase section */

/* Begin PBXSourcesBuildPhase section */
		EAF3A1BB2334191E00805FF9 /* Sources */ = {
			isa = PBXSourcesBuildPhase;
			buildActionMask = 2147483647;
			files = (
				EA0E64CB234BF4BC006A22EB /* XMPPController.swift in Sources */,
				EA45713D23EB7F47008C2E44 /* MediaSlider.swift in Sources */,
				EA52EB18245A012700FB03F6 /* NewMessageViewController.swift in Sources */,
				EAE6152F23970FDC00BB4552 /* Halloapp.xcdatamodeld in Sources */,
				76DFA0072419BC1F00F49CA4 /* XMPPError.swift in Sources */,
				76C69E432447A9A200338D4C /* XMPPFeed.swift in Sources */,
				764A0E68244617D800E1BDCE /* schema.pb.swift in Sources */,
				EAF3A1C32334191E00805FF9 /* AppDelegate.swift in Sources */,
				76DF9FF02412A4E800F49CA4 /* Contacts.xcdatamodeld in Sources */,
				EAF3A1C52334191E00805FF9 /* SceneDelegate.swift in Sources */,
				EABF312923EE1FC20039B5A6 /* Digest.swift in Sources */,
				76B95CE4242A7A3F007435AC /* CommentInputView.swift in Sources */,
				EABF313123F229350039B5A6 /* MediaCrypter.swift in Sources */,
				76DFA0032419563500F49CA4 /* XMPPRequest.swift in Sources */,
				76DF9FFB2416ADF900F49CA4 /* String.swift in Sources */,
				EAC7E8F92385A6B700F5E711 /* SettingsView.swift in Sources */,
				EAB03B7B2400517500643EB6 /* MailView.swift in Sources */,
				EAD476CD245513EF00EF8591 /* ChatListViewController.swift in Sources */,
				EA6057BB239AD26D005DED66 /* MetaData.swift in Sources */,
				76538096243D4B33000AD9A1 /* FeedPostComment+CoreDataProperties.swift in Sources */,
				76538092243D4B33000AD9A1 /* FeedPostComment+CoreDataClass.swift in Sources */,
				76B95CD72429331D007435AC /* CommentsViewController.swift in Sources */,
				EA53556923CCF0CD001DF10F /* KeyboardResponder.swift in Sources */,
				76538091243D4B33000AD9A1 /* FeedNotification+CoreDataClass.swift in Sources */,
				EAD476F62458F03700EF8591 /* ChatMessage+CoreDataClass.swift in Sources */,
				761C6168242D89F90028AE19 /* TextLabel.swift in Sources */,
				EA72F2122335A0A3008B696F /* UserData.swift in Sources */,
				EA45713B23EB7EDE008C2E44 /* PinchZoomView.swift in Sources */,
				EA3585712450BE2900E6E8AB /* Chat.xcdatamodeld in Sources */,
				761B395E241D91C000858251 /* ABContact+CoreDataClass.swift in Sources */,
				EA45712723EB79DB008C2E44 /* CoreDataManager.swift in Sources */,
				EA5B9FC5237CF2B300184F76 /* CameraPickerView.swift in Sources */,
				761B3957241D815800858251 /* SyncManager.swift in Sources */,
				EAA6DEC42383A4E800C6D9C8 /* TextView.swift in Sources */,
				76538094243D4B33000AD9A1 /* FeedNotification+CoreDataProperties.swift in Sources */,
				76538097243D4B33000AD9A1 /* FeedPostMedia+CoreDataProperties.swift in Sources */,
				76A9244B244EC49000794859 /* UIView.swift in Sources */,
				EA8D4721233C25B8006E2BA5 /* Verify.swift in Sources */,
				76DFA00524195F2400F49CA4 /* XMPPContactSyncRequest.swift in Sources */,
				EA56404E233D373800E68A7E /* Verification.swift in Sources */,
				EAD476D324588E0000EF8591 /* ChatMediaSlider.swift in Sources */,
				761905A32459EB07008FC600 /* InputTextView.swift in Sources */,
				EA4AAEA023C7B77000D7EB15 /* ImageServer.swift in Sources */,
				EA3861ED23342C7C00705943 /* Login.swift in Sources */,
				763B42AC243274F400FF0E82 /* FeedTableViewController.swift in Sources */,
				76538095243D4B33000AD9A1 /* FeedPostMedia+CoreDataClass.swift in Sources */,
				EAD476F92458F9FE00EF8591 /* ChatMessageMedia.swift in Sources */,
				76DF9FF924132C1600F49CA4 /* AppContext.swift in Sources */,
				76538099243D4C08000AD9A1 /* FeedDownloadManager.swift in Sources */,
				761B3962241D9C4D00858251 /* SyncSession.swift in Sources */,
				EA45713F23EB7F76008C2E44 /* WMediaSlider.swift in Sources */,
				761C6161242D2AE50028AE19 /* DeveloperMenuView.swift in Sources */,
				EA0D20092363AD74008B8289 /* AuthRouter.swift in Sources */,
				EAD476F32458F03700EF8591 /* ChatMedia+CoreDataProperties.swift in Sources */,
				EAC84CEA2422E05700A5AAEF /* XMPPFeedRequests.swift in Sources */,
				EA45713323EB7DB3008C2E44 /* FeedMedia.swift in Sources */,
				EAD476F52458F03700EF8591 /* ChatThread+CoreDataProperties.swift in Sources */,
				762EDBDB244E344300986617 /* UIFont.swift in Sources */,
				EA45713723EB7DF5008C2E44 /* UserCore.swift in Sources */,
				766492232450DDB9009BC368 /* BadgedButton.swift in Sources */,
				EAB03B7F2400519400643EB6 /* WAVPlayer.swift in Sources */,
				EAF4F736237DEC2C006885F0 /* YPPicker.swift in Sources */,
				EA3585732450BE2900E6E8AB /* ChatData.swift in Sources */,
				EAD476F22458F03700EF8591 /* ChatMedia+CoreDataClass.swift in Sources */,
				EA0D20072363AC4D008B8289 /* Landing.swift in Sources */,
				EA45712F23EB7D94008C2E44 /* FeedDataItem.swift in Sources */,
				EA0D20152368B04B008B8289 /* FeedData.swift in Sources */,
				EAD476D02457B09600EF8591 /* MessageComposerView.swift in Sources */,
				EA0C315723EB97C800016EDB /* PostComposerView.swift in Sources */,
				EA45713923EB7EC8008C2E44 /* MediaCell.swift in Sources */,
				76DF9FED24122EF900F49CA4 /* Feed.xcdatamodeld in Sources */,
				146B93792405F40500768AC6 /* Font.swift in Sources */,
				761B3954241C38A300858251 /* XMPPCommonRequests.swift in Sources */,
				EA12006924209903008BFFAD /* VideoUtils.swift in Sources */,
				76B95CDE24295AB5007435AC /* CommentView.swift in Sources */,
				EA35857D2450BE3300E6E8AB /* ChatUserView.swift in Sources */,
				EABF312B23EE20E10039B5A6 /* UIImage.swift in Sources */,
				76DF9FF62412E6E700F49CA4 /* ContactStore.swift in Sources */,
				766492252450E04D009BC368 /* BadgeView.swift in Sources */,
				EAD476F42458F03700EF8591 /* ChatThread+CoreDataClass.swift in Sources */,
				76538093243D4B33000AD9A1 /* FeedPost+CoreDataProperties.swift in Sources */,
				76538090243D4B33000AD9A1 /* FeedPost+CoreDataClass.swift in Sources */,
				76A92444244E659600794859 /* FeedViewController.swift in Sources */,
				762EDBDD244E5A7800986617 /* HomeView.swift in Sources */,
				EAC4AF23233E8DAB00739B2B /* ImageLoader.swift in Sources */,
				EABF312623EE1F240039B5A6 /* Array.swift in Sources */,
				EA35857C2450BE3300E6E8AB /* ChatView.swift in Sources */,
				76649227245119F2009BC368 /* FeedNotifications.swift in Sources */,
				EA454B64234E769F002B960D /* ProfileViewController.swift in Sources */,
				EA35857A2450BE3300E6E8AB /* ChatInputView.swift in Sources */,
				76C69E482447E3B100338D4C /* Data.swift in Sources */,
				76A92449244EBCB600794859 /* ShapeView.swift in Sources */,
				763B42AE2435A74E00FF0E82 /* Date.swift in Sources */,
				761B395F241D91C000858251 /* ABContact+CoreDataProperties.swift in Sources */,
				76C69E4D2447E6D500338D4C /* UIApplication.swift in Sources */,
				EA3585792450BE3300E6E8AB /* ChatViewController.swift in Sources */,
				764A0E6524453FC900E1BDCE /* NotificationsViewController.swift in Sources */,
				EAD476F72458F03700EF8591 /* ChatMessage+CoreDataProperties.swift in Sources */,
			);
			runOnlyForDeploymentPostprocessing = 0;
		};
		EAF3A1D12334192000805FF9 /* Sources */ = {
			isa = PBXSourcesBuildPhase;
			buildActionMask = 2147483647;
			files = (
				EAF3A1DA2334192000805FF9 /* HalloappTests.swift in Sources */,
			);
			runOnlyForDeploymentPostprocessing = 0;
		};
		EAF3A1DC2334192000805FF9 /* Sources */ = {
			isa = PBXSourcesBuildPhase;
			buildActionMask = 2147483647;
			files = (
				EAF3A1E52334192000805FF9 /* HalloappUITests.swift in Sources */,
			);
			runOnlyForDeploymentPostprocessing = 0;
		};
/* End PBXSourcesBuildPhase section */

/* Begin PBXTargetDependency section */
		EAF3A1D72334192000805FF9 /* PBXTargetDependency */ = {
			isa = PBXTargetDependency;
			target = EAF3A1BE2334191E00805FF9 /* HalloApp */;
			targetProxy = EAF3A1D62334192000805FF9 /* PBXContainerItemProxy */;
		};
		EAF3A1E22334192000805FF9 /* PBXTargetDependency */ = {
			isa = PBXTargetDependency;
			target = EAF3A1BE2334191E00805FF9 /* HalloApp */;
			targetProxy = EAF3A1E12334192000805FF9 /* PBXContainerItemProxy */;
		};
/* End PBXTargetDependency section */

/* Begin PBXVariantGroup section */
		EAF3A1CD2334192000805FF9 /* LaunchScreen.storyboard */ = {
			isa = PBXVariantGroup;
			children = (
				EAF3A1CE2334192000805FF9 /* Base */,
			);
			name = LaunchScreen.storyboard;
			sourceTree = "<group>";
		};
/* End PBXVariantGroup section */

/* Begin XCBuildConfiguration section */
		EAF3A1E72334192000805FF9 /* Debug */ = {
			isa = XCBuildConfiguration;
			buildSettings = {
				ALWAYS_SEARCH_USER_PATHS = NO;
				CLANG_ANALYZER_NONNULL = YES;
				CLANG_ANALYZER_NUMBER_OBJECT_CONVERSION = YES_AGGRESSIVE;
				CLANG_CXX_LANGUAGE_STANDARD = "gnu++14";
				CLANG_CXX_LIBRARY = "libc++";
				CLANG_ENABLE_MODULES = YES;
				CLANG_ENABLE_OBJC_ARC = YES;
				CLANG_ENABLE_OBJC_WEAK = YES;
				CLANG_WARN_BLOCK_CAPTURE_AUTORELEASING = YES;
				CLANG_WARN_BOOL_CONVERSION = YES;
				CLANG_WARN_COMMA = YES;
				CLANG_WARN_CONSTANT_CONVERSION = YES;
				CLANG_WARN_DEPRECATED_OBJC_IMPLEMENTATIONS = YES;
				CLANG_WARN_DIRECT_OBJC_ISA_USAGE = YES_ERROR;
				CLANG_WARN_DOCUMENTATION_COMMENTS = YES;
				CLANG_WARN_EMPTY_BODY = YES;
				CLANG_WARN_ENUM_CONVERSION = YES;
				CLANG_WARN_INFINITE_RECURSION = YES;
				CLANG_WARN_INT_CONVERSION = YES;
				CLANG_WARN_NON_LITERAL_NULL_CONVERSION = YES;
				CLANG_WARN_OBJC_IMPLICIT_RETAIN_SELF = YES;
				CLANG_WARN_OBJC_LITERAL_CONVERSION = YES;
				CLANG_WARN_OBJC_ROOT_CLASS = YES_ERROR;
				CLANG_WARN_RANGE_LOOP_ANALYSIS = YES;
				CLANG_WARN_STRICT_PROTOTYPES = YES;
				CLANG_WARN_SUSPICIOUS_MOVE = YES;
				CLANG_WARN_UNGUARDED_AVAILABILITY = YES_AGGRESSIVE;
				CLANG_WARN_UNREACHABLE_CODE = YES;
				CLANG_WARN__DUPLICATE_METHOD_MATCH = YES;
				COPY_PHASE_STRIP = NO;
				DEBUG_INFORMATION_FORMAT = dwarf;
				ENABLE_STRICT_OBJC_MSGSEND = YES;
				ENABLE_TESTABILITY = YES;
				GCC_C_LANGUAGE_STANDARD = gnu11;
				GCC_DYNAMIC_NO_PIC = NO;
				GCC_NO_COMMON_BLOCKS = YES;
				GCC_OPTIMIZATION_LEVEL = 0;
				GCC_PREPROCESSOR_DEFINITIONS = (
					"DEBUG=1",
					"$(inherited)",
				);
				GCC_WARN_64_TO_32_BIT_CONVERSION = YES;
				GCC_WARN_ABOUT_RETURN_TYPE = YES_ERROR;
				GCC_WARN_UNDECLARED_SELECTOR = YES;
				GCC_WARN_UNINITIALIZED_AUTOS = YES_AGGRESSIVE;
				GCC_WARN_UNUSED_FUNCTION = YES;
				GCC_WARN_UNUSED_VARIABLE = YES;
				IPHONEOS_DEPLOYMENT_TARGET = 13.0;
				MTL_ENABLE_DEBUG_INFO = INCLUDE_SOURCE;
				MTL_FAST_MATH = YES;
				ONLY_ACTIVE_ARCH = YES;
				SDKROOT = iphoneos;
				SWIFT_ACTIVE_COMPILATION_CONDITIONS = DEBUG;
				SWIFT_OPTIMIZATION_LEVEL = "-Onone";
				VERSIONING_SYSTEM = "apple-generic";
			};
			name = Debug;
		};
		EAF3A1E82334192000805FF9 /* Release */ = {
			isa = XCBuildConfiguration;
			buildSettings = {
				ALWAYS_SEARCH_USER_PATHS = NO;
				CLANG_ANALYZER_NONNULL = YES;
				CLANG_ANALYZER_NUMBER_OBJECT_CONVERSION = YES_AGGRESSIVE;
				CLANG_CXX_LANGUAGE_STANDARD = "gnu++14";
				CLANG_CXX_LIBRARY = "libc++";
				CLANG_ENABLE_MODULES = YES;
				CLANG_ENABLE_OBJC_ARC = YES;
				CLANG_ENABLE_OBJC_WEAK = YES;
				CLANG_WARN_BLOCK_CAPTURE_AUTORELEASING = YES;
				CLANG_WARN_BOOL_CONVERSION = YES;
				CLANG_WARN_COMMA = YES;
				CLANG_WARN_CONSTANT_CONVERSION = YES;
				CLANG_WARN_DEPRECATED_OBJC_IMPLEMENTATIONS = YES;
				CLANG_WARN_DIRECT_OBJC_ISA_USAGE = YES_ERROR;
				CLANG_WARN_DOCUMENTATION_COMMENTS = YES;
				CLANG_WARN_EMPTY_BODY = YES;
				CLANG_WARN_ENUM_CONVERSION = YES;
				CLANG_WARN_INFINITE_RECURSION = YES;
				CLANG_WARN_INT_CONVERSION = YES;
				CLANG_WARN_NON_LITERAL_NULL_CONVERSION = YES;
				CLANG_WARN_OBJC_IMPLICIT_RETAIN_SELF = YES;
				CLANG_WARN_OBJC_LITERAL_CONVERSION = YES;
				CLANG_WARN_OBJC_ROOT_CLASS = YES_ERROR;
				CLANG_WARN_RANGE_LOOP_ANALYSIS = YES;
				CLANG_WARN_STRICT_PROTOTYPES = YES;
				CLANG_WARN_SUSPICIOUS_MOVE = YES;
				CLANG_WARN_UNGUARDED_AVAILABILITY = YES_AGGRESSIVE;
				CLANG_WARN_UNREACHABLE_CODE = YES;
				CLANG_WARN__DUPLICATE_METHOD_MATCH = YES;
				COPY_PHASE_STRIP = NO;
				DEBUG_INFORMATION_FORMAT = "dwarf-with-dsym";
				ENABLE_NS_ASSERTIONS = NO;
				ENABLE_STRICT_OBJC_MSGSEND = YES;
				GCC_C_LANGUAGE_STANDARD = gnu11;
				GCC_NO_COMMON_BLOCKS = YES;
				GCC_WARN_64_TO_32_BIT_CONVERSION = YES;
				GCC_WARN_ABOUT_RETURN_TYPE = YES_ERROR;
				GCC_WARN_UNDECLARED_SELECTOR = YES;
				GCC_WARN_UNINITIALIZED_AUTOS = YES_AGGRESSIVE;
				GCC_WARN_UNUSED_FUNCTION = YES;
				GCC_WARN_UNUSED_VARIABLE = YES;
				IPHONEOS_DEPLOYMENT_TARGET = 13.0;
				MTL_ENABLE_DEBUG_INFO = NO;
				MTL_FAST_MATH = YES;
				SDKROOT = iphoneos;
				SWIFT_COMPILATION_MODE = wholemodule;
				SWIFT_OPTIMIZATION_LEVEL = "-O";
				VALIDATE_PRODUCT = YES;
				VERSIONING_SYSTEM = "apple-generic";
			};
			name = Release;
		};
		EAF3A1EA2334192000805FF9 /* Debug */ = {
			isa = XCBuildConfiguration;
			baseConfigurationReference = 8339060CD4B90E0C534CA418 /* Pods-HalloApp.debug.xcconfig */;
			buildSettings = {
				ASSETCATALOG_COMPILER_APPICON_NAME = AppIcon;
				CODE_SIGN_ENTITLEMENTS = Halloapp/Halloapp.entitlements;
				CODE_SIGN_STYLE = Automatic;
				CURRENT_PROJECT_VERSION = 12;
				DEVELOPMENT_ASSET_PATHS = "\"Halloapp/Preview Content\"";
				DEVELOPMENT_TEAM = 5M78D698HF;
				ENABLE_PREVIEWS = YES;
				INFOPLIST_FILE = Halloapp/Info.plist;
				IPHONEOS_DEPLOYMENT_TARGET = 13.0;
				LD_RUNPATH_SEARCH_PATHS = (
					"$(inherited)",
					"@executable_path/Frameworks",
				);
				MARKETING_VERSION = 0.2;
				PRODUCT_BUNDLE_IDENTIFIER = com.halloapp.hallo;
				PRODUCT_NAME = HalloApp;
				SWIFT_VERSION = 5.0;
				TARGETED_DEVICE_FAMILY = 1;
			};
			name = Debug;
		};
		EAF3A1EB2334192000805FF9 /* Release */ = {
			isa = XCBuildConfiguration;
			baseConfigurationReference = 19EEB8C1053B72CEAD800A0C /* Pods-HalloApp.release.xcconfig */;
			buildSettings = {
				ASSETCATALOG_COMPILER_APPICON_NAME = AppIcon;
				CODE_SIGN_ENTITLEMENTS = Halloapp/Halloapp.entitlements;
				CODE_SIGN_STYLE = Automatic;
				CURRENT_PROJECT_VERSION = 12;
				DEVELOPMENT_ASSET_PATHS = "\"Halloapp/Preview Content\"";
				DEVELOPMENT_TEAM = 5M78D698HF;
				ENABLE_PREVIEWS = YES;
				INFOPLIST_FILE = Halloapp/Info.plist;
				IPHONEOS_DEPLOYMENT_TARGET = 13.0;
				LD_RUNPATH_SEARCH_PATHS = (
					"$(inherited)",
					"@executable_path/Frameworks",
				);
				MARKETING_VERSION = 0.2;
				PRODUCT_BUNDLE_IDENTIFIER = com.halloapp.hallo;
				PRODUCT_NAME = HalloApp;
				SWIFT_VERSION = 5.0;
				TARGETED_DEVICE_FAMILY = 1;
			};
			name = Release;
		};
		EAF3A1ED2334192000805FF9 /* Debug */ = {
			isa = XCBuildConfiguration;
			buildSettings = {
				ALWAYS_EMBED_SWIFT_STANDARD_LIBRARIES = YES;
				BUNDLE_LOADER = "$(TEST_HOST)";
				CODE_SIGN_STYLE = Automatic;
				INFOPLIST_FILE = HalloappTests/Info.plist;
				IPHONEOS_DEPLOYMENT_TARGET = 13.0;
				LD_RUNPATH_SEARCH_PATHS = (
					"$(inherited)",
					"@executable_path/Frameworks",
					"@loader_path/Frameworks",
				);
				PRODUCT_BUNDLE_IDENTIFIER = com.halloapp.HalloappTests;
				PRODUCT_NAME = "$(TARGET_NAME)";
				SWIFT_VERSION = 5.0;
				TARGETED_DEVICE_FAMILY = "1,2";
				TEST_HOST = "$(BUILT_PRODUCTS_DIR)/HalloApp.app/HalloApp";
			};
			name = Debug;
		};
		EAF3A1EE2334192000805FF9 /* Release */ = {
			isa = XCBuildConfiguration;
			buildSettings = {
				ALWAYS_EMBED_SWIFT_STANDARD_LIBRARIES = YES;
				BUNDLE_LOADER = "$(TEST_HOST)";
				CODE_SIGN_STYLE = Automatic;
				INFOPLIST_FILE = HalloappTests/Info.plist;
				IPHONEOS_DEPLOYMENT_TARGET = 13.0;
				LD_RUNPATH_SEARCH_PATHS = (
					"$(inherited)",
					"@executable_path/Frameworks",
					"@loader_path/Frameworks",
				);
				PRODUCT_BUNDLE_IDENTIFIER = com.halloapp.HalloappTests;
				PRODUCT_NAME = "$(TARGET_NAME)";
				SWIFT_VERSION = 5.0;
				TARGETED_DEVICE_FAMILY = "1,2";
				TEST_HOST = "$(BUILT_PRODUCTS_DIR)/HalloApp.app/HalloApp";
			};
			name = Release;
		};
		EAF3A1F02334192000805FF9 /* Debug */ = {
			isa = XCBuildConfiguration;
			buildSettings = {
				ALWAYS_EMBED_SWIFT_STANDARD_LIBRARIES = YES;
				CODE_SIGN_STYLE = Automatic;
				INFOPLIST_FILE = HalloappUITests/Info.plist;
				LD_RUNPATH_SEARCH_PATHS = (
					"$(inherited)",
					"@executable_path/Frameworks",
					"@loader_path/Frameworks",
				);
				PRODUCT_BUNDLE_IDENTIFIER = com.halloapp.HalloappUITests;
				PRODUCT_NAME = "$(TARGET_NAME)";
				SWIFT_VERSION = 5.0;
				TARGETED_DEVICE_FAMILY = "1,2";
				TEST_TARGET_NAME = Halloapp;
			};
			name = Debug;
		};
		EAF3A1F12334192000805FF9 /* Release */ = {
			isa = XCBuildConfiguration;
			buildSettings = {
				ALWAYS_EMBED_SWIFT_STANDARD_LIBRARIES = YES;
				CODE_SIGN_STYLE = Automatic;
				INFOPLIST_FILE = HalloappUITests/Info.plist;
				LD_RUNPATH_SEARCH_PATHS = (
					"$(inherited)",
					"@executable_path/Frameworks",
					"@loader_path/Frameworks",
				);
				PRODUCT_BUNDLE_IDENTIFIER = com.halloapp.HalloappUITests;
				PRODUCT_NAME = "$(TARGET_NAME)";
				SWIFT_VERSION = 5.0;
				TARGETED_DEVICE_FAMILY = "1,2";
				TEST_TARGET_NAME = Halloapp;
			};
			name = Release;
		};
/* End XCBuildConfiguration section */

/* Begin XCConfigurationList section */
		EAF3A1BA2334191E00805FF9 /* Build configuration list for PBXProject "HalloApp" */ = {
			isa = XCConfigurationList;
			buildConfigurations = (
				EAF3A1E72334192000805FF9 /* Debug */,
				EAF3A1E82334192000805FF9 /* Release */,
			);
			defaultConfigurationIsVisible = 0;
			defaultConfigurationName = Release;
		};
		EAF3A1E92334192000805FF9 /* Build configuration list for PBXNativeTarget "HalloApp" */ = {
			isa = XCConfigurationList;
			buildConfigurations = (
				EAF3A1EA2334192000805FF9 /* Debug */,
				EAF3A1EB2334192000805FF9 /* Release */,
			);
			defaultConfigurationIsVisible = 0;
			defaultConfigurationName = Release;
		};
		EAF3A1EC2334192000805FF9 /* Build configuration list for PBXNativeTarget "HalloAppTests" */ = {
			isa = XCConfigurationList;
			buildConfigurations = (
				EAF3A1ED2334192000805FF9 /* Debug */,
				EAF3A1EE2334192000805FF9 /* Release */,
			);
			defaultConfigurationIsVisible = 0;
			defaultConfigurationName = Release;
		};
		EAF3A1EF2334192000805FF9 /* Build configuration list for PBXNativeTarget "HalloAppUITests" */ = {
			isa = XCConfigurationList;
			buildConfigurations = (
				EAF3A1F02334192000805FF9 /* Debug */,
				EAF3A1F12334192000805FF9 /* Release */,
			);
			defaultConfigurationIsVisible = 0;
			defaultConfigurationName = Release;
		};
/* End XCConfigurationList section */

/* Begin XCVersionGroup section */
		76DF9FEB24122EF900F49CA4 /* Feed.xcdatamodeld */ = {
			isa = XCVersionGroup;
			children = (
				76DF9FEC24122EF900F49CA4 /* Feed.xcdatamodel */,
			);
			currentVersion = 76DF9FEC24122EF900F49CA4 /* Feed.xcdatamodel */;
			path = Feed.xcdatamodeld;
			sourceTree = "<group>";
			versionGroupType = wrapper.xcdatamodel;
		};
		76DF9FEE2412A4E800F49CA4 /* Contacts.xcdatamodeld */ = {
			isa = XCVersionGroup;
			children = (
				76DF9FEF2412A4E800F49CA4 /* Contacts.xcdatamodel */,
			);
			currentVersion = 76DF9FEF2412A4E800F49CA4 /* Contacts.xcdatamodel */;
			path = Contacts.xcdatamodeld;
			sourceTree = "<group>";
			versionGroupType = wrapper.xcdatamodel;
		};
		EA35856C2450BE2900E6E8AB /* Chat.xcdatamodeld */ = {
			isa = XCVersionGroup;
			children = (
				EA35856D2450BE2900E6E8AB /* Chat.xcdatamodel */,
			);
			currentVersion = EA35856D2450BE2900E6E8AB /* Chat.xcdatamodel */;
			path = Chat.xcdatamodeld;
			sourceTree = "<group>";
			versionGroupType = wrapper.xcdatamodel;
		};
		EAE6152D23970FDC00BB4552 /* Halloapp.xcdatamodeld */ = {
			isa = XCVersionGroup;
			children = (
				EAE6152E23970FDC00BB4552 /* Halloapp.xcdatamodel */,
			);
			currentVersion = EAE6152E23970FDC00BB4552 /* Halloapp.xcdatamodel */;
			path = Halloapp.xcdatamodeld;
			sourceTree = "<group>";
			versionGroupType = wrapper.xcdatamodel;
		};
/* End XCVersionGroup section */
	};
	rootObject = EAF3A1B72334191E00805FF9 /* Project object */;
}
